// !$*UTF8*$!
{
	archiveVersion = 1;
	classes = {
	};
	objectVersion = 46;
	objects = {

/* Begin PBXBuildFile section */
		1515286C150EA05F00218507 /* GC_UIImage+Extras.m in Sources */ = {isa = PBXBuildFile; fileRef = 151527D8150EA05F00218507 /* GC_UIImage+Extras.m */; };
		1515286D150EA05F00218507 /* GCAssetUploader.m in Sources */ = {isa = PBXBuildFile; fileRef = 151527DC150EA05F00218507 /* GCAssetUploader.m */; };
		1515286E150EA05F00218507 /* GCError.m in Sources */ = {isa = PBXBuildFile; fileRef = 151527DE150EA05F00218507 /* GCError.m */; };
		1515286F150EA05F00218507 /* GCRequest.m in Sources */ = {isa = PBXBuildFile; fileRef = 151527E1150EA05F00218507 /* GCRequest.m */; };
		15152870150EA05F00218507 /* GCResource.m in Sources */ = {isa = PBXBuildFile; fileRef = 151527E3150EA05F00218507 /* GCResource.m */; };
		15152871150EA05F00218507 /* GCResponse.m in Sources */ = {isa = PBXBuildFile; fileRef = 151527E5150EA05F00218507 /* GCResponse.m */; };
		15152872150EA05F00218507 /* GCUploader.m in Sources */ = {isa = PBXBuildFile; fileRef = 151527E7150EA05F00218507 /* GCUploader.m */; };
		15152873150EA05F00218507 /* GCAccount.m in Sources */ = {isa = PBXBuildFile; fileRef = 151527EA150EA05F00218507 /* GCAccount.m */; };
		15152874150EA05F00218507 /* GCAsset.m in Sources */ = {isa = PBXBuildFile; fileRef = 151527EC150EA05F00218507 /* GCAsset.m */; };
		15152875150EA05F00218507 /* GCChute.m in Sources */ = {isa = PBXBuildFile; fileRef = 151527EE150EA05F00218507 /* GCChute.m */; };
		15152876150EA05F00218507 /* GCComment.m in Sources */ = {isa = PBXBuildFile; fileRef = 151527F0150EA05F00218507 /* GCComment.m */; };
		15152877150EA05F00218507 /* GCInvite.m in Sources */ = {isa = PBXBuildFile; fileRef = 151527F2150EA05F00218507 /* GCInvite.m */; };
		15152878150EA05F00218507 /* GCParcel.m in Sources */ = {isa = PBXBuildFile; fileRef = 151527F4150EA05F00218507 /* GCParcel.m */; };
		15152879150EA05F00218507 /* GCUser.m in Sources */ = {isa = PBXBuildFile; fileRef = 151527F6150EA05F00218507 /* GCUser.m */; };
		1515287A150EA05F00218507 /* GCDateFilteredUploadPicker.m in Sources */ = {isa = PBXBuildFile; fileRef = 151527F9150EA05F00218507 /* GCDateFilteredUploadPicker.m */; };
		1515287B150EA05F00218507 /* GCEventEmailComponent.m in Sources */ = {isa = PBXBuildFile; fileRef = 151527FB150EA05F00218507 /* GCEventEmailComponent.m */; };
		1515287C150EA05F00218507 /* GCLoginViewController.m in Sources */ = {isa = PBXBuildFile; fileRef = 151527FD150EA05F00218507 /* GCLoginViewController.m */; };
		1515287D150EA05F00218507 /* GCUIBaseViewController.m in Sources */ = {isa = PBXBuildFile; fileRef = 151527FF150EA05F00218507 /* GCUIBaseViewController.m */; };
		1515287E150EA05F00218507 /* GCDateFilteredUploadPicker.xib in Resources */ = {isa = PBXBuildFile; fileRef = 15152805150EA05F00218507 /* GCDateFilteredUploadPicker.xib */; };
		1515287F150EA05F00218507 /* GCLoginViewController.xib in Resources */ = {isa = PBXBuildFile; fileRef = 15152806150EA05F00218507 /* GCLoginViewController.xib */; };
		15152880150EA05F00218507 /* ASIAuthenticationDialog.m in Sources */ = {isa = PBXBuildFile; fileRef = 1515280A150EA05F00218507 /* ASIAuthenticationDialog.m */; };
		15152881150EA05F00218507 /* ASIDataCompressor.m in Sources */ = {isa = PBXBuildFile; fileRef = 1515280D150EA05F00218507 /* ASIDataCompressor.m */; };
		15152882150EA05F00218507 /* ASIDataDecompressor.m in Sources */ = {isa = PBXBuildFile; fileRef = 1515280F150EA05F00218507 /* ASIDataDecompressor.m */; };
		15152883150EA05F00218507 /* ASIDownloadCache.m in Sources */ = {isa = PBXBuildFile; fileRef = 15152811150EA05F00218507 /* ASIDownloadCache.m */; };
		15152884150EA05F00218507 /* ASIFormDataRequest.m in Sources */ = {isa = PBXBuildFile; fileRef = 15152813150EA05F00218507 /* ASIFormDataRequest.m */; };
		15152885150EA05F00218507 /* ASIHTTPRequest.m in Sources */ = {isa = PBXBuildFile; fileRef = 15152815150EA05F00218507 /* ASIHTTPRequest.m */; };
		15152886150EA05F00218507 /* ASIInputStream.m in Sources */ = {isa = PBXBuildFile; fileRef = 15152819150EA05F00218507 /* ASIInputStream.m */; };
		15152887150EA05F00218507 /* ASINetworkQueue.m in Sources */ = {isa = PBXBuildFile; fileRef = 1515281B150EA05F00218507 /* ASINetworkQueue.m */; };
		15152888150EA05F00218507 /* Reachability.m in Sources */ = {isa = PBXBuildFile; fileRef = 1515281F150EA05F00218507 /* Reachability.m */; };
		15152889150EA05F00218507 /* NSData+Base64.m in Sources */ = {isa = PBXBuildFile; fileRef = 15152822150EA05F00218507 /* NSData+Base64.m */; };
		1515288A150EA05F00218507 /* NSDictionary+QueryString.m in Sources */ = {isa = PBXBuildFile; fileRef = 15152824150EA05F00218507 /* NSDictionary+QueryString.m */; };
		1515288B150EA05F00218507 /* NSString+QueryString.m in Sources */ = {isa = PBXBuildFile; fileRef = 15152826150EA05F00218507 /* NSString+QueryString.m */; };
		1515288C150EA05F00218507 /* NSObject+KVOBlockBinding.m in Sources */ = {isa = PBXBuildFile; fileRef = 15152829150EA05F00218507 /* NSObject+KVOBlockBinding.m */; };
		1515288D150EA05F00218507 /* KeychainItemWrapper.m in Sources */ = {isa = PBXBuildFile; fileRef = 1515282C150EA05F00218507 /* KeychainItemWrapper.m */; };
		1515288E150EA05F00218507 /* MBProgressHUD.m in Sources */ = {isa = PBXBuildFile; fileRef = 1515282F150EA05F00218507 /* MBProgressHUD.m */; };
		1515288F150EA05F00218507 /* NSObject+SBJson.m in Sources */ = {isa = PBXBuildFile; fileRef = 15152833150EA05F00218507 /* NSObject+SBJson.m */; };
		15152890150EA05F00218507 /* SBJsonParser.m in Sources */ = {isa = PBXBuildFile; fileRef = 15152836150EA05F00218507 /* SBJsonParser.m */; };
		15152891150EA05F00218507 /* SBJsonStreamParser.m in Sources */ = {isa = PBXBuildFile; fileRef = 15152838150EA05F00218507 /* SBJsonStreamParser.m */; };
		15152892150EA05F00218507 /* SBJsonStreamParserAccumulator.m in Sources */ = {isa = PBXBuildFile; fileRef = 1515283A150EA05F00218507 /* SBJsonStreamParserAccumulator.m */; };
		15152893150EA05F00218507 /* SBJsonStreamParserAdapter.m in Sources */ = {isa = PBXBuildFile; fileRef = 1515283C150EA05F00218507 /* SBJsonStreamParserAdapter.m */; };
		15152894150EA05F00218507 /* SBJsonStreamParserState.m in Sources */ = {isa = PBXBuildFile; fileRef = 1515283E150EA05F00218507 /* SBJsonStreamParserState.m */; };
		15152895150EA05F00218507 /* SBJsonStreamWriter.m in Sources */ = {isa = PBXBuildFile; fileRef = 15152840150EA05F00218507 /* SBJsonStreamWriter.m */; };
		15152896150EA05F00218507 /* SBJsonStreamWriterAccumulator.m in Sources */ = {isa = PBXBuildFile; fileRef = 15152842150EA05F00218507 /* SBJsonStreamWriterAccumulator.m */; };
		15152897150EA05F00218507 /* SBJsonStreamWriterState.m in Sources */ = {isa = PBXBuildFile; fileRef = 15152844150EA05F00218507 /* SBJsonStreamWriterState.m */; };
		15152898150EA05F00218507 /* SBJsonTokeniser.m in Sources */ = {isa = PBXBuildFile; fileRef = 15152846150EA05F00218507 /* SBJsonTokeniser.m */; };
		15152899150EA05F00218507 /* SBJsonUTF8Stream.m in Sources */ = {isa = PBXBuildFile; fileRef = 15152848150EA05F00218507 /* SBJsonUTF8Stream.m */; };
		1515289A150EA05F00218507 /* SBJsonWriter.m in Sources */ = {isa = PBXBuildFile; fileRef = 1515284A150EA05F00218507 /* SBJsonWriter.m */; };
		1515289B150EA05F00218507 /* LICENSE in Resources */ = {isa = PBXBuildFile; fileRef = 1515284C150EA05F00218507 /* LICENSE */; };
		1515289C150EA05F00218507 /* README.md in Resources */ = {isa = PBXBuildFile; fileRef = 1515284D150EA05F00218507 /* README.md */; };
		1515289D150EA05F00218507 /* SDImageCache.m in Sources */ = {isa = PBXBuildFile; fileRef = 1515284F150EA05F00218507 /* SDImageCache.m */; };
		1515289E150EA05F00218507 /* SDWebImageDecoder.m in Sources */ = {isa = PBXBuildFile; fileRef = 15152853150EA05F00218507 /* SDWebImageDecoder.m */; };
		1515289F150EA05F00218507 /* SDWebImageDownloader.m in Sources */ = {isa = PBXBuildFile; fileRef = 15152855150EA05F00218507 /* SDWebImageDownloader.m */; };
		151528A0150EA05F00218507 /* SDWebImageManager.m in Sources */ = {isa = PBXBuildFile; fileRef = 15152858150EA05F00218507 /* SDWebImageManager.m */; };
		151528A1150EA05F00218507 /* SDWebImagePrefetcher.m in Sources */ = {isa = PBXBuildFile; fileRef = 1515285B150EA05F00218507 /* SDWebImagePrefetcher.m */; };
		151528A2150EA05F00218507 /* UIButton+WebCache.m in Sources */ = {isa = PBXBuildFile; fileRef = 1515285D150EA05F00218507 /* UIButton+WebCache.m */; };
		151528A3150EA05F00218507 /* UIImageView+WebCache.m in Sources */ = {isa = PBXBuildFile; fileRef = 1515285F150EA05F00218507 /* UIImageView+WebCache.m */; };
		151528A4150EA05F00218507 /* PhotoPickerPlus.m in Sources */ = {isa = PBXBuildFile; fileRef = 15152862150EA05F00218507 /* PhotoPickerPlus.m */; };
		151528A7150EA05F00218507 /* facebook.png in Resources */ = {isa = PBXBuildFile; fileRef = 15152866150EA05F00218507 /* facebook.png */; };
		151528A8150EA05F00218507 /* flickr.png in Resources */ = {isa = PBXBuildFile; fileRef = 15152867150EA05F00218507 /* flickr.png */; };
		151528A9150EA05F00218507 /* instagram.png in Resources */ = {isa = PBXBuildFile; fileRef = 15152868150EA05F00218507 /* instagram.png */; };
		151528AA150EA05F00218507 /* picasa.png in Resources */ = {isa = PBXBuildFile; fileRef = 15152869150EA05F00218507 /* picasa.png */; };
		151528AB150EA05F00218507 /* selectionIndicator.png in Resources */ = {isa = PBXBuildFile; fileRef = 1515286A150EA05F00218507 /* selectionIndicator.png */; };
		151528AC150EA05F00218507 /* selectionIndicator@2x.png in Resources */ = {isa = PBXBuildFile; fileRef = 1515286B150EA05F00218507 /* selectionIndicator@2x.png */; };
		1562856E14E8D6EC00FC2F4C /* UIKit.framework in Frameworks */ = {isa = PBXBuildFile; fileRef = 1562856D14E8D6EC00FC2F4C /* UIKit.framework */; };
		1562857014E8D6EC00FC2F4C /* Foundation.framework in Frameworks */ = {isa = PBXBuildFile; fileRef = 1562856F14E8D6EC00FC2F4C /* Foundation.framework */; };
		1562857214E8D6EC00FC2F4C /* CoreGraphics.framework in Frameworks */ = {isa = PBXBuildFile; fileRef = 1562857114E8D6EC00FC2F4C /* CoreGraphics.framework */; };
		1562857814E8D6EC00FC2F4C /* InfoPlist.strings in Resources */ = {isa = PBXBuildFile; fileRef = 1562857614E8D6EC00FC2F4C /* InfoPlist.strings */; };
		1562857A14E8D6EC00FC2F4C /* main.m in Sources */ = {isa = PBXBuildFile; fileRef = 1562857914E8D6EC00FC2F4C /* main.m */; };
		1562857E14E8D6EC00FC2F4C /* AppDelegate.m in Sources */ = {isa = PBXBuildFile; fileRef = 1562857D14E8D6EC00FC2F4C /* AppDelegate.m */; };
		1562858114E8D6EC00FC2F4C /* ViewController.m in Sources */ = {isa = PBXBuildFile; fileRef = 1562858014E8D6EC00FC2F4C /* ViewController.m */; };
		1562858414E8D6EC00FC2F4C /* ViewController.xib in Resources */ = {isa = PBXBuildFile; fileRef = 1562858214E8D6EC00FC2F4C /* ViewController.xib */; };
		1562866614E8D79600FC2F4C /* AssetsLibrary.framework in Frameworks */ = {isa = PBXBuildFile; fileRef = 1562865E14E8D79600FC2F4C /* AssetsLibrary.framework */; };
		1562866714E8D79600FC2F4C /* CFNetwork.framework in Frameworks */ = {isa = PBXBuildFile; fileRef = 1562865F14E8D79600FC2F4C /* CFNetwork.framework */; };
		1562866814E8D79600FC2F4C /* EventKit.framework in Frameworks */ = {isa = PBXBuildFile; fileRef = 1562866014E8D79600FC2F4C /* EventKit.framework */; };
		1562866914E8D79600FC2F4C /* libz.dylib in Frameworks */ = {isa = PBXBuildFile; fileRef = 1562866114E8D79600FC2F4C /* libz.dylib */; };
		1562866A14E8D79600FC2F4C /* MessageUI.framework in Frameworks */ = {isa = PBXBuildFile; fileRef = 1562866214E8D79600FC2F4C /* MessageUI.framework */; };
		1562866B14E8D79600FC2F4C /* MobileCoreServices.framework in Frameworks */ = {isa = PBXBuildFile; fileRef = 1562866314E8D79600FC2F4C /* MobileCoreServices.framework */; };
		1562866C14E8D79600FC2F4C /* Security.framework in Frameworks */ = {isa = PBXBuildFile; fileRef = 1562866414E8D79600FC2F4C /* Security.framework */; };
		1562866D14E8D79600FC2F4C /* SystemConfiguration.framework in Frameworks */ = {isa = PBXBuildFile; fileRef = 1562866514E8D79600FC2F4C /* SystemConfiguration.framework */; };
/* End PBXBuildFile section */

/* Begin PBXFileReference section */
		151527D7150EA05F00218507 /* GC_UIImage+Extras.h */ = {isa = PBXFileReference; fileEncoding = 4; lastKnownFileType = sourcecode.c.h; path = "GC_UIImage+Extras.h"; sourceTree = "<group>"; };
		151527D8150EA05F00218507 /* GC_UIImage+Extras.m */ = {isa = PBXFileReference; fileEncoding = 4; lastKnownFileType = sourcecode.c.objc; path = "GC_UIImage+Extras.m"; sourceTree = "<group>"; };
		151527DB150EA05F00218507 /* GCAssetUploader.h */ = {isa = PBXFileReference; fileEncoding = 4; lastKnownFileType = sourcecode.c.h; path = GCAssetUploader.h; sourceTree = "<group>"; };
		151527DC150EA05F00218507 /* GCAssetUploader.m */ = {isa = PBXFileReference; fileEncoding = 4; lastKnownFileType = sourcecode.c.objc; path = GCAssetUploader.m; sourceTree = "<group>"; };
		151527DD150EA05F00218507 /* GCError.h */ = {isa = PBXFileReference; fileEncoding = 4; lastKnownFileType = sourcecode.c.h; path = GCError.h; sourceTree = "<group>"; };
		151527DE150EA05F00218507 /* GCError.m */ = {isa = PBXFileReference; fileEncoding = 4; lastKnownFileType = sourcecode.c.objc; path = GCError.m; sourceTree = "<group>"; };
		151527DF150EA05F00218507 /* GCMacros.h */ = {isa = PBXFileReference; fileEncoding = 4; lastKnownFileType = sourcecode.c.h; path = GCMacros.h; sourceTree = "<group>"; };
		151527E0150EA05F00218507 /* GCRequest.h */ = {isa = PBXFileReference; fileEncoding = 4; lastKnownFileType = sourcecode.c.h; path = GCRequest.h; sourceTree = "<group>"; };
		151527E1150EA05F00218507 /* GCRequest.m */ = {isa = PBXFileReference; fileEncoding = 4; lastKnownFileType = sourcecode.c.objc; path = GCRequest.m; sourceTree = "<group>"; };
		151527E2150EA05F00218507 /* GCResource.h */ = {isa = PBXFileReference; fileEncoding = 4; lastKnownFileType = sourcecode.c.h; path = GCResource.h; sourceTree = "<group>"; };
		151527E3150EA05F00218507 /* GCResource.m */ = {isa = PBXFileReference; fileEncoding = 4; lastKnownFileType = sourcecode.c.objc; path = GCResource.m; sourceTree = "<group>"; };
		151527E4150EA05F00218507 /* GCResponse.h */ = {isa = PBXFileReference; fileEncoding = 4; lastKnownFileType = sourcecode.c.h; path = GCResponse.h; sourceTree = "<group>"; };
		151527E5150EA05F00218507 /* GCResponse.m */ = {isa = PBXFileReference; fileEncoding = 4; lastKnownFileType = sourcecode.c.objc; path = GCResponse.m; sourceTree = "<group>"; };
		151527E6150EA05F00218507 /* GCUploader.h */ = {isa = PBXFileReference; fileEncoding = 4; lastKnownFileType = sourcecode.c.h; path = GCUploader.h; sourceTree = "<group>"; };
		151527E7150EA05F00218507 /* GCUploader.m */ = {isa = PBXFileReference; fileEncoding = 4; lastKnownFileType = sourcecode.c.objc; path = GCUploader.m; sourceTree = "<group>"; };
		151527E9150EA05F00218507 /* GCAccount.h */ = {isa = PBXFileReference; fileEncoding = 4; lastKnownFileType = sourcecode.c.h; path = GCAccount.h; sourceTree = "<group>"; };
		151527EA150EA05F00218507 /* GCAccount.m */ = {isa = PBXFileReference; fileEncoding = 4; lastKnownFileType = sourcecode.c.objc; path = GCAccount.m; sourceTree = "<group>"; };
		151527EB150EA05F00218507 /* GCAsset.h */ = {isa = PBXFileReference; fileEncoding = 4; lastKnownFileType = sourcecode.c.h; path = GCAsset.h; sourceTree = "<group>"; };
		151527EC150EA05F00218507 /* GCAsset.m */ = {isa = PBXFileReference; fileEncoding = 4; lastKnownFileType = sourcecode.c.objc; path = GCAsset.m; sourceTree = "<group>"; };
		151527ED150EA05F00218507 /* GCChute.h */ = {isa = PBXFileReference; fileEncoding = 4; lastKnownFileType = sourcecode.c.h; path = GCChute.h; sourceTree = "<group>"; };
		151527EE150EA05F00218507 /* GCChute.m */ = {isa = PBXFileReference; fileEncoding = 4; lastKnownFileType = sourcecode.c.objc; path = GCChute.m; sourceTree = "<group>"; };
		151527EF150EA05F00218507 /* GCComment.h */ = {isa = PBXFileReference; fileEncoding = 4; lastKnownFileType = sourcecode.c.h; path = GCComment.h; sourceTree = "<group>"; };
		151527F0150EA05F00218507 /* GCComment.m */ = {isa = PBXFileReference; fileEncoding = 4; lastKnownFileType = sourcecode.c.objc; path = GCComment.m; sourceTree = "<group>"; };
		151527F1150EA05F00218507 /* GCInvite.h */ = {isa = PBXFileReference; fileEncoding = 4; lastKnownFileType = sourcecode.c.h; path = GCInvite.h; sourceTree = "<group>"; };
		151527F2150EA05F00218507 /* GCInvite.m */ = {isa = PBXFileReference; fileEncoding = 4; lastKnownFileType = sourcecode.c.objc; path = GCInvite.m; sourceTree = "<group>"; };
		151527F3150EA05F00218507 /* GCParcel.h */ = {isa = PBXFileReference; fileEncoding = 4; lastKnownFileType = sourcecode.c.h; path = GCParcel.h; sourceTree = "<group>"; };
		151527F4150EA05F00218507 /* GCParcel.m */ = {isa = PBXFileReference; fileEncoding = 4; lastKnownFileType = sourcecode.c.objc; path = GCParcel.m; sourceTree = "<group>"; };
		151527F5150EA05F00218507 /* GCUser.h */ = {isa = PBXFileReference; fileEncoding = 4; lastKnownFileType = sourcecode.c.h; path = GCUser.h; sourceTree = "<group>"; };
		151527F6150EA05F00218507 /* GCUser.m */ = {isa = PBXFileReference; fileEncoding = 4; lastKnownFileType = sourcecode.c.objc; path = GCUser.m; sourceTree = "<group>"; };
		151527F8150EA05F00218507 /* GCDateFilteredUploadPicker.h */ = {isa = PBXFileReference; fileEncoding = 4; lastKnownFileType = sourcecode.c.h; path = GCDateFilteredUploadPicker.h; sourceTree = "<group>"; };
		151527F9150EA05F00218507 /* GCDateFilteredUploadPicker.m */ = {isa = PBXFileReference; fileEncoding = 4; lastKnownFileType = sourcecode.c.objc; path = GCDateFilteredUploadPicker.m; sourceTree = "<group>"; };
		151527FA150EA05F00218507 /* GCEventEmailComponent.h */ = {isa = PBXFileReference; fileEncoding = 4; lastKnownFileType = sourcecode.c.h; path = GCEventEmailComponent.h; sourceTree = "<group>"; };
		151527FB150EA05F00218507 /* GCEventEmailComponent.m */ = {isa = PBXFileReference; fileEncoding = 4; lastKnownFileType = sourcecode.c.objc; path = GCEventEmailComponent.m; sourceTree = "<group>"; };
		151527FC150EA05F00218507 /* GCLoginViewController.h */ = {isa = PBXFileReference; fileEncoding = 4; lastKnownFileType = sourcecode.c.h; path = GCLoginViewController.h; sourceTree = "<group>"; };
		151527FD150EA05F00218507 /* GCLoginViewController.m */ = {isa = PBXFileReference; fileEncoding = 4; lastKnownFileType = sourcecode.c.objc; path = GCLoginViewController.m; sourceTree = "<group>"; };
		151527FE150EA05F00218507 /* GCUIBaseViewController.h */ = {isa = PBXFileReference; fileEncoding = 4; lastKnownFileType = sourcecode.c.h; path = GCUIBaseViewController.h; sourceTree = "<group>"; };
		151527FF150EA05F00218507 /* GCUIBaseViewController.m */ = {isa = PBXFileReference; fileEncoding = 4; lastKnownFileType = sourcecode.c.objc; path = GCUIBaseViewController.m; sourceTree = "<group>"; };
		15152800150EA05F00218507 /* GCConstants.h */ = {isa = PBXFileReference; fileEncoding = 4; lastKnownFileType = sourcecode.c.h; path = GCConstants.h; sourceTree = "<group>"; };
		15152802150EA05F00218507 /* GetChute.h */ = {isa = PBXFileReference; fileEncoding = 4; lastKnownFileType = sourcecode.c.h; path = GetChute.h; sourceTree = "<group>"; };
		15152805150EA05F00218507 /* GCDateFilteredUploadPicker.xib */ = {isa = PBXFileReference; fileEncoding = 4; lastKnownFileType = file.xib; path = GCDateFilteredUploadPicker.xib; sourceTree = "<group>"; };
		15152806150EA05F00218507 /* GCLoginViewController.xib */ = {isa = PBXFileReference; fileEncoding = 4; lastKnownFileType = file.xib; path = GCLoginViewController.xib; sourceTree = "<group>"; };
		15152809150EA05F00218507 /* ASIAuthenticationDialog.h */ = {isa = PBXFileReference; fileEncoding = 4; lastKnownFileType = sourcecode.c.h; path = ASIAuthenticationDialog.h; sourceTree = "<group>"; };
		1515280A150EA05F00218507 /* ASIAuthenticationDialog.m */ = {isa = PBXFileReference; fileEncoding = 4; lastKnownFileType = sourcecode.c.objc; path = ASIAuthenticationDialog.m; sourceTree = "<group>"; };
		1515280B150EA05F00218507 /* ASICacheDelegate.h */ = {isa = PBXFileReference; fileEncoding = 4; lastKnownFileType = sourcecode.c.h; path = ASICacheDelegate.h; sourceTree = "<group>"; };
		1515280C150EA05F00218507 /* ASIDataCompressor.h */ = {isa = PBXFileReference; fileEncoding = 4; lastKnownFileType = sourcecode.c.h; path = ASIDataCompressor.h; sourceTree = "<group>"; };
		1515280D150EA05F00218507 /* ASIDataCompressor.m */ = {isa = PBXFileReference; fileEncoding = 4; lastKnownFileType = sourcecode.c.objc; path = ASIDataCompressor.m; sourceTree = "<group>"; };
		1515280E150EA05F00218507 /* ASIDataDecompressor.h */ = {isa = PBXFileReference; fileEncoding = 4; lastKnownFileType = sourcecode.c.h; path = ASIDataDecompressor.h; sourceTree = "<group>"; };
		1515280F150EA05F00218507 /* ASIDataDecompressor.m */ = {isa = PBXFileReference; fileEncoding = 4; lastKnownFileType = sourcecode.c.objc; path = ASIDataDecompressor.m; sourceTree = "<group>"; };
		15152810150EA05F00218507 /* ASIDownloadCache.h */ = {isa = PBXFileReference; fileEncoding = 4; lastKnownFileType = sourcecode.c.h; path = ASIDownloadCache.h; sourceTree = "<group>"; };
		15152811150EA05F00218507 /* ASIDownloadCache.m */ = {isa = PBXFileReference; fileEncoding = 4; lastKnownFileType = sourcecode.c.objc; path = ASIDownloadCache.m; sourceTree = "<group>"; };
		15152812150EA05F00218507 /* ASIFormDataRequest.h */ = {isa = PBXFileReference; fileEncoding = 4; lastKnownFileType = sourcecode.c.h; path = ASIFormDataRequest.h; sourceTree = "<group>"; };
		15152813150EA05F00218507 /* ASIFormDataRequest.m */ = {isa = PBXFileReference; fileEncoding = 4; lastKnownFileType = sourcecode.c.objc; path = ASIFormDataRequest.m; sourceTree = "<group>"; };
		15152814150EA05F00218507 /* ASIHTTPRequest.h */ = {isa = PBXFileReference; fileEncoding = 4; lastKnownFileType = sourcecode.c.h; path = ASIHTTPRequest.h; sourceTree = "<group>"; };
		15152815150EA05F00218507 /* ASIHTTPRequest.m */ = {isa = PBXFileReference; fileEncoding = 4; lastKnownFileType = sourcecode.c.objc; path = ASIHTTPRequest.m; sourceTree = "<group>"; };
		15152816150EA05F00218507 /* ASIHTTPRequestConfig.h */ = {isa = PBXFileReference; fileEncoding = 4; lastKnownFileType = sourcecode.c.h; path = ASIHTTPRequestConfig.h; sourceTree = "<group>"; };
		15152817150EA05F00218507 /* ASIHTTPRequestDelegate.h */ = {isa = PBXFileReference; fileEncoding = 4; lastKnownFileType = sourcecode.c.h; path = ASIHTTPRequestDelegate.h; sourceTree = "<group>"; };
		15152818150EA05F00218507 /* ASIInputStream.h */ = {isa = PBXFileReference; fileEncoding = 4; lastKnownFileType = sourcecode.c.h; path = ASIInputStream.h; sourceTree = "<group>"; };
		15152819150EA05F00218507 /* ASIInputStream.m */ = {isa = PBXFileReference; fileEncoding = 4; lastKnownFileType = sourcecode.c.objc; path = ASIInputStream.m; sourceTree = "<group>"; };
		1515281A150EA05F00218507 /* ASINetworkQueue.h */ = {isa = PBXFileReference; fileEncoding = 4; lastKnownFileType = sourcecode.c.h; path = ASINetworkQueue.h; sourceTree = "<group>"; };
		1515281B150EA05F00218507 /* ASINetworkQueue.m */ = {isa = PBXFileReference; fileEncoding = 4; lastKnownFileType = sourcecode.c.objc; path = ASINetworkQueue.m; sourceTree = "<group>"; };
		1515281C150EA05F00218507 /* ASIProgressDelegate.h */ = {isa = PBXFileReference; fileEncoding = 4; lastKnownFileType = sourcecode.c.h; path = ASIProgressDelegate.h; sourceTree = "<group>"; };
		1515281E150EA05F00218507 /* Reachability.h */ = {isa = PBXFileReference; fileEncoding = 4; lastKnownFileType = sourcecode.c.h; path = Reachability.h; sourceTree = "<group>"; };
		1515281F150EA05F00218507 /* Reachability.m */ = {isa = PBXFileReference; fileEncoding = 4; lastKnownFileType = sourcecode.c.objc; path = Reachability.m; sourceTree = "<group>"; };
		15152821150EA05F00218507 /* NSData+Base64.h */ = {isa = PBXFileReference; fileEncoding = 4; lastKnownFileType = sourcecode.c.h; path = "NSData+Base64.h"; sourceTree = "<group>"; };
		15152822150EA05F00218507 /* NSData+Base64.m */ = {isa = PBXFileReference; fileEncoding = 4; lastKnownFileType = sourcecode.c.objc; path = "NSData+Base64.m"; sourceTree = "<group>"; };
		15152823150EA05F00218507 /* NSDictionary+QueryString.h */ = {isa = PBXFileReference; fileEncoding = 4; lastKnownFileType = sourcecode.c.h; path = "NSDictionary+QueryString.h"; sourceTree = "<group>"; };
		15152824150EA05F00218507 /* NSDictionary+QueryString.m */ = {isa = PBXFileReference; fileEncoding = 4; lastKnownFileType = sourcecode.c.objc; path = "NSDictionary+QueryString.m"; sourceTree = "<group>"; };
		15152825150EA05F00218507 /* NSString+QueryString.h */ = {isa = PBXFileReference; fileEncoding = 4; lastKnownFileType = sourcecode.c.h; path = "NSString+QueryString.h"; sourceTree = "<group>"; };
		15152826150EA05F00218507 /* NSString+QueryString.m */ = {isa = PBXFileReference; fileEncoding = 4; lastKnownFileType = sourcecode.c.objc; path = "NSString+QueryString.m"; sourceTree = "<group>"; };
		15152828150EA05F00218507 /* NSObject+KVOBlockBinding.h */ = {isa = PBXFileReference; fileEncoding = 4; lastKnownFileType = sourcecode.c.h; path = "NSObject+KVOBlockBinding.h"; sourceTree = "<group>"; };
		15152829150EA05F00218507 /* NSObject+KVOBlockBinding.m */ = {isa = PBXFileReference; fileEncoding = 4; lastKnownFileType = sourcecode.c.objc; path = "NSObject+KVOBlockBinding.m"; sourceTree = "<group>"; };
		1515282B150EA05F00218507 /* KeychainItemWrapper.h */ = {isa = PBXFileReference; fileEncoding = 4; lastKnownFileType = sourcecode.c.h; path = KeychainItemWrapper.h; sourceTree = "<group>"; };
		1515282C150EA05F00218507 /* KeychainItemWrapper.m */ = {isa = PBXFileReference; fileEncoding = 4; lastKnownFileType = sourcecode.c.objc; path = KeychainItemWrapper.m; sourceTree = "<group>"; };
		1515282E150EA05F00218507 /* MBProgressHUD.h */ = {isa = PBXFileReference; fileEncoding = 4; lastKnownFileType = sourcecode.c.h; path = MBProgressHUD.h; sourceTree = "<group>"; };
		1515282F150EA05F00218507 /* MBProgressHUD.m */ = {isa = PBXFileReference; fileEncoding = 4; lastKnownFileType = sourcecode.c.objc; path = MBProgressHUD.m; sourceTree = "<group>"; };
		15152831150EA05F00218507 /* JSON.h */ = {isa = PBXFileReference; fileEncoding = 4; lastKnownFileType = sourcecode.c.h; path = JSON.h; sourceTree = "<group>"; };
		15152832150EA05F00218507 /* NSObject+SBJson.h */ = {isa = PBXFileReference; fileEncoding = 4; lastKnownFileType = sourcecode.c.h; path = "NSObject+SBJson.h"; sourceTree = "<group>"; };
		15152833150EA05F00218507 /* NSObject+SBJson.m */ = {isa = PBXFileReference; fileEncoding = 4; lastKnownFileType = sourcecode.c.objc; path = "NSObject+SBJson.m"; sourceTree = "<group>"; };
		15152834150EA05F00218507 /* SBJson.h */ = {isa = PBXFileReference; fileEncoding = 4; lastKnownFileType = sourcecode.c.h; path = SBJson.h; sourceTree = "<group>"; };
		15152835150EA05F00218507 /* SBJsonParser.h */ = {isa = PBXFileReference; fileEncoding = 4; lastKnownFileType = sourcecode.c.h; path = SBJsonParser.h; sourceTree = "<group>"; };
		15152836150EA05F00218507 /* SBJsonParser.m */ = {isa = PBXFileReference; fileEncoding = 4; lastKnownFileType = sourcecode.c.objc; path = SBJsonParser.m; sourceTree = "<group>"; };
		15152837150EA05F00218507 /* SBJsonStreamParser.h */ = {isa = PBXFileReference; fileEncoding = 4; lastKnownFileType = sourcecode.c.h; path = SBJsonStreamParser.h; sourceTree = "<group>"; };
		15152838150EA05F00218507 /* SBJsonStreamParser.m */ = {isa = PBXFileReference; fileEncoding = 4; lastKnownFileType = sourcecode.c.objc; path = SBJsonStreamParser.m; sourceTree = "<group>"; };
		15152839150EA05F00218507 /* SBJsonStreamParserAccumulator.h */ = {isa = PBXFileReference; fileEncoding = 4; lastKnownFileType = sourcecode.c.h; path = SBJsonStreamParserAccumulator.h; sourceTree = "<group>"; };
		1515283A150EA05F00218507 /* SBJsonStreamParserAccumulator.m */ = {isa = PBXFileReference; fileEncoding = 4; lastKnownFileType = sourcecode.c.objc; path = SBJsonStreamParserAccumulator.m; sourceTree = "<group>"; };
		1515283B150EA05F00218507 /* SBJsonStreamParserAdapter.h */ = {isa = PBXFileReference; fileEncoding = 4; lastKnownFileType = sourcecode.c.h; path = SBJsonStreamParserAdapter.h; sourceTree = "<group>"; };
		1515283C150EA05F00218507 /* SBJsonStreamParserAdapter.m */ = {isa = PBXFileReference; fileEncoding = 4; lastKnownFileType = sourcecode.c.objc; path = SBJsonStreamParserAdapter.m; sourceTree = "<group>"; };
		1515283D150EA05F00218507 /* SBJsonStreamParserState.h */ = {isa = PBXFileReference; fileEncoding = 4; lastKnownFileType = sourcecode.c.h; path = SBJsonStreamParserState.h; sourceTree = "<group>"; };
		1515283E150EA05F00218507 /* SBJsonStreamParserState.m */ = {isa = PBXFileReference; fileEncoding = 4; lastKnownFileType = sourcecode.c.objc; path = SBJsonStreamParserState.m; sourceTree = "<group>"; };
		1515283F150EA05F00218507 /* SBJsonStreamWriter.h */ = {isa = PBXFileReference; fileEncoding = 4; lastKnownFileType = sourcecode.c.h; path = SBJsonStreamWriter.h; sourceTree = "<group>"; };
		15152840150EA05F00218507 /* SBJsonStreamWriter.m */ = {isa = PBXFileReference; fileEncoding = 4; lastKnownFileType = sourcecode.c.objc; path = SBJsonStreamWriter.m; sourceTree = "<group>"; };
		15152841150EA05F00218507 /* SBJsonStreamWriterAccumulator.h */ = {isa = PBXFileReference; fileEncoding = 4; lastKnownFileType = sourcecode.c.h; path = SBJsonStreamWriterAccumulator.h; sourceTree = "<group>"; };
		15152842150EA05F00218507 /* SBJsonStreamWriterAccumulator.m */ = {isa = PBXFileReference; fileEncoding = 4; lastKnownFileType = sourcecode.c.objc; path = SBJsonStreamWriterAccumulator.m; sourceTree = "<group>"; };
		15152843150EA05F00218507 /* SBJsonStreamWriterState.h */ = {isa = PBXFileReference; fileEncoding = 4; lastKnownFileType = sourcecode.c.h; path = SBJsonStreamWriterState.h; sourceTree = "<group>"; };
		15152844150EA05F00218507 /* SBJsonStreamWriterState.m */ = {isa = PBXFileReference; fileEncoding = 4; lastKnownFileType = sourcecode.c.objc; path = SBJsonStreamWriterState.m; sourceTree = "<group>"; };
		15152845150EA05F00218507 /* SBJsonTokeniser.h */ = {isa = PBXFileReference; fileEncoding = 4; lastKnownFileType = sourcecode.c.h; path = SBJsonTokeniser.h; sourceTree = "<group>"; };
		15152846150EA05F00218507 /* SBJsonTokeniser.m */ = {isa = PBXFileReference; fileEncoding = 4; lastKnownFileType = sourcecode.c.objc; path = SBJsonTokeniser.m; sourceTree = "<group>"; };
		15152847150EA05F00218507 /* SBJsonUTF8Stream.h */ = {isa = PBXFileReference; fileEncoding = 4; lastKnownFileType = sourcecode.c.h; path = SBJsonUTF8Stream.h; sourceTree = "<group>"; };
		15152848150EA05F00218507 /* SBJsonUTF8Stream.m */ = {isa = PBXFileReference; fileEncoding = 4; lastKnownFileType = sourcecode.c.objc; path = SBJsonUTF8Stream.m; sourceTree = "<group>"; };
		15152849150EA05F00218507 /* SBJsonWriter.h */ = {isa = PBXFileReference; fileEncoding = 4; lastKnownFileType = sourcecode.c.h; path = SBJsonWriter.h; sourceTree = "<group>"; };
		1515284A150EA05F00218507 /* SBJsonWriter.m */ = {isa = PBXFileReference; fileEncoding = 4; lastKnownFileType = sourcecode.c.objc; path = SBJsonWriter.m; sourceTree = "<group>"; };
		1515284C150EA05F00218507 /* LICENSE */ = {isa = PBXFileReference; fileEncoding = 4; lastKnownFileType = text; path = LICENSE; sourceTree = "<group>"; };
		1515284D150EA05F00218507 /* README.md */ = {isa = PBXFileReference; fileEncoding = 4; lastKnownFileType = text; path = README.md; sourceTree = "<group>"; };
		1515284E150EA05F00218507 /* SDImageCache.h */ = {isa = PBXFileReference; fileEncoding = 4; lastKnownFileType = sourcecode.c.h; path = SDImageCache.h; sourceTree = "<group>"; };
		1515284F150EA05F00218507 /* SDImageCache.m */ = {isa = PBXFileReference; fileEncoding = 4; lastKnownFileType = sourcecode.c.objc; path = SDImageCache.m; sourceTree = "<group>"; };
		15152850150EA05F00218507 /* SDImageCacheDelegate.h */ = {isa = PBXFileReference; fileEncoding = 4; lastKnownFileType = sourcecode.c.h; path = SDImageCacheDelegate.h; sourceTree = "<group>"; };
		15152851150EA05F00218507 /* SDWebImageCompat.h */ = {isa = PBXFileReference; fileEncoding = 4; lastKnownFileType = sourcecode.c.h; path = SDWebImageCompat.h; sourceTree = "<group>"; };
		15152852150EA05F00218507 /* SDWebImageDecoder.h */ = {isa = PBXFileReference; fileEncoding = 4; lastKnownFileType = sourcecode.c.h; path = SDWebImageDecoder.h; sourceTree = "<group>"; };
		15152853150EA05F00218507 /* SDWebImageDecoder.m */ = {isa = PBXFileReference; fileEncoding = 4; lastKnownFileType = sourcecode.c.objc; path = SDWebImageDecoder.m; sourceTree = "<group>"; };
		15152854150EA05F00218507 /* SDWebImageDownloader.h */ = {isa = PBXFileReference; fileEncoding = 4; lastKnownFileType = sourcecode.c.h; path = SDWebImageDownloader.h; sourceTree = "<group>"; };
		15152855150EA05F00218507 /* SDWebImageDownloader.m */ = {isa = PBXFileReference; fileEncoding = 4; lastKnownFileType = sourcecode.c.objc; path = SDWebImageDownloader.m; sourceTree = "<group>"; };
		15152856150EA05F00218507 /* SDWebImageDownloaderDelegate.h */ = {isa = PBXFileReference; fileEncoding = 4; lastKnownFileType = sourcecode.c.h; path = SDWebImageDownloaderDelegate.h; sourceTree = "<group>"; };
		15152857150EA05F00218507 /* SDWebImageManager.h */ = {isa = PBXFileReference; fileEncoding = 4; lastKnownFileType = sourcecode.c.h; path = SDWebImageManager.h; sourceTree = "<group>"; };
		15152858150EA05F00218507 /* SDWebImageManager.m */ = {isa = PBXFileReference; fileEncoding = 4; lastKnownFileType = sourcecode.c.objc; path = SDWebImageManager.m; sourceTree = "<group>"; };
		15152859150EA05F00218507 /* SDWebImageManagerDelegate.h */ = {isa = PBXFileReference; fileEncoding = 4; lastKnownFileType = sourcecode.c.h; path = SDWebImageManagerDelegate.h; sourceTree = "<group>"; };
		1515285A150EA05F00218507 /* SDWebImagePrefetcher.h */ = {isa = PBXFileReference; fileEncoding = 4; lastKnownFileType = sourcecode.c.h; path = SDWebImagePrefetcher.h; sourceTree = "<group>"; };
		1515285B150EA05F00218507 /* SDWebImagePrefetcher.m */ = {isa = PBXFileReference; fileEncoding = 4; lastKnownFileType = sourcecode.c.objc; path = SDWebImagePrefetcher.m; sourceTree = "<group>"; };
		1515285C150EA05F00218507 /* UIButton+WebCache.h */ = {isa = PBXFileReference; fileEncoding = 4; lastKnownFileType = sourcecode.c.h; path = "UIButton+WebCache.h"; sourceTree = "<group>"; };
		1515285D150EA05F00218507 /* UIButton+WebCache.m */ = {isa = PBXFileReference; fileEncoding = 4; lastKnownFileType = sourcecode.c.objc; path = "UIButton+WebCache.m"; sourceTree = "<group>"; };
		1515285E150EA05F00218507 /* UIImageView+WebCache.h */ = {isa = PBXFileReference; fileEncoding = 4; lastKnownFileType = sourcecode.c.h; path = "UIImageView+WebCache.h"; sourceTree = "<group>"; };
		1515285F150EA05F00218507 /* UIImageView+WebCache.m */ = {isa = PBXFileReference; fileEncoding = 4; lastKnownFileType = sourcecode.c.objc; path = "UIImageView+WebCache.m"; sourceTree = "<group>"; };
		15152861150EA05F00218507 /* PhotoPickerPlus.h */ = {isa = PBXFileReference; fileEncoding = 4; lastKnownFileType = sourcecode.c.h; path = PhotoPickerPlus.h; sourceTree = "<group>"; };
		15152862150EA05F00218507 /* PhotoPickerPlus.m */ = {isa = PBXFileReference; fileEncoding = 4; lastKnownFileType = sourcecode.c.objc; path = PhotoPickerPlus.m; sourceTree = "<group>"; };
		15152866150EA05F00218507 /* facebook.png */ = {isa = PBXFileReference; lastKnownFileType = image.png; path = facebook.png; sourceTree = "<group>"; };
		15152867150EA05F00218507 /* flickr.png */ = {isa = PBXFileReference; lastKnownFileType = image.png; path = flickr.png; sourceTree = "<group>"; };
		15152868150EA05F00218507 /* instagram.png */ = {isa = PBXFileReference; lastKnownFileType = image.png; path = instagram.png; sourceTree = "<group>"; };
		15152869150EA05F00218507 /* picasa.png */ = {isa = PBXFileReference; lastKnownFileType = image.png; path = picasa.png; sourceTree = "<group>"; };
		1515286A150EA05F00218507 /* selectionIndicator.png */ = {isa = PBXFileReference; lastKnownFileType = image.png; path = selectionIndicator.png; sourceTree = "<group>"; };
		1515286B150EA05F00218507 /* selectionIndicator@2x.png */ = {isa = PBXFileReference; lastKnownFileType = image.png; path = "selectionIndicator@2x.png"; sourceTree = "<group>"; };
		1562856914E8D6EC00FC2F4C /* ChuteStarterProject.app */ = {isa = PBXFileReference; explicitFileType = wrapper.application; includeInIndex = 0; path = ChuteStarterProject.app; sourceTree = BUILT_PRODUCTS_DIR; };
		1562856D14E8D6EC00FC2F4C /* UIKit.framework */ = {isa = PBXFileReference; lastKnownFileType = wrapper.framework; name = UIKit.framework; path = System/Library/Frameworks/UIKit.framework; sourceTree = SDKROOT; };
		1562856F14E8D6EC00FC2F4C /* Foundation.framework */ = {isa = PBXFileReference; lastKnownFileType = wrapper.framework; name = Foundation.framework; path = System/Library/Frameworks/Foundation.framework; sourceTree = SDKROOT; };
		1562857114E8D6EC00FC2F4C /* CoreGraphics.framework */ = {isa = PBXFileReference; lastKnownFileType = wrapper.framework; name = CoreGraphics.framework; path = System/Library/Frameworks/CoreGraphics.framework; sourceTree = SDKROOT; };
		1562857514E8D6EC00FC2F4C /* ChuteStarterProject-Info.plist */ = {isa = PBXFileReference; lastKnownFileType = text.plist.xml; path = "ChuteStarterProject-Info.plist"; sourceTree = "<group>"; };
		1562857714E8D6EC00FC2F4C /* en */ = {isa = PBXFileReference; lastKnownFileType = text.plist.strings; name = en; path = en.lproj/InfoPlist.strings; sourceTree = "<group>"; };
		1562857914E8D6EC00FC2F4C /* main.m */ = {isa = PBXFileReference; lastKnownFileType = sourcecode.c.objc; path = main.m; sourceTree = "<group>"; };
		1562857B14E8D6EC00FC2F4C /* ChuteStarterProject-Prefix.pch */ = {isa = PBXFileReference; lastKnownFileType = sourcecode.c.h; path = "ChuteStarterProject-Prefix.pch"; sourceTree = "<group>"; };
		1562857C14E8D6EC00FC2F4C /* AppDelegate.h */ = {isa = PBXFileReference; lastKnownFileType = sourcecode.c.h; path = AppDelegate.h; sourceTree = "<group>"; };
		1562857D14E8D6EC00FC2F4C /* AppDelegate.m */ = {isa = PBXFileReference; lastKnownFileType = sourcecode.c.objc; path = AppDelegate.m; sourceTree = "<group>"; };
		1562857F14E8D6EC00FC2F4C /* ViewController.h */ = {isa = PBXFileReference; lastKnownFileType = sourcecode.c.h; path = ViewController.h; sourceTree = "<group>"; };
		1562858014E8D6EC00FC2F4C /* ViewController.m */ = {isa = PBXFileReference; lastKnownFileType = sourcecode.c.objc; path = ViewController.m; sourceTree = "<group>"; };
		1562858314E8D6EC00FC2F4C /* en */ = {isa = PBXFileReference; lastKnownFileType = file.xib; name = en; path = en.lproj/ViewController.xib; sourceTree = "<group>"; };
		1562865E14E8D79600FC2F4C /* AssetsLibrary.framework */ = {isa = PBXFileReference; lastKnownFileType = wrapper.framework; name = AssetsLibrary.framework; path = System/Library/Frameworks/AssetsLibrary.framework; sourceTree = SDKROOT; };
		1562865F14E8D79600FC2F4C /* CFNetwork.framework */ = {isa = PBXFileReference; lastKnownFileType = wrapper.framework; name = CFNetwork.framework; path = System/Library/Frameworks/CFNetwork.framework; sourceTree = SDKROOT; };
		1562866014E8D79600FC2F4C /* EventKit.framework */ = {isa = PBXFileReference; lastKnownFileType = wrapper.framework; name = EventKit.framework; path = System/Library/Frameworks/EventKit.framework; sourceTree = SDKROOT; };
		1562866114E8D79600FC2F4C /* libz.dylib */ = {isa = PBXFileReference; lastKnownFileType = "compiled.mach-o.dylib"; name = libz.dylib; path = usr/lib/libz.dylib; sourceTree = SDKROOT; };
		1562866214E8D79600FC2F4C /* MessageUI.framework */ = {isa = PBXFileReference; lastKnownFileType = wrapper.framework; name = MessageUI.framework; path = System/Library/Frameworks/MessageUI.framework; sourceTree = SDKROOT; };
		1562866314E8D79600FC2F4C /* MobileCoreServices.framework */ = {isa = PBXFileReference; lastKnownFileType = wrapper.framework; name = MobileCoreServices.framework; path = System/Library/Frameworks/MobileCoreServices.framework; sourceTree = SDKROOT; };
		1562866414E8D79600FC2F4C /* Security.framework */ = {isa = PBXFileReference; lastKnownFileType = wrapper.framework; name = Security.framework; path = System/Library/Frameworks/Security.framework; sourceTree = SDKROOT; };
		1562866514E8D79600FC2F4C /* SystemConfiguration.framework */ = {isa = PBXFileReference; lastKnownFileType = wrapper.framework; name = SystemConfiguration.framework; path = System/Library/Frameworks/SystemConfiguration.framework; sourceTree = SDKROOT; };
/* End PBXFileReference section */

/* Begin PBXFrameworksBuildPhase section */
		1562856614E8D6EC00FC2F4C /* Frameworks */ = {
			isa = PBXFrameworksBuildPhase;
			buildActionMask = 2147483647;
			files = (
				1562866614E8D79600FC2F4C /* AssetsLibrary.framework in Frameworks */,
				1562866714E8D79600FC2F4C /* CFNetwork.framework in Frameworks */,
				1562866814E8D79600FC2F4C /* EventKit.framework in Frameworks */,
				1562866914E8D79600FC2F4C /* libz.dylib in Frameworks */,
				1562866A14E8D79600FC2F4C /* MessageUI.framework in Frameworks */,
				1562866B14E8D79600FC2F4C /* MobileCoreServices.framework in Frameworks */,
				1562866C14E8D79600FC2F4C /* Security.framework in Frameworks */,
				1562866D14E8D79600FC2F4C /* SystemConfiguration.framework in Frameworks */,
				1562856E14E8D6EC00FC2F4C /* UIKit.framework in Frameworks */,
				1562857014E8D6EC00FC2F4C /* Foundation.framework in Frameworks */,
				1562857214E8D6EC00FC2F4C /* CoreGraphics.framework in Frameworks */,
			);
			runOnlyForDeploymentPostprocessing = 0;
		};
/* End PBXFrameworksBuildPhase section */

/* Begin PBXGroup section */
		151527D5150EA05F00218507 /* Chute SDK */ = {
			isa = PBXGroup;
			children = (
				151527D6150EA05F00218507 /* Categories */,
				151527D9150EA05F00218507 /* Classes */,
				15152800150EA05F00218507 /* GCConstants.h */,
				15152801150EA05F00218507 /* Include */,
				15152803150EA05F00218507 /* Resources */,
				15152807150EA05F00218507 /* Vendor */,
			);
			name = "Chute SDK";
			path = "../../PhotoPickerPlus/Chute SDK";
			sourceTree = "<group>";
		};
		151527D6150EA05F00218507 /* Categories */ = {
			isa = PBXGroup;
			children = (
				151527D7150EA05F00218507 /* GC_UIImage+Extras.h */,
				151527D8150EA05F00218507 /* GC_UIImage+Extras.m */,
			);
			path = Categories;
			sourceTree = "<group>";
		};
		151527D9150EA05F00218507 /* Classes */ = {
			isa = PBXGroup;
			children = (
				151527DA150EA05F00218507 /* Core */,
				151527E8150EA05F00218507 /* Model */,
				151527F7150EA05F00218507 /* UI */,
			);
			path = Classes;
			sourceTree = "<group>";
		};
		151527DA150EA05F00218507 /* Core */ = {
			isa = PBXGroup;
			children = (
				151527DB150EA05F00218507 /* GCAssetUploader.h */,
				151527DC150EA05F00218507 /* GCAssetUploader.m */,
				151527DD150EA05F00218507 /* GCError.h */,
				151527DE150EA05F00218507 /* GCError.m */,
				151527DF150EA05F00218507 /* GCMacros.h */,
				151527E0150EA05F00218507 /* GCRequest.h */,
				151527E1150EA05F00218507 /* GCRequest.m */,
				151527E2150EA05F00218507 /* GCResource.h */,
				151527E3150EA05F00218507 /* GCResource.m */,
				151527E4150EA05F00218507 /* GCResponse.h */,
				151527E5150EA05F00218507 /* GCResponse.m */,
				151527E6150EA05F00218507 /* GCUploader.h */,
				151527E7150EA05F00218507 /* GCUploader.m */,
			);
			path = Core;
			sourceTree = "<group>";
		};
		151527E8150EA05F00218507 /* Model */ = {
			isa = PBXGroup;
			children = (
				151527E9150EA05F00218507 /* GCAccount.h */,
				151527EA150EA05F00218507 /* GCAccount.m */,
				151527EB150EA05F00218507 /* GCAsset.h */,
				151527EC150EA05F00218507 /* GCAsset.m */,
				151527ED150EA05F00218507 /* GCChute.h */,
				151527EE150EA05F00218507 /* GCChute.m */,
				151527EF150EA05F00218507 /* GCComment.h */,
				151527F0150EA05F00218507 /* GCComment.m */,
				151527F1150EA05F00218507 /* GCInvite.h */,
				151527F2150EA05F00218507 /* GCInvite.m */,
				151527F3150EA05F00218507 /* GCParcel.h */,
				151527F4150EA05F00218507 /* GCParcel.m */,
				151527F5150EA05F00218507 /* GCUser.h */,
				151527F6150EA05F00218507 /* GCUser.m */,
			);
			path = Model;
			sourceTree = "<group>";
		};
		151527F7150EA05F00218507 /* UI */ = {
			isa = PBXGroup;
			children = (
				151527F8150EA05F00218507 /* GCDateFilteredUploadPicker.h */,
				151527F9150EA05F00218507 /* GCDateFilteredUploadPicker.m */,
				151527FA150EA05F00218507 /* GCEventEmailComponent.h */,
				151527FB150EA05F00218507 /* GCEventEmailComponent.m */,
				151527FC150EA05F00218507 /* GCLoginViewController.h */,
				151527FD150EA05F00218507 /* GCLoginViewController.m */,
				151527FE150EA05F00218507 /* GCUIBaseViewController.h */,
				151527FF150EA05F00218507 /* GCUIBaseViewController.m */,
			);
			path = UI;
			sourceTree = "<group>";
		};
		15152801150EA05F00218507 /* Include */ = {
			isa = PBXGroup;
			children = (
				15152802150EA05F00218507 /* GetChute.h */,
			);
			path = Include;
			sourceTree = "<group>";
		};
		15152803150EA05F00218507 /* Resources */ = {
			isa = PBXGroup;
			children = (
				15152804150EA05F00218507 /* XIB */,
			);
			path = Resources;
			sourceTree = "<group>";
		};
		15152804150EA05F00218507 /* XIB */ = {
			isa = PBXGroup;
			children = (
				15152805150EA05F00218507 /* GCDateFilteredUploadPicker.xib */,
				15152806150EA05F00218507 /* GCLoginViewController.xib */,
			);
			path = XIB;
			sourceTree = "<group>";
		};
		15152807150EA05F00218507 /* Vendor */ = {
			isa = PBXGroup;
			children = (
				15152808150EA05F00218507 /* ASIHttpRequest */,
				15152820150EA05F00218507 /* Extras */,
				15152827150EA05F00218507 /* KVOBlockBinding */,
				1515282A150EA05F00218507 /* Keychain */,
				1515282D150EA05F00218507 /* MBProgressHUD */,
				15152830150EA05F00218507 /* SBJson */,
				1515284B150EA05F00218507 /* rs-SDWebImage-23ae1cb */,
			);
			path = Vendor;
			sourceTree = "<group>";
		};
		15152808150EA05F00218507 /* ASIHttpRequest */ = {
			isa = PBXGroup;
			children = (
				15152809150EA05F00218507 /* ASIAuthenticationDialog.h */,
				1515280A150EA05F00218507 /* ASIAuthenticationDialog.m */,
				1515280B150EA05F00218507 /* ASICacheDelegate.h */,
				1515280C150EA05F00218507 /* ASIDataCompressor.h */,
				1515280D150EA05F00218507 /* ASIDataCompressor.m */,
				1515280E150EA05F00218507 /* ASIDataDecompressor.h */,
				1515280F150EA05F00218507 /* ASIDataDecompressor.m */,
				15152810150EA05F00218507 /* ASIDownloadCache.h */,
				15152811150EA05F00218507 /* ASIDownloadCache.m */,
				15152812150EA05F00218507 /* ASIFormDataRequest.h */,
				15152813150EA05F00218507 /* ASIFormDataRequest.m */,
				15152814150EA05F00218507 /* ASIHTTPRequest.h */,
				15152815150EA05F00218507 /* ASIHTTPRequest.m */,
				15152816150EA05F00218507 /* ASIHTTPRequestConfig.h */,
				15152817150EA05F00218507 /* ASIHTTPRequestDelegate.h */,
				15152818150EA05F00218507 /* ASIInputStream.h */,
				15152819150EA05F00218507 /* ASIInputStream.m */,
				1515281A150EA05F00218507 /* ASINetworkQueue.h */,
				1515281B150EA05F00218507 /* ASINetworkQueue.m */,
				1515281C150EA05F00218507 /* ASIProgressDelegate.h */,
				1515281D150EA05F00218507 /* Reachability */,
			);
			path = ASIHttpRequest;
			sourceTree = "<group>";
		};
		1515281D150EA05F00218507 /* Reachability */ = {
			isa = PBXGroup;
			children = (
				1515281E150EA05F00218507 /* Reachability.h */,
				1515281F150EA05F00218507 /* Reachability.m */,
			);
			path = Reachability;
			sourceTree = "<group>";
		};
		15152820150EA05F00218507 /* Extras */ = {
			isa = PBXGroup;
			children = (
				15152821150EA05F00218507 /* NSData+Base64.h */,
				15152822150EA05F00218507 /* NSData+Base64.m */,
				15152823150EA05F00218507 /* NSDictionary+QueryString.h */,
				15152824150EA05F00218507 /* NSDictionary+QueryString.m */,
				15152825150EA05F00218507 /* NSString+QueryString.h */,
				15152826150EA05F00218507 /* NSString+QueryString.m */,
			);
			path = Extras;
			sourceTree = "<group>";
		};
		15152827150EA05F00218507 /* KVOBlockBinding */ = {
			isa = PBXGroup;
			children = (
				15152828150EA05F00218507 /* NSObject+KVOBlockBinding.h */,
				15152829150EA05F00218507 /* NSObject+KVOBlockBinding.m */,
			);
			path = KVOBlockBinding;
			sourceTree = "<group>";
		};
		1515282A150EA05F00218507 /* Keychain */ = {
			isa = PBXGroup;
			children = (
				1515282B150EA05F00218507 /* KeychainItemWrapper.h */,
				1515282C150EA05F00218507 /* KeychainItemWrapper.m */,
			);
			path = Keychain;
			sourceTree = "<group>";
		};
		1515282D150EA05F00218507 /* MBProgressHUD */ = {
			isa = PBXGroup;
			children = (
				1515282E150EA05F00218507 /* MBProgressHUD.h */,
				1515282F150EA05F00218507 /* MBProgressHUD.m */,
			);
			path = MBProgressHUD;
			sourceTree = "<group>";
		};
		15152830150EA05F00218507 /* SBJson */ = {
			isa = PBXGroup;
			children = (
				15152831150EA05F00218507 /* JSON.h */,
				15152832150EA05F00218507 /* NSObject+SBJson.h */,
				15152833150EA05F00218507 /* NSObject+SBJson.m */,
				15152834150EA05F00218507 /* SBJson.h */,
				15152835150EA05F00218507 /* SBJsonParser.h */,
				15152836150EA05F00218507 /* SBJsonParser.m */,
				15152837150EA05F00218507 /* SBJsonStreamParser.h */,
				15152838150EA05F00218507 /* SBJsonStreamParser.m */,
				15152839150EA05F00218507 /* SBJsonStreamParserAccumulator.h */,
				1515283A150EA05F00218507 /* SBJsonStreamParserAccumulator.m */,
				1515283B150EA05F00218507 /* SBJsonStreamParserAdapter.h */,
				1515283C150EA05F00218507 /* SBJsonStreamParserAdapter.m */,
				1515283D150EA05F00218507 /* SBJsonStreamParserState.h */,
				1515283E150EA05F00218507 /* SBJsonStreamParserState.m */,
				1515283F150EA05F00218507 /* SBJsonStreamWriter.h */,
				15152840150EA05F00218507 /* SBJsonStreamWriter.m */,
				15152841150EA05F00218507 /* SBJsonStreamWriterAccumulator.h */,
				15152842150EA05F00218507 /* SBJsonStreamWriterAccumulator.m */,
				15152843150EA05F00218507 /* SBJsonStreamWriterState.h */,
				15152844150EA05F00218507 /* SBJsonStreamWriterState.m */,
				15152845150EA05F00218507 /* SBJsonTokeniser.h */,
				15152846150EA05F00218507 /* SBJsonTokeniser.m */,
				15152847150EA05F00218507 /* SBJsonUTF8Stream.h */,
				15152848150EA05F00218507 /* SBJsonUTF8Stream.m */,
				15152849150EA05F00218507 /* SBJsonWriter.h */,
				1515284A150EA05F00218507 /* SBJsonWriter.m */,
			);
			path = SBJson;
			sourceTree = "<group>";
		};
		1515284B150EA05F00218507 /* rs-SDWebImage-23ae1cb */ = {
			isa = PBXGroup;
			children = (
				1515284C150EA05F00218507 /* LICENSE */,
				1515284D150EA05F00218507 /* README.md */,
				1515284E150EA05F00218507 /* SDImageCache.h */,
				1515284F150EA05F00218507 /* SDImageCache.m */,
				15152850150EA05F00218507 /* SDImageCacheDelegate.h */,
				15152851150EA05F00218507 /* SDWebImageCompat.h */,
				15152852150EA05F00218507 /* SDWebImageDecoder.h */,
				15152853150EA05F00218507 /* SDWebImageDecoder.m */,
				15152854150EA05F00218507 /* SDWebImageDownloader.h */,
				15152855150EA05F00218507 /* SDWebImageDownloader.m */,
				15152856150EA05F00218507 /* SDWebImageDownloaderDelegate.h */,
				15152857150EA05F00218507 /* SDWebImageManager.h */,
				15152858150EA05F00218507 /* SDWebImageManager.m */,
				15152859150EA05F00218507 /* SDWebImageManagerDelegate.h */,
				1515285A150EA05F00218507 /* SDWebImagePrefetcher.h */,
				1515285B150EA05F00218507 /* SDWebImagePrefetcher.m */,
				1515285C150EA05F00218507 /* UIButton+WebCache.h */,
				1515285D150EA05F00218507 /* UIButton+WebCache.m */,
				1515285E150EA05F00218507 /* UIImageView+WebCache.h */,
				1515285F150EA05F00218507 /* UIImageView+WebCache.m */,
			);
			path = "rs-SDWebImage-23ae1cb";
			sourceTree = "<group>";
		};
		15152860150EA05F00218507 /* PhotoPickerPlus */ = {
			isa = PBXGroup;
			children = (
				15152861150EA05F00218507 /* PhotoPickerPlus.h */,
				15152862150EA05F00218507 /* PhotoPickerPlus.m */,
				15152864150EA05F00218507 /* assets */,
			);
			name = PhotoPickerPlus;
			path = ../../PhotoPickerPlus/PhotoPickerPlus;
			sourceTree = "<group>";
		};
		15152864150EA05F00218507 /* assets */ = {
			isa = PBXGroup;
			children = (
				15152866150EA05F00218507 /* facebook.png */,
				15152867150EA05F00218507 /* flickr.png */,
				15152868150EA05F00218507 /* instagram.png */,
				15152869150EA05F00218507 /* picasa.png */,
				1515286A150EA05F00218507 /* selectionIndicator.png */,
				1515286B150EA05F00218507 /* selectionIndicator@2x.png */,
			);
			path = assets;
			sourceTree = "<group>";
		};
		1562855E14E8D6EB00FC2F4C = {
			isa = PBXGroup;
			children = (
				151527D5150EA05F00218507 /* Chute SDK */,
				15152860150EA05F00218507 /* PhotoPickerPlus */,
				1562857314E8D6EC00FC2F4C /* ChuteStarterProject */,
				1562856C14E8D6EC00FC2F4C /* Frameworks */,
				1562856A14E8D6EC00FC2F4C /* Products */,
			);
			sourceTree = "<group>";
		};
		1562856A14E8D6EC00FC2F4C /* Products */ = {
			isa = PBXGroup;
			children = (
				1562856914E8D6EC00FC2F4C /* ChuteStarterProject.app */,
			);
			name = Products;
			sourceTree = "<group>";
		};
		1562856C14E8D6EC00FC2F4C /* Frameworks */ = {
			isa = PBXGroup;
			children = (
				1562865E14E8D79600FC2F4C /* AssetsLibrary.framework */,
				1562865F14E8D79600FC2F4C /* CFNetwork.framework */,
				1562866014E8D79600FC2F4C /* EventKit.framework */,
				1562866114E8D79600FC2F4C /* libz.dylib */,
				1562866214E8D79600FC2F4C /* MessageUI.framework */,
				1562866314E8D79600FC2F4C /* MobileCoreServices.framework */,
				1562866414E8D79600FC2F4C /* Security.framework */,
				1562866514E8D79600FC2F4C /* SystemConfiguration.framework */,
				1562856D14E8D6EC00FC2F4C /* UIKit.framework */,
				1562856F14E8D6EC00FC2F4C /* Foundation.framework */,
				1562857114E8D6EC00FC2F4C /* CoreGraphics.framework */,
			);
			name = Frameworks;
			sourceTree = "<group>";
		};
		1562857314E8D6EC00FC2F4C /* ChuteStarterProject */ = {
			isa = PBXGroup;
			children = (
				1562857C14E8D6EC00FC2F4C /* AppDelegate.h */,
				1562857D14E8D6EC00FC2F4C /* AppDelegate.m */,
				1562857F14E8D6EC00FC2F4C /* ViewController.h */,
				1562858014E8D6EC00FC2F4C /* ViewController.m */,
				1562858214E8D6EC00FC2F4C /* ViewController.xib */,
				1562857414E8D6EC00FC2F4C /* Supporting Files */,
			);
			path = ChuteStarterProject;
			sourceTree = "<group>";
		};
		1562857414E8D6EC00FC2F4C /* Supporting Files */ = {
			isa = PBXGroup;
			children = (
				1562857514E8D6EC00FC2F4C /* ChuteStarterProject-Info.plist */,
				1562857614E8D6EC00FC2F4C /* InfoPlist.strings */,
				1562857914E8D6EC00FC2F4C /* main.m */,
				1562857B14E8D6EC00FC2F4C /* ChuteStarterProject-Prefix.pch */,
			);
			name = "Supporting Files";
			sourceTree = "<group>";
		};
/* End PBXGroup section */

/* Begin PBXNativeTarget section */
		1562856814E8D6EC00FC2F4C /* ChuteStarterProject */ = {
			isa = PBXNativeTarget;
			buildConfigurationList = 1562858714E8D6EC00FC2F4C /* Build configuration list for PBXNativeTarget "ChuteStarterProject" */;
			buildPhases = (
				1562856514E8D6EC00FC2F4C /* Sources */,
				1562856614E8D6EC00FC2F4C /* Frameworks */,
				1562856714E8D6EC00FC2F4C /* Resources */,
			);
			buildRules = (
			);
			dependencies = (
			);
			name = ChuteStarterProject;
			productName = ChuteStarterProject;
			productReference = 1562856914E8D6EC00FC2F4C /* ChuteStarterProject.app */;
			productType = "com.apple.product-type.application";
		};
/* End PBXNativeTarget section */

/* Begin PBXProject section */
		1562856014E8D6EB00FC2F4C /* Project object */ = {
			isa = PBXProject;
			attributes = {
				LastUpgradeCheck = 0420;
			};
			buildConfigurationList = 1562856314E8D6EB00FC2F4C /* Build configuration list for PBXProject "ChuteStarterProject" */;
			compatibilityVersion = "Xcode 3.2";
			developmentRegion = English;
			hasScannedForEncodings = 0;
			knownRegions = (
				en,
			);
			mainGroup = 1562855E14E8D6EB00FC2F4C;
			productRefGroup = 1562856A14E8D6EC00FC2F4C /* Products */;
			projectDirPath = "";
			projectRoot = "";
			targets = (
				1562856814E8D6EC00FC2F4C /* ChuteStarterProject */,
			);
		};
/* End PBXProject section */

/* Begin PBXResourcesBuildPhase section */
		1562856714E8D6EC00FC2F4C /* Resources */ = {
			isa = PBXResourcesBuildPhase;
			buildActionMask = 2147483647;
			files = (
				1562857814E8D6EC00FC2F4C /* InfoPlist.strings in Resources */,
				1562858414E8D6EC00FC2F4C /* ViewController.xib in Resources */,
				1515287E150EA05F00218507 /* GCDateFilteredUploadPicker.xib in Resources */,
				1515287F150EA05F00218507 /* GCLoginViewController.xib in Resources */,
				1515289B150EA05F00218507 /* LICENSE in Resources */,
				1515289C150EA05F00218507 /* README.md in Resources */,
				151528A7150EA05F00218507 /* facebook.png in Resources */,
				151528A8150EA05F00218507 /* flickr.png in Resources */,
				151528A9150EA05F00218507 /* instagram.png in Resources */,
				151528AA150EA05F00218507 /* picasa.png in Resources */,
				151528AB150EA05F00218507 /* selectionIndicator.png in Resources */,
				151528AC150EA05F00218507 /* selectionIndicator@2x.png in Resources */,
			);
			runOnlyForDeploymentPostprocessing = 0;
		};
/* End PBXResourcesBuildPhase section */

/* Begin PBXSourcesBuildPhase section */
		1562856514E8D6EC00FC2F4C /* Sources */ = {
			isa = PBXSourcesBuildPhase;
			buildActionMask = 2147483647;
			files = (
				1562857A14E8D6EC00FC2F4C /* main.m in Sources */,
				1562857E14E8D6EC00FC2F4C /* AppDelegate.m in Sources */,
				1562858114E8D6EC00FC2F4C /* ViewController.m in Sources */,
				1515286C150EA05F00218507 /* GC_UIImage+Extras.m in Sources */,
				1515286D150EA05F00218507 /* GCAssetUploader.m in Sources */,
				1515286E150EA05F00218507 /* GCError.m in Sources */,
				1515286F150EA05F00218507 /* GCRequest.m in Sources */,
				15152870150EA05F00218507 /* GCResource.m in Sources */,
				15152871150EA05F00218507 /* GCResponse.m in Sources */,
				15152872150EA05F00218507 /* GCUploader.m in Sources */,
				15152873150EA05F00218507 /* GCAccount.m in Sources */,
				15152874150EA05F00218507 /* GCAsset.m in Sources */,
				15152875150EA05F00218507 /* GCChute.m in Sources */,
				15152876150EA05F00218507 /* GCComment.m in Sources */,
				15152877150EA05F00218507 /* GCInvite.m in Sources */,
				15152878150EA05F00218507 /* GCParcel.m in Sources */,
				15152879150EA05F00218507 /* GCUser.m in Sources */,
				1515287A150EA05F00218507 /* GCDateFilteredUploadPicker.m in Sources */,
				1515287B150EA05F00218507 /* GCEventEmailComponent.m in Sources */,
				1515287C150EA05F00218507 /* GCLoginViewController.m in Sources */,
				1515287D150EA05F00218507 /* GCUIBaseViewController.m in Sources */,
				15152880150EA05F00218507 /* ASIAuthenticationDialog.m in Sources */,
				15152881150EA05F00218507 /* ASIDataCompressor.m in Sources */,
				15152882150EA05F00218507 /* ASIDataDecompressor.m in Sources */,
				15152883150EA05F00218507 /* ASIDownloadCache.m in Sources */,
				15152884150EA05F00218507 /* ASIFormDataRequest.m in Sources */,
				15152885150EA05F00218507 /* ASIHTTPRequest.m in Sources */,
				15152886150EA05F00218507 /* ASIInputStream.m in Sources */,
				15152887150EA05F00218507 /* ASINetworkQueue.m in Sources */,
				15152888150EA05F00218507 /* Reachability.m in Sources */,
				15152889150EA05F00218507 /* NSData+Base64.m in Sources */,
				1515288A150EA05F00218507 /* NSDictionary+QueryString.m in Sources */,
				1515288B150EA05F00218507 /* NSString+QueryString.m in Sources */,
				1515288C150EA05F00218507 /* NSObject+KVOBlockBinding.m in Sources */,
				1515288D150EA05F00218507 /* KeychainItemWrapper.m in Sources */,
				1515288E150EA05F00218507 /* MBProgressHUD.m in Sources */,
				1515288F150EA05F00218507 /* NSObject+SBJson.m in Sources */,
				15152890150EA05F00218507 /* SBJsonParser.m in Sources */,
				15152891150EA05F00218507 /* SBJsonStreamParser.m in Sources */,
				15152892150EA05F00218507 /* SBJsonStreamParserAccumulator.m in Sources */,
				15152893150EA05F00218507 /* SBJsonStreamParserAdapter.m in Sources */,
				15152894150EA05F00218507 /* SBJsonStreamParserState.m in Sources */,
				15152895150EA05F00218507 /* SBJsonStreamWriter.m in Sources */,
				15152896150EA05F00218507 /* SBJsonStreamWriterAccumulator.m in Sources */,
				15152897150EA05F00218507 /* SBJsonStreamWriterState.m in Sources */,
				15152898150EA05F00218507 /* SBJsonTokeniser.m in Sources */,
				15152899150EA05F00218507 /* SBJsonUTF8Stream.m in Sources */,
				1515289A150EA05F00218507 /* SBJsonWriter.m in Sources */,
				1515289D150EA05F00218507 /* SDImageCache.m in Sources */,
				1515289E150EA05F00218507 /* SDWebImageDecoder.m in Sources */,
				1515289F150EA05F00218507 /* SDWebImageDownloader.m in Sources */,
				151528A0150EA05F00218507 /* SDWebImageManager.m in Sources */,
				151528A1150EA05F00218507 /* SDWebImagePrefetcher.m in Sources */,
				151528A2150EA05F00218507 /* UIButton+WebCache.m in Sources */,
				151528A3150EA05F00218507 /* UIImageView+WebCache.m in Sources */,
				151528A4150EA05F00218507 /* PhotoPickerPlus.m in Sources */,
			);
			runOnlyForDeploymentPostprocessing = 0;
		};
/* End PBXSourcesBuildPhase section */

/* Begin PBXVariantGroup section */
		1562857614E8D6EC00FC2F4C /* InfoPlist.strings */ = {
			isa = PBXVariantGroup;
			children = (
				1562857714E8D6EC00FC2F4C /* en */,
			);
			name = InfoPlist.strings;
			sourceTree = "<group>";
		};
		1562858214E8D6EC00FC2F4C /* ViewController.xib */ = {
			isa = PBXVariantGroup;
			children = (
				1562858314E8D6EC00FC2F4C /* en */,
			);
			name = ViewController.xib;
			sourceTree = "<group>";
		};
/* End PBXVariantGroup section */

/* Begin XCBuildConfiguration section */
		1562858514E8D6EC00FC2F4C /* Debug */ = {
			isa = XCBuildConfiguration;
			buildSettings = {
				ALWAYS_SEARCH_USER_PATHS = NO;
				ARCHS = "$(ARCHS_STANDARD_32_BIT)";
				"CODE_SIGN_IDENTITY[sdk=iphoneos*]" = "iPhone Developer";
				COPY_PHASE_STRIP = NO;
				GCC_C_LANGUAGE_STANDARD = gnu99;
				GCC_DYNAMIC_NO_PIC = NO;
				GCC_OPTIMIZATION_LEVEL = 0;
				GCC_PREPROCESSOR_DEFINITIONS = (
					"DEBUG=1",
					"$(inherited)",
				);
				GCC_SYMBOLS_PRIVATE_EXTERN = NO;
				GCC_VERSION = com.apple.compilers.llvm.clang.1_0;
				GCC_WARN_ABOUT_MISSING_PROTOTYPES = YES;
				GCC_WARN_ABOUT_RETURN_TYPE = YES;
				GCC_WARN_UNUSED_VARIABLE = YES;
				IPHONEOS_DEPLOYMENT_TARGET = 5.0;
				SDKROOT = iphoneos;
			};
			name = Debug;
		};
		1562858614E8D6EC00FC2F4C /* Release */ = {
			isa = XCBuildConfiguration;
			buildSettings = {
				ALWAYS_SEARCH_USER_PATHS = NO;
				ARCHS = "$(ARCHS_STANDARD_32_BIT)";
				"CODE_SIGN_IDENTITY[sdk=iphoneos*]" = "iPhone Developer";
				COPY_PHASE_STRIP = YES;
				GCC_C_LANGUAGE_STANDARD = gnu99;
				GCC_VERSION = com.apple.compilers.llvm.clang.1_0;
				GCC_WARN_ABOUT_MISSING_PROTOTYPES = YES;
				GCC_WARN_ABOUT_RETURN_TYPE = YES;
				GCC_WARN_UNUSED_VARIABLE = YES;
				IPHONEOS_DEPLOYMENT_TARGET = 5.0;
				OTHER_CFLAGS = "-DNS_BLOCK_ASSERTIONS=1";
				SDKROOT = iphoneos;
				VALIDATE_PRODUCT = YES;
			};
			name = Release;
		};
		1562858814E8D6EC00FC2F4C /* Debug */ = {
			isa = XCBuildConfiguration;
			buildSettings = {
				GCC_PRECOMPILE_PREFIX_HEADER = YES;
				GCC_PREFIX_HEADER = "ChuteStarterProject/ChuteStarterProject-Prefix.pch";
				INFOPLIST_FILE = "ChuteStarterProject/ChuteStarterProject-Info.plist";
				PRODUCT_NAME = "$(TARGET_NAME)";
				WRAPPER_EXTENSION = app;
			};
			name = Debug;
		};
		1562858914E8D6EC00FC2F4C /* Release */ = {
			isa = XCBuildConfiguration;
			buildSettings = {
				GCC_PRECOMPILE_PREFIX_HEADER = YES;
				GCC_PREFIX_HEADER = "ChuteStarterProject/ChuteStarterProject-Prefix.pch";
				INFOPLIST_FILE = "ChuteStarterProject/ChuteStarterProject-Info.plist";
				PRODUCT_NAME = "$(TARGET_NAME)";
				WRAPPER_EXTENSION = app;
			};
			name = Release;
		};
/* End XCBuildConfiguration section */

/* Begin XCConfigurationList section */
		1562856314E8D6EB00FC2F4C /* Build configuration list for PBXProject "ChuteStarterProject" */ = {
			isa = XCConfigurationList;
			buildConfigurations = (
				1562858514E8D6EC00FC2F4C /* Debug */,
				1562858614E8D6EC00FC2F4C /* Release */,
			);
			defaultConfigurationIsVisible = 0;
			defaultConfigurationName = Release;
		};
		1562858714E8D6EC00FC2F4C /* Build configuration list for PBXNativeTarget "ChuteStarterProject" */ = {
			isa = XCConfigurationList;
			buildConfigurations = (
				1562858814E8D6EC00FC2F4C /* Debug */,
				1562858914E8D6EC00FC2F4C /* Release */,
			);
			defaultConfigurationIsVisible = 0;
			defaultConfigurationName = Release;
		};
/* End XCConfigurationList section */
	};
	rootObject = 1562856014E8D6EB00FC2F4C /* Project object */;
}
