// !$*UTF8*$!
{
	archiveVersion = 1;
	classes = {
	};
	objectVersion = 46;
	objects = {

/* Begin PBXBuildFile section */
		151528A4150EA05F00218507 /* PhotoPickerPlus.m in Sources */ = {isa = PBXBuildFile; fileRef = 15152862150EA05F00218507 /* PhotoPickerPlus.m */; };
		151528A7150EA05F00218507 /* facebook.png in Resources */ = {isa = PBXBuildFile; fileRef = 15152866150EA05F00218507 /* facebook.png */; };
		151528A8150EA05F00218507 /* flickr.png in Resources */ = {isa = PBXBuildFile; fileRef = 15152867150EA05F00218507 /* flickr.png */; };
		151528A9150EA05F00218507 /* instagram.png in Resources */ = {isa = PBXBuildFile; fileRef = 15152868150EA05F00218507 /* instagram.png */; };
		151528AA150EA05F00218507 /* picasa.png in Resources */ = {isa = PBXBuildFile; fileRef = 15152869150EA05F00218507 /* picasa.png */; };
		151528AB150EA05F00218507 /* selectionIndicator.png in Resources */ = {isa = PBXBuildFile; fileRef = 1515286A150EA05F00218507 /* selectionIndicator.png */; };
		151528AC150EA05F00218507 /* selectionIndicator@2x.png in Resources */ = {isa = PBXBuildFile; fileRef = 1515286B150EA05F00218507 /* selectionIndicator@2x.png */; };
		153B81DF15C210A3007C0C88 /* GC_UIImage+Extras.m in Sources */ = {isa = PBXBuildFile; fileRef = 153B815815C210A3007C0C88 /* GC_UIImage+Extras.m */; };
		153B81E015C210A3007C0C88 /* GCAssetUploader.m in Sources */ = {isa = PBXBuildFile; fileRef = 153B815C15C210A3007C0C88 /* GCAssetUploader.m */; };
		153B81E115C210A3007C0C88 /* GCError.m in Sources */ = {isa = PBXBuildFile; fileRef = 153B815E15C210A3007C0C88 /* GCError.m */; };
		153B81E215C210A3007C0C88 /* GCRequest.m in Sources */ = {isa = PBXBuildFile; fileRef = 153B816115C210A3007C0C88 /* GCRequest.m */; };
		153B81E315C210A3007C0C88 /* GCResource.m in Sources */ = {isa = PBXBuildFile; fileRef = 153B816315C210A3007C0C88 /* GCResource.m */; };
		153B81E415C210A3007C0C88 /* GCResponse.m in Sources */ = {isa = PBXBuildFile; fileRef = 153B816515C210A3007C0C88 /* GCResponse.m */; };
		153B81E515C210A3007C0C88 /* GCUploader.m in Sources */ = {isa = PBXBuildFile; fileRef = 153B816715C210A3007C0C88 /* GCUploader.m */; };
		153B81E615C210A3007C0C88 /* GCAccount.m in Sources */ = {isa = PBXBuildFile; fileRef = 153B816A15C210A3007C0C88 /* GCAccount.m */; };
		153B81E715C210A3007C0C88 /* GCAsset.m in Sources */ = {isa = PBXBuildFile; fileRef = 153B816C15C210A3007C0C88 /* GCAsset.m */; };
		153B81E815C210A3007C0C88 /* GCChute.m in Sources */ = {isa = PBXBuildFile; fileRef = 153B816E15C210A3007C0C88 /* GCChute.m */; };
		153B81E915C210A3007C0C88 /* GCComment.m in Sources */ = {isa = PBXBuildFile; fileRef = 153B817015C210A3007C0C88 /* GCComment.m */; };
		153B81EA15C210A3007C0C88 /* GCInvite.m in Sources */ = {isa = PBXBuildFile; fileRef = 153B817215C210A3007C0C88 /* GCInvite.m */; };
		153B81EB15C210A3007C0C88 /* GCParcel.m in Sources */ = {isa = PBXBuildFile; fileRef = 153B817415C210A3007C0C88 /* GCParcel.m */; };
		153B81EC15C210A3007C0C88 /* GCUser.m in Sources */ = {isa = PBXBuildFile; fileRef = 153B817615C210A3007C0C88 /* GCUser.m */; };
		153B81ED15C210A3007C0C88 /* GCDateFilteredUploadPicker.m in Sources */ = {isa = PBXBuildFile; fileRef = 153B817915C210A3007C0C88 /* GCDateFilteredUploadPicker.m */; };
		153B81EE15C210A3007C0C88 /* GCEventEmailComponent.m in Sources */ = {isa = PBXBuildFile; fileRef = 153B817B15C210A3007C0C88 /* GCEventEmailComponent.m */; };
		153B81EF15C210A3007C0C88 /* GCLoginViewController.m in Sources */ = {isa = PBXBuildFile; fileRef = 153B817D15C210A3007C0C88 /* GCLoginViewController.m */; };
		153B81F015C210A3007C0C88 /* GCUIBaseViewController.m in Sources */ = {isa = PBXBuildFile; fileRef = 153B817F15C210A3007C0C88 /* GCUIBaseViewController.m */; };
		153B81F115C210A3007C0C88 /* GCDateFilteredUploadPicker.xib in Resources */ = {isa = PBXBuildFile; fileRef = 153B818515C210A3007C0C88 /* GCDateFilteredUploadPicker.xib */; };
		153B81F215C210A3007C0C88 /* GCLoginViewController.xib in Resources */ = {isa = PBXBuildFile; fileRef = 153B818615C210A3007C0C88 /* GCLoginViewController.xib */; };
		153B81F315C210A3007C0C88 /* ASIAuthenticationDialog.m in Sources */ = {isa = PBXBuildFile; fileRef = 153B818A15C210A3007C0C88 /* ASIAuthenticationDialog.m */; };
		153B81F415C210A3007C0C88 /* ASIDataCompressor.m in Sources */ = {isa = PBXBuildFile; fileRef = 153B818D15C210A3007C0C88 /* ASIDataCompressor.m */; };
		153B81F515C210A3007C0C88 /* ASIDataDecompressor.m in Sources */ = {isa = PBXBuildFile; fileRef = 153B818F15C210A3007C0C88 /* ASIDataDecompressor.m */; };
		153B81F615C210A3007C0C88 /* ASIDownloadCache.m in Sources */ = {isa = PBXBuildFile; fileRef = 153B819115C210A3007C0C88 /* ASIDownloadCache.m */; };
		153B81F715C210A3007C0C88 /* ASIFormDataRequest.m in Sources */ = {isa = PBXBuildFile; fileRef = 153B819315C210A3007C0C88 /* ASIFormDataRequest.m */; };
		153B81F815C210A3007C0C88 /* ASIHTTPRequest.m in Sources */ = {isa = PBXBuildFile; fileRef = 153B819515C210A3007C0C88 /* ASIHTTPRequest.m */; };
		153B81F915C210A3007C0C88 /* ASIInputStream.m in Sources */ = {isa = PBXBuildFile; fileRef = 153B819915C210A3007C0C88 /* ASIInputStream.m */; };
		153B81FA15C210A3007C0C88 /* ASINetworkQueue.m in Sources */ = {isa = PBXBuildFile; fileRef = 153B819B15C210A3007C0C88 /* ASINetworkQueue.m */; };
		153B81FB15C210A3007C0C88 /* Reachability.m in Sources */ = {isa = PBXBuildFile; fileRef = 153B819F15C210A3007C0C88 /* Reachability.m */; };
		153B81FC15C210A3007C0C88 /* NSData+Base64.m in Sources */ = {isa = PBXBuildFile; fileRef = 153B81A215C210A3007C0C88 /* NSData+Base64.m */; };
		153B81FD15C210A3007C0C88 /* NSDictionary+QueryString.m in Sources */ = {isa = PBXBuildFile; fileRef = 153B81A415C210A3007C0C88 /* NSDictionary+QueryString.m */; };
		153B81FE15C210A3007C0C88 /* NSString+QueryString.m in Sources */ = {isa = PBXBuildFile; fileRef = 153B81A615C210A3007C0C88 /* NSString+QueryString.m */; };
		153B81FF15C210A3007C0C88 /* KeychainItemWrapper.m in Sources */ = {isa = PBXBuildFile; fileRef = 153B81A915C210A3007C0C88 /* KeychainItemWrapper.m */; };
		153B820015C210A3007C0C88 /* NSObject+KVOBlockBinding.m in Sources */ = {isa = PBXBuildFile; fileRef = 153B81AC15C210A3007C0C88 /* NSObject+KVOBlockBinding.m */; };
		153B820115C210A3007C0C88 /* MBProgressHUD.m in Sources */ = {isa = PBXBuildFile; fileRef = 153B81AF15C210A3007C0C88 /* MBProgressHUD.m */; };
		153B820215C210A3007C0C88 /* LICENSE in Resources */ = {isa = PBXBuildFile; fileRef = 153B81B115C210A3007C0C88 /* LICENSE */; };
		153B820315C210A3007C0C88 /* README.md in Resources */ = {isa = PBXBuildFile; fileRef = 153B81B215C210A3007C0C88 /* README.md */; };
		153B820415C210A3007C0C88 /* SDImageCache.m in Sources */ = {isa = PBXBuildFile; fileRef = 153B81B415C210A3007C0C88 /* SDImageCache.m */; };
		153B820515C210A3007C0C88 /* SDWebImageDecoder.m in Sources */ = {isa = PBXBuildFile; fileRef = 153B81B815C210A3007C0C88 /* SDWebImageDecoder.m */; };
		153B820615C210A3007C0C88 /* SDWebImageDownloader.m in Sources */ = {isa = PBXBuildFile; fileRef = 153B81BA15C210A3007C0C88 /* SDWebImageDownloader.m */; };
		153B820715C210A3007C0C88 /* SDWebImageManager.m in Sources */ = {isa = PBXBuildFile; fileRef = 153B81BD15C210A3007C0C88 /* SDWebImageManager.m */; };
		153B820815C210A3007C0C88 /* SDWebImagePrefetcher.m in Sources */ = {isa = PBXBuildFile; fileRef = 153B81C015C210A3007C0C88 /* SDWebImagePrefetcher.m */; };
		153B820915C210A3007C0C88 /* UIButton+WebCache.m in Sources */ = {isa = PBXBuildFile; fileRef = 153B81C215C210A3007C0C88 /* UIButton+WebCache.m */; };
		153B820A15C210A3007C0C88 /* UIImageView+WebCache.m in Sources */ = {isa = PBXBuildFile; fileRef = 153B81C415C210A3007C0C88 /* UIImageView+WebCache.m */; };
		153B820B15C210A3007C0C88 /* GCJsonParser.m in Sources */ = {isa = PBXBuildFile; fileRef = 153B81C815C210A3007C0C88 /* GCJsonParser.m */; };
		153B820C15C210A3007C0C88 /* GCJsonStreamParser.m in Sources */ = {isa = PBXBuildFile; fileRef = 153B81CA15C210A3007C0C88 /* GCJsonStreamParser.m */; };
		153B820D15C210A3007C0C88 /* GCJsonStreamParserAccumulator.m in Sources */ = {isa = PBXBuildFile; fileRef = 153B81CC15C210A3007C0C88 /* GCJsonStreamParserAccumulator.m */; };
		153B820E15C210A3007C0C88 /* GCJsonStreamParserAdapter.m in Sources */ = {isa = PBXBuildFile; fileRef = 153B81CE15C210A3007C0C88 /* GCJsonStreamParserAdapter.m */; };
		153B820F15C210A3007C0C88 /* GCJsonStreamParserState.m in Sources */ = {isa = PBXBuildFile; fileRef = 153B81D015C210A3007C0C88 /* GCJsonStreamParserState.m */; };
		153B821015C210A3007C0C88 /* GCJsonStreamWriter.m in Sources */ = {isa = PBXBuildFile; fileRef = 153B81D215C210A3007C0C88 /* GCJsonStreamWriter.m */; };
		153B821115C210A3007C0C88 /* GCJsonStreamWriterAccumulator.m in Sources */ = {isa = PBXBuildFile; fileRef = 153B81D415C210A3007C0C88 /* GCJsonStreamWriterAccumulator.m */; };
		153B821215C210A3007C0C88 /* GCJsonStreamWriterState.m in Sources */ = {isa = PBXBuildFile; fileRef = 153B81D615C210A3007C0C88 /* GCJsonStreamWriterState.m */; };
		153B821315C210A3007C0C88 /* GCJsonTokeniser.m in Sources */ = {isa = PBXBuildFile; fileRef = 153B81D815C210A3007C0C88 /* GCJsonTokeniser.m */; };
		153B821415C210A3007C0C88 /* GCJsonUTF8Stream.m in Sources */ = {isa = PBXBuildFile; fileRef = 153B81DA15C210A3007C0C88 /* GCJsonUTF8Stream.m */; };
		153B821515C210A3007C0C88 /* GCJsonWriter.m in Sources */ = {isa = PBXBuildFile; fileRef = 153B81DC15C210A3007C0C88 /* GCJsonWriter.m */; };
		153B821615C210A3007C0C88 /* NSObject+GCJson.m in Sources */ = {isa = PBXBuildFile; fileRef = 153B81DE15C210A3007C0C88 /* NSObject+GCJson.m */; };
		1562856E14E8D6EC00FC2F4C /* UIKit.framework in Frameworks */ = {isa = PBXBuildFile; fileRef = 1562856D14E8D6EC00FC2F4C /* UIKit.framework */; };
		1562857014E8D6EC00FC2F4C /* Foundation.framework in Frameworks */ = {isa = PBXBuildFile; fileRef = 1562856F14E8D6EC00FC2F4C /* Foundation.framework */; };
		1562857214E8D6EC00FC2F4C /* CoreGraphics.framework in Frameworks */ = {isa = PBXBuildFile; fileRef = 1562857114E8D6EC00FC2F4C /* CoreGraphics.framework */; };
		1562857814E8D6EC00FC2F4C /* InfoPlist.strings in Resources */ = {isa = PBXBuildFile; fileRef = 1562857614E8D6EC00FC2F4C /* InfoPlist.strings */; };
		1562857A14E8D6EC00FC2F4C /* main.m in Sources */ = {isa = PBXBuildFile; fileRef = 1562857914E8D6EC00FC2F4C /* main.m */; };
		1562857E14E8D6EC00FC2F4C /* AppDelegate.m in Sources */ = {isa = PBXBuildFile; fileRef = 1562857D14E8D6EC00FC2F4C /* AppDelegate.m */; };
		1562858114E8D6EC00FC2F4C /* ViewController.m in Sources */ = {isa = PBXBuildFile; fileRef = 1562858014E8D6EC00FC2F4C /* ViewController.m */; };
		1562858414E8D6EC00FC2F4C /* ViewController.xib in Resources */ = {isa = PBXBuildFile; fileRef = 1562858214E8D6EC00FC2F4C /* ViewController.xib */; };
		1562866614E8D79600FC2F4C /* AssetsLibrary.framework in Frameworks */ = {isa = PBXBuildFile; fileRef = 1562865E14E8D79600FC2F4C /* AssetsLibrary.framework */; };
		1562866714E8D79600FC2F4C /* CFNetwork.framework in Frameworks */ = {isa = PBXBuildFile; fileRef = 1562865F14E8D79600FC2F4C /* CFNetwork.framework */; };
		1562866814E8D79600FC2F4C /* EventKit.framework in Frameworks */ = {isa = PBXBuildFile; fileRef = 1562866014E8D79600FC2F4C /* EventKit.framework */; };
		1562866914E8D79600FC2F4C /* libz.dylib in Frameworks */ = {isa = PBXBuildFile; fileRef = 1562866114E8D79600FC2F4C /* libz.dylib */; };
		1562866A14E8D79600FC2F4C /* MessageUI.framework in Frameworks */ = {isa = PBXBuildFile; fileRef = 1562866214E8D79600FC2F4C /* MessageUI.framework */; };
		1562866B14E8D79600FC2F4C /* MobileCoreServices.framework in Frameworks */ = {isa = PBXBuildFile; fileRef = 1562866314E8D79600FC2F4C /* MobileCoreServices.framework */; };
		1562866C14E8D79600FC2F4C /* Security.framework in Frameworks */ = {isa = PBXBuildFile; fileRef = 1562866414E8D79600FC2F4C /* Security.framework */; };
		1562866D14E8D79600FC2F4C /* SystemConfiguration.framework in Frameworks */ = {isa = PBXBuildFile; fileRef = 1562866514E8D79600FC2F4C /* SystemConfiguration.framework */; };
/* End PBXBuildFile section */

/* Begin PBXFileReference section */
		15152861150EA05F00218507 /* PhotoPickerPlus.h */ = {isa = PBXFileReference; fileEncoding = 4; lastKnownFileType = sourcecode.c.h; path = PhotoPickerPlus.h; sourceTree = "<group>"; };
		15152862150EA05F00218507 /* PhotoPickerPlus.m */ = {isa = PBXFileReference; fileEncoding = 4; lastKnownFileType = sourcecode.c.objc; path = PhotoPickerPlus.m; sourceTree = "<group>"; };
		15152866150EA05F00218507 /* facebook.png */ = {isa = PBXFileReference; lastKnownFileType = image.png; path = facebook.png; sourceTree = "<group>"; };
		15152867150EA05F00218507 /* flickr.png */ = {isa = PBXFileReference; lastKnownFileType = image.png; path = flickr.png; sourceTree = "<group>"; };
		15152868150EA05F00218507 /* instagram.png */ = {isa = PBXFileReference; lastKnownFileType = image.png; path = instagram.png; sourceTree = "<group>"; };
		15152869150EA05F00218507 /* picasa.png */ = {isa = PBXFileReference; lastKnownFileType = image.png; path = picasa.png; sourceTree = "<group>"; };
		1515286A150EA05F00218507 /* selectionIndicator.png */ = {isa = PBXFileReference; lastKnownFileType = image.png; path = selectionIndicator.png; sourceTree = "<group>"; };
		1515286B150EA05F00218507 /* selectionIndicator@2x.png */ = {isa = PBXFileReference; lastKnownFileType = image.png; path = "selectionIndicator@2x.png"; sourceTree = "<group>"; };
		153B815715C210A3007C0C88 /* GC_UIImage+Extras.h */ = {isa = PBXFileReference; fileEncoding = 4; lastKnownFileType = sourcecode.c.h; path = "GC_UIImage+Extras.h"; sourceTree = "<group>"; };
		153B815815C210A3007C0C88 /* GC_UIImage+Extras.m */ = {isa = PBXFileReference; fileEncoding = 4; lastKnownFileType = sourcecode.c.objc; path = "GC_UIImage+Extras.m"; sourceTree = "<group>"; };
		153B815B15C210A3007C0C88 /* GCAssetUploader.h */ = {isa = PBXFileReference; fileEncoding = 4; lastKnownFileType = sourcecode.c.h; path = GCAssetUploader.h; sourceTree = "<group>"; };
		153B815C15C210A3007C0C88 /* GCAssetUploader.m */ = {isa = PBXFileReference; fileEncoding = 4; lastKnownFileType = sourcecode.c.objc; path = GCAssetUploader.m; sourceTree = "<group>"; };
		153B815D15C210A3007C0C88 /* GCError.h */ = {isa = PBXFileReference; fileEncoding = 4; lastKnownFileType = sourcecode.c.h; path = GCError.h; sourceTree = "<group>"; };
		153B815E15C210A3007C0C88 /* GCError.m */ = {isa = PBXFileReference; fileEncoding = 4; lastKnownFileType = sourcecode.c.objc; path = GCError.m; sourceTree = "<group>"; };
		153B815F15C210A3007C0C88 /* GCMacros.h */ = {isa = PBXFileReference; fileEncoding = 4; lastKnownFileType = sourcecode.c.h; path = GCMacros.h; sourceTree = "<group>"; };
		153B816015C210A3007C0C88 /* GCRequest.h */ = {isa = PBXFileReference; fileEncoding = 4; lastKnownFileType = sourcecode.c.h; path = GCRequest.h; sourceTree = "<group>"; };
		153B816115C210A3007C0C88 /* GCRequest.m */ = {isa = PBXFileReference; fileEncoding = 4; lastKnownFileType = sourcecode.c.objc; path = GCRequest.m; sourceTree = "<group>"; };
		153B816215C210A3007C0C88 /* GCResource.h */ = {isa = PBXFileReference; fileEncoding = 4; lastKnownFileType = sourcecode.c.h; path = GCResource.h; sourceTree = "<group>"; };
		153B816315C210A3007C0C88 /* GCResource.m */ = {isa = PBXFileReference; fileEncoding = 4; lastKnownFileType = sourcecode.c.objc; path = GCResource.m; sourceTree = "<group>"; };
		153B816415C210A3007C0C88 /* GCResponse.h */ = {isa = PBXFileReference; fileEncoding = 4; lastKnownFileType = sourcecode.c.h; path = GCResponse.h; sourceTree = "<group>"; };
		153B816515C210A3007C0C88 /* GCResponse.m */ = {isa = PBXFileReference; fileEncoding = 4; lastKnownFileType = sourcecode.c.objc; path = GCResponse.m; sourceTree = "<group>"; };
		153B816615C210A3007C0C88 /* GCUploader.h */ = {isa = PBXFileReference; fileEncoding = 4; lastKnownFileType = sourcecode.c.h; path = GCUploader.h; sourceTree = "<group>"; };
		153B816715C210A3007C0C88 /* GCUploader.m */ = {isa = PBXFileReference; fileEncoding = 4; lastKnownFileType = sourcecode.c.objc; path = GCUploader.m; sourceTree = "<group>"; };
		153B816915C210A3007C0C88 /* GCAccount.h */ = {isa = PBXFileReference; fileEncoding = 4; lastKnownFileType = sourcecode.c.h; path = GCAccount.h; sourceTree = "<group>"; };
		153B816A15C210A3007C0C88 /* GCAccount.m */ = {isa = PBXFileReference; fileEncoding = 4; lastKnownFileType = sourcecode.c.objc; path = GCAccount.m; sourceTree = "<group>"; };
		153B816B15C210A3007C0C88 /* GCAsset.h */ = {isa = PBXFileReference; fileEncoding = 4; lastKnownFileType = sourcecode.c.h; path = GCAsset.h; sourceTree = "<group>"; };
		153B816C15C210A3007C0C88 /* GCAsset.m */ = {isa = PBXFileReference; fileEncoding = 4; lastKnownFileType = sourcecode.c.objc; path = GCAsset.m; sourceTree = "<group>"; };
		153B816D15C210A3007C0C88 /* GCChute.h */ = {isa = PBXFileReference; fileEncoding = 4; lastKnownFileType = sourcecode.c.h; path = GCChute.h; sourceTree = "<group>"; };
		153B816E15C210A3007C0C88 /* GCChute.m */ = {isa = PBXFileReference; fileEncoding = 4; lastKnownFileType = sourcecode.c.objc; path = GCChute.m; sourceTree = "<group>"; };
		153B816F15C210A3007C0C88 /* GCComment.h */ = {isa = PBXFileReference; fileEncoding = 4; lastKnownFileType = sourcecode.c.h; path = GCComment.h; sourceTree = "<group>"; };
		153B817015C210A3007C0C88 /* GCComment.m */ = {isa = PBXFileReference; fileEncoding = 4; lastKnownFileType = sourcecode.c.objc; path = GCComment.m; sourceTree = "<group>"; };
		153B817115C210A3007C0C88 /* GCInvite.h */ = {isa = PBXFileReference; fileEncoding = 4; lastKnownFileType = sourcecode.c.h; path = GCInvite.h; sourceTree = "<group>"; };
		153B817215C210A3007C0C88 /* GCInvite.m */ = {isa = PBXFileReference; fileEncoding = 4; lastKnownFileType = sourcecode.c.objc; path = GCInvite.m; sourceTree = "<group>"; };
		153B817315C210A3007C0C88 /* GCParcel.h */ = {isa = PBXFileReference; fileEncoding = 4; lastKnownFileType = sourcecode.c.h; path = GCParcel.h; sourceTree = "<group>"; };
		153B817415C210A3007C0C88 /* GCParcel.m */ = {isa = PBXFileReference; fileEncoding = 4; lastKnownFileType = sourcecode.c.objc; path = GCParcel.m; sourceTree = "<group>"; };
		153B817515C210A3007C0C88 /* GCUser.h */ = {isa = PBXFileReference; fileEncoding = 4; lastKnownFileType = sourcecode.c.h; path = GCUser.h; sourceTree = "<group>"; };
		153B817615C210A3007C0C88 /* GCUser.m */ = {isa = PBXFileReference; fileEncoding = 4; lastKnownFileType = sourcecode.c.objc; path = GCUser.m; sourceTree = "<group>"; };
		153B817815C210A3007C0C88 /* GCDateFilteredUploadPicker.h */ = {isa = PBXFileReference; fileEncoding = 4; lastKnownFileType = sourcecode.c.h; path = GCDateFilteredUploadPicker.h; sourceTree = "<group>"; };
		153B817915C210A3007C0C88 /* GCDateFilteredUploadPicker.m */ = {isa = PBXFileReference; fileEncoding = 4; lastKnownFileType = sourcecode.c.objc; path = GCDateFilteredUploadPicker.m; sourceTree = "<group>"; };
		153B817A15C210A3007C0C88 /* GCEventEmailComponent.h */ = {isa = PBXFileReference; fileEncoding = 4; lastKnownFileType = sourcecode.c.h; path = GCEventEmailComponent.h; sourceTree = "<group>"; };
		153B817B15C210A3007C0C88 /* GCEventEmailComponent.m */ = {isa = PBXFileReference; fileEncoding = 4; lastKnownFileType = sourcecode.c.objc; path = GCEventEmailComponent.m; sourceTree = "<group>"; };
		153B817C15C210A3007C0C88 /* GCLoginViewController.h */ = {isa = PBXFileReference; fileEncoding = 4; lastKnownFileType = sourcecode.c.h; path = GCLoginViewController.h; sourceTree = "<group>"; };
		153B817D15C210A3007C0C88 /* GCLoginViewController.m */ = {isa = PBXFileReference; fileEncoding = 4; lastKnownFileType = sourcecode.c.objc; path = GCLoginViewController.m; sourceTree = "<group>"; };
		153B817E15C210A3007C0C88 /* GCUIBaseViewController.h */ = {isa = PBXFileReference; fileEncoding = 4; lastKnownFileType = sourcecode.c.h; path = GCUIBaseViewController.h; sourceTree = "<group>"; };
		153B817F15C210A3007C0C88 /* GCUIBaseViewController.m */ = {isa = PBXFileReference; fileEncoding = 4; lastKnownFileType = sourcecode.c.objc; path = GCUIBaseViewController.m; sourceTree = "<group>"; };
		153B818015C210A3007C0C88 /* GCConstants.h */ = {isa = PBXFileReference; fileEncoding = 4; lastKnownFileType = sourcecode.c.h; path = GCConstants.h; sourceTree = "<group>"; };
		153B818215C210A3007C0C88 /* GetChute.h */ = {isa = PBXFileReference; fileEncoding = 4; lastKnownFileType = sourcecode.c.h; path = GetChute.h; sourceTree = "<group>"; };
		153B818515C210A3007C0C88 /* GCDateFilteredUploadPicker.xib */ = {isa = PBXFileReference; fileEncoding = 4; lastKnownFileType = file.xib; path = GCDateFilteredUploadPicker.xib; sourceTree = "<group>"; };
		153B818615C210A3007C0C88 /* GCLoginViewController.xib */ = {isa = PBXFileReference; fileEncoding = 4; lastKnownFileType = file.xib; path = GCLoginViewController.xib; sourceTree = "<group>"; };
		153B818915C210A3007C0C88 /* ASIAuthenticationDialog.h */ = {isa = PBXFileReference; fileEncoding = 4; lastKnownFileType = sourcecode.c.h; path = ASIAuthenticationDialog.h; sourceTree = "<group>"; };
		153B818A15C210A3007C0C88 /* ASIAuthenticationDialog.m */ = {isa = PBXFileReference; fileEncoding = 4; lastKnownFileType = sourcecode.c.objc; path = ASIAuthenticationDialog.m; sourceTree = "<group>"; };
		153B818B15C210A3007C0C88 /* ASICacheDelegate.h */ = {isa = PBXFileReference; fileEncoding = 4; lastKnownFileType = sourcecode.c.h; path = ASICacheDelegate.h; sourceTree = "<group>"; };
		153B818C15C210A3007C0C88 /* ASIDataCompressor.h */ = {isa = PBXFileReference; fileEncoding = 4; lastKnownFileType = sourcecode.c.h; path = ASIDataCompressor.h; sourceTree = "<group>"; };
		153B818D15C210A3007C0C88 /* ASIDataCompressor.m */ = {isa = PBXFileReference; fileEncoding = 4; lastKnownFileType = sourcecode.c.objc; path = ASIDataCompressor.m; sourceTree = "<group>"; };
		153B818E15C210A3007C0C88 /* ASIDataDecompressor.h */ = {isa = PBXFileReference; fileEncoding = 4; lastKnownFileType = sourcecode.c.h; path = ASIDataDecompressor.h; sourceTree = "<group>"; };
		153B818F15C210A3007C0C88 /* ASIDataDecompressor.m */ = {isa = PBXFileReference; fileEncoding = 4; lastKnownFileType = sourcecode.c.objc; path = ASIDataDecompressor.m; sourceTree = "<group>"; };
		153B819015C210A3007C0C88 /* ASIDownloadCache.h */ = {isa = PBXFileReference; fileEncoding = 4; lastKnownFileType = sourcecode.c.h; path = ASIDownloadCache.h; sourceTree = "<group>"; };
		153B819115C210A3007C0C88 /* ASIDownloadCache.m */ = {isa = PBXFileReference; fileEncoding = 4; lastKnownFileType = sourcecode.c.objc; path = ASIDownloadCache.m; sourceTree = "<group>"; };
		153B819215C210A3007C0C88 /* ASIFormDataRequest.h */ = {isa = PBXFileReference; fileEncoding = 4; lastKnownFileType = sourcecode.c.h; path = ASIFormDataRequest.h; sourceTree = "<group>"; };
		153B819315C210A3007C0C88 /* ASIFormDataRequest.m */ = {isa = PBXFileReference; fileEncoding = 4; lastKnownFileType = sourcecode.c.objc; path = ASIFormDataRequest.m; sourceTree = "<group>"; };
		153B819415C210A3007C0C88 /* ASIHTTPRequest.h */ = {isa = PBXFileReference; fileEncoding = 4; lastKnownFileType = sourcecode.c.h; path = ASIHTTPRequest.h; sourceTree = "<group>"; };
		153B819515C210A3007C0C88 /* ASIHTTPRequest.m */ = {isa = PBXFileReference; fileEncoding = 4; lastKnownFileType = sourcecode.c.objc; path = ASIHTTPRequest.m; sourceTree = "<group>"; };
		153B819615C210A3007C0C88 /* ASIHTTPRequestConfig.h */ = {isa = PBXFileReference; fileEncoding = 4; lastKnownFileType = sourcecode.c.h; path = ASIHTTPRequestConfig.h; sourceTree = "<group>"; };
		153B819715C210A3007C0C88 /* ASIHTTPRequestDelegate.h */ = {isa = PBXFileReference; fileEncoding = 4; lastKnownFileType = sourcecode.c.h; path = ASIHTTPRequestDelegate.h; sourceTree = "<group>"; };
		153B819815C210A3007C0C88 /* ASIInputStream.h */ = {isa = PBXFileReference; fileEncoding = 4; lastKnownFileType = sourcecode.c.h; path = ASIInputStream.h; sourceTree = "<group>"; };
		153B819915C210A3007C0C88 /* ASIInputStream.m */ = {isa = PBXFileReference; fileEncoding = 4; lastKnownFileType = sourcecode.c.objc; path = ASIInputStream.m; sourceTree = "<group>"; };
		153B819A15C210A3007C0C88 /* ASINetworkQueue.h */ = {isa = PBXFileReference; fileEncoding = 4; lastKnownFileType = sourcecode.c.h; path = ASINetworkQueue.h; sourceTree = "<group>"; };
		153B819B15C210A3007C0C88 /* ASINetworkQueue.m */ = {isa = PBXFileReference; fileEncoding = 4; lastKnownFileType = sourcecode.c.objc; path = ASINetworkQueue.m; sourceTree = "<group>"; };
		153B819C15C210A3007C0C88 /* ASIProgressDelegate.h */ = {isa = PBXFileReference; fileEncoding = 4; lastKnownFileType = sourcecode.c.h; path = ASIProgressDelegate.h; sourceTree = "<group>"; };
		153B819E15C210A3007C0C88 /* Reachability.h */ = {isa = PBXFileReference; fileEncoding = 4; lastKnownFileType = sourcecode.c.h; path = Reachability.h; sourceTree = "<group>"; };
		153B819F15C210A3007C0C88 /* Reachability.m */ = {isa = PBXFileReference; fileEncoding = 4; lastKnownFileType = sourcecode.c.objc; path = Reachability.m; sourceTree = "<group>"; };
		153B81A115C210A3007C0C88 /* NSData+Base64.h */ = {isa = PBXFileReference; fileEncoding = 4; lastKnownFileType = sourcecode.c.h; path = "NSData+Base64.h"; sourceTree = "<group>"; };
		153B81A215C210A3007C0C88 /* NSData+Base64.m */ = {isa = PBXFileReference; fileEncoding = 4; lastKnownFileType = sourcecode.c.objc; path = "NSData+Base64.m"; sourceTree = "<group>"; };
		153B81A315C210A3007C0C88 /* NSDictionary+QueryString.h */ = {isa = PBXFileReference; fileEncoding = 4; lastKnownFileType = sourcecode.c.h; path = "NSDictionary+QueryString.h"; sourceTree = "<group>"; };
		153B81A415C210A3007C0C88 /* NSDictionary+QueryString.m */ = {isa = PBXFileReference; fileEncoding = 4; lastKnownFileType = sourcecode.c.objc; path = "NSDictionary+QueryString.m"; sourceTree = "<group>"; };
		153B81A515C210A3007C0C88 /* NSString+QueryString.h */ = {isa = PBXFileReference; fileEncoding = 4; lastKnownFileType = sourcecode.c.h; path = "NSString+QueryString.h"; sourceTree = "<group>"; };
		153B81A615C210A3007C0C88 /* NSString+QueryString.m */ = {isa = PBXFileReference; fileEncoding = 4; lastKnownFileType = sourcecode.c.objc; path = "NSString+QueryString.m"; sourceTree = "<group>"; };
		153B81A815C210A3007C0C88 /* KeychainItemWrapper.h */ = {isa = PBXFileReference; fileEncoding = 4; lastKnownFileType = sourcecode.c.h; path = KeychainItemWrapper.h; sourceTree = "<group>"; };
		153B81A915C210A3007C0C88 /* KeychainItemWrapper.m */ = {isa = PBXFileReference; fileEncoding = 4; lastKnownFileType = sourcecode.c.objc; path = KeychainItemWrapper.m; sourceTree = "<group>"; };
		153B81AB15C210A3007C0C88 /* NSObject+KVOBlockBinding.h */ = {isa = PBXFileReference; fileEncoding = 4; lastKnownFileType = sourcecode.c.h; path = "NSObject+KVOBlockBinding.h"; sourceTree = "<group>"; };
		153B81AC15C210A3007C0C88 /* NSObject+KVOBlockBinding.m */ = {isa = PBXFileReference; fileEncoding = 4; lastKnownFileType = sourcecode.c.objc; path = "NSObject+KVOBlockBinding.m"; sourceTree = "<group>"; };
		153B81AE15C210A3007C0C88 /* MBProgressHUD.h */ = {isa = PBXFileReference; fileEncoding = 4; lastKnownFileType = sourcecode.c.h; path = MBProgressHUD.h; sourceTree = "<group>"; };
		153B81AF15C210A3007C0C88 /* MBProgressHUD.m */ = {isa = PBXFileReference; fileEncoding = 4; lastKnownFileType = sourcecode.c.objc; path = MBProgressHUD.m; sourceTree = "<group>"; };
		153B81B115C210A3007C0C88 /* LICENSE */ = {isa = PBXFileReference; fileEncoding = 4; lastKnownFileType = text; path = LICENSE; sourceTree = "<group>"; };
		153B81B215C210A3007C0C88 /* README.md */ = {isa = PBXFileReference; fileEncoding = 4; lastKnownFileType = text; path = README.md; sourceTree = "<group>"; };
		153B81B315C210A3007C0C88 /* SDImageCache.h */ = {isa = PBXFileReference; fileEncoding = 4; lastKnownFileType = sourcecode.c.h; path = SDImageCache.h; sourceTree = "<group>"; };
		153B81B415C210A3007C0C88 /* SDImageCache.m */ = {isa = PBXFileReference; fileEncoding = 4; lastKnownFileType = sourcecode.c.objc; path = SDImageCache.m; sourceTree = "<group>"; };
		153B81B515C210A3007C0C88 /* SDImageCacheDelegate.h */ = {isa = PBXFileReference; fileEncoding = 4; lastKnownFileType = sourcecode.c.h; path = SDImageCacheDelegate.h; sourceTree = "<group>"; };
		153B81B615C210A3007C0C88 /* SDWebImageCompat.h */ = {isa = PBXFileReference; fileEncoding = 4; lastKnownFileType = sourcecode.c.h; path = SDWebImageCompat.h; sourceTree = "<group>"; };
		153B81B715C210A3007C0C88 /* SDWebImageDecoder.h */ = {isa = PBXFileReference; fileEncoding = 4; lastKnownFileType = sourcecode.c.h; path = SDWebImageDecoder.h; sourceTree = "<group>"; };
		153B81B815C210A3007C0C88 /* SDWebImageDecoder.m */ = {isa = PBXFileReference; fileEncoding = 4; lastKnownFileType = sourcecode.c.objc; path = SDWebImageDecoder.m; sourceTree = "<group>"; };
		153B81B915C210A3007C0C88 /* SDWebImageDownloader.h */ = {isa = PBXFileReference; fileEncoding = 4; lastKnownFileType = sourcecode.c.h; path = SDWebImageDownloader.h; sourceTree = "<group>"; };
		153B81BA15C210A3007C0C88 /* SDWebImageDownloader.m */ = {isa = PBXFileReference; fileEncoding = 4; lastKnownFileType = sourcecode.c.objc; path = SDWebImageDownloader.m; sourceTree = "<group>"; };
		153B81BB15C210A3007C0C88 /* SDWebImageDownloaderDelegate.h */ = {isa = PBXFileReference; fileEncoding = 4; lastKnownFileType = sourcecode.c.h; path = SDWebImageDownloaderDelegate.h; sourceTree = "<group>"; };
		153B81BC15C210A3007C0C88 /* SDWebImageManager.h */ = {isa = PBXFileReference; fileEncoding = 4; lastKnownFileType = sourcecode.c.h; path = SDWebImageManager.h; sourceTree = "<group>"; };
		153B81BD15C210A3007C0C88 /* SDWebImageManager.m */ = {isa = PBXFileReference; fileEncoding = 4; lastKnownFileType = sourcecode.c.objc; path = SDWebImageManager.m; sourceTree = "<group>"; };
		153B81BE15C210A3007C0C88 /* SDWebImageManagerDelegate.h */ = {isa = PBXFileReference; fileEncoding = 4; lastKnownFileType = sourcecode.c.h; path = SDWebImageManagerDelegate.h; sourceTree = "<group>"; };
		153B81BF15C210A3007C0C88 /* SDWebImagePrefetcher.h */ = {isa = PBXFileReference; fileEncoding = 4; lastKnownFileType = sourcecode.c.h; path = SDWebImagePrefetcher.h; sourceTree = "<group>"; };
		153B81C015C210A3007C0C88 /* SDWebImagePrefetcher.m */ = {isa = PBXFileReference; fileEncoding = 4; lastKnownFileType = sourcecode.c.objc; path = SDWebImagePrefetcher.m; sourceTree = "<group>"; };
		153B81C115C210A3007C0C88 /* UIButton+WebCache.h */ = {isa = PBXFileReference; fileEncoding = 4; lastKnownFileType = sourcecode.c.h; path = "UIButton+WebCache.h"; sourceTree = "<group>"; };
		153B81C215C210A3007C0C88 /* UIButton+WebCache.m */ = {isa = PBXFileReference; fileEncoding = 4; lastKnownFileType = sourcecode.c.objc; path = "UIButton+WebCache.m"; sourceTree = "<group>"; };
		153B81C315C210A3007C0C88 /* UIImageView+WebCache.h */ = {isa = PBXFileReference; fileEncoding = 4; lastKnownFileType = sourcecode.c.h; path = "UIImageView+WebCache.h"; sourceTree = "<group>"; };
		153B81C415C210A3007C0C88 /* UIImageView+WebCache.m */ = {isa = PBXFileReference; fileEncoding = 4; lastKnownFileType = sourcecode.c.objc; path = "UIImageView+WebCache.m"; sourceTree = "<group>"; };
		153B81C615C210A3007C0C88 /* GCJson.h */ = {isa = PBXFileReference; fileEncoding = 4; lastKnownFileType = sourcecode.c.h; path = GCJson.h; sourceTree = "<group>"; };
		153B81C715C210A3007C0C88 /* GCJsonParser.h */ = {isa = PBXFileReference; fileEncoding = 4; lastKnownFileType = sourcecode.c.h; path = GCJsonParser.h; sourceTree = "<group>"; };
		153B81C815C210A3007C0C88 /* GCJsonParser.m */ = {isa = PBXFileReference; fileEncoding = 4; lastKnownFileType = sourcecode.c.objc; path = GCJsonParser.m; sourceTree = "<group>"; };
		153B81C915C210A3007C0C88 /* GCJsonStreamParser.h */ = {isa = PBXFileReference; fileEncoding = 4; lastKnownFileType = sourcecode.c.h; path = GCJsonStreamParser.h; sourceTree = "<group>"; };
		153B81CA15C210A3007C0C88 /* GCJsonStreamParser.m */ = {isa = PBXFileReference; fileEncoding = 4; lastKnownFileType = sourcecode.c.objc; path = GCJsonStreamParser.m; sourceTree = "<group>"; };
		153B81CB15C210A3007C0C88 /* GCJsonStreamParserAccumulator.h */ = {isa = PBXFileReference; fileEncoding = 4; lastKnownFileType = sourcecode.c.h; path = GCJsonStreamParserAccumulator.h; sourceTree = "<group>"; };
		153B81CC15C210A3007C0C88 /* GCJsonStreamParserAccumulator.m */ = {isa = PBXFileReference; fileEncoding = 4; lastKnownFileType = sourcecode.c.objc; path = GCJsonStreamParserAccumulator.m; sourceTree = "<group>"; };
		153B81CD15C210A3007C0C88 /* GCJsonStreamParserAdapter.h */ = {isa = PBXFileReference; fileEncoding = 4; lastKnownFileType = sourcecode.c.h; path = GCJsonStreamParserAdapter.h; sourceTree = "<group>"; };
		153B81CE15C210A3007C0C88 /* GCJsonStreamParserAdapter.m */ = {isa = PBXFileReference; fileEncoding = 4; lastKnownFileType = sourcecode.c.objc; path = GCJsonStreamParserAdapter.m; sourceTree = "<group>"; };
		153B81CF15C210A3007C0C88 /* GCJsonStreamParserState.h */ = {isa = PBXFileReference; fileEncoding = 4; lastKnownFileType = sourcecode.c.h; path = GCJsonStreamParserState.h; sourceTree = "<group>"; };
		153B81D015C210A3007C0C88 /* GCJsonStreamParserState.m */ = {isa = PBXFileReference; fileEncoding = 4; lastKnownFileType = sourcecode.c.objc; path = GCJsonStreamParserState.m; sourceTree = "<group>"; };
		153B81D115C210A3007C0C88 /* GCJsonStreamWriter.h */ = {isa = PBXFileReference; fileEncoding = 4; lastKnownFileType = sourcecode.c.h; path = GCJsonStreamWriter.h; sourceTree = "<group>"; };
		153B81D215C210A3007C0C88 /* GCJsonStreamWriter.m */ = {isa = PBXFileReference; fileEncoding = 4; lastKnownFileType = sourcecode.c.objc; path = GCJsonStreamWriter.m; sourceTree = "<group>"; };
		153B81D315C210A3007C0C88 /* GCJsonStreamWriterAccumulator.h */ = {isa = PBXFileReference; fileEncoding = 4; lastKnownFileType = sourcecode.c.h; path = GCJsonStreamWriterAccumulator.h; sourceTree = "<group>"; };
		153B81D415C210A3007C0C88 /* GCJsonStreamWriterAccumulator.m */ = {isa = PBXFileReference; fileEncoding = 4; lastKnownFileType = sourcecode.c.objc; path = GCJsonStreamWriterAccumulator.m; sourceTree = "<group>"; };
		153B81D515C210A3007C0C88 /* GCJsonStreamWriterState.h */ = {isa = PBXFileReference; fileEncoding = 4; lastKnownFileType = sourcecode.c.h; path = GCJsonStreamWriterState.h; sourceTree = "<group>"; };
		153B81D615C210A3007C0C88 /* GCJsonStreamWriterState.m */ = {isa = PBXFileReference; fileEncoding = 4; lastKnownFileType = sourcecode.c.objc; path = GCJsonStreamWriterState.m; sourceTree = "<group>"; };
		153B81D715C210A3007C0C88 /* GCJsonTokeniser.h */ = {isa = PBXFileReference; fileEncoding = 4; lastKnownFileType = sourcecode.c.h; path = GCJsonTokeniser.h; sourceTree = "<group>"; };
		153B81D815C210A3007C0C88 /* GCJsonTokeniser.m */ = {isa = PBXFileReference; fileEncoding = 4; lastKnownFileType = sourcecode.c.objc; path = GCJsonTokeniser.m; sourceTree = "<group>"; };
		153B81D915C210A3007C0C88 /* GCJsonUTF8Stream.h */ = {isa = PBXFileReference; fileEncoding = 4; lastKnownFileType = sourcecode.c.h; path = GCJsonUTF8Stream.h; sourceTree = "<group>"; };
		153B81DA15C210A3007C0C88 /* GCJsonUTF8Stream.m */ = {isa = PBXFileReference; fileEncoding = 4; lastKnownFileType = sourcecode.c.objc; path = GCJsonUTF8Stream.m; sourceTree = "<group>"; };
		153B81DB15C210A3007C0C88 /* GCJsonWriter.h */ = {isa = PBXFileReference; fileEncoding = 4; lastKnownFileType = sourcecode.c.h; path = GCJsonWriter.h; sourceTree = "<group>"; };
		153B81DC15C210A3007C0C88 /* GCJsonWriter.m */ = {isa = PBXFileReference; fileEncoding = 4; lastKnownFileType = sourcecode.c.objc; path = GCJsonWriter.m; sourceTree = "<group>"; };
		153B81DD15C210A3007C0C88 /* NSObject+GCJson.h */ = {isa = PBXFileReference; fileEncoding = 4; lastKnownFileType = sourcecode.c.h; path = "NSObject+GCJson.h"; sourceTree = "<group>"; };
		153B81DE15C210A3007C0C88 /* NSObject+GCJson.m */ = {isa = PBXFileReference; fileEncoding = 4; lastKnownFileType = sourcecode.c.objc; path = "NSObject+GCJson.m"; sourceTree = "<group>"; };
		1562856914E8D6EC00FC2F4C /* ChuteStarterProject.app */ = {isa = PBXFileReference; explicitFileType = wrapper.application; includeInIndex = 0; path = ChuteStarterProject.app; sourceTree = BUILT_PRODUCTS_DIR; };
		1562856D14E8D6EC00FC2F4C /* UIKit.framework */ = {isa = PBXFileReference; lastKnownFileType = wrapper.framework; name = UIKit.framework; path = System/Library/Frameworks/UIKit.framework; sourceTree = SDKROOT; };
		1562856F14E8D6EC00FC2F4C /* Foundation.framework */ = {isa = PBXFileReference; lastKnownFileType = wrapper.framework; name = Foundation.framework; path = System/Library/Frameworks/Foundation.framework; sourceTree = SDKROOT; };
		1562857114E8D6EC00FC2F4C /* CoreGraphics.framework */ = {isa = PBXFileReference; lastKnownFileType = wrapper.framework; name = CoreGraphics.framework; path = System/Library/Frameworks/CoreGraphics.framework; sourceTree = SDKROOT; };
		1562857514E8D6EC00FC2F4C /* ChuteStarterProject-Info.plist */ = {isa = PBXFileReference; lastKnownFileType = text.plist.xml; path = "ChuteStarterProject-Info.plist"; sourceTree = "<group>"; };
		1562857714E8D6EC00FC2F4C /* en */ = {isa = PBXFileReference; lastKnownFileType = text.plist.strings; name = en; path = en.lproj/InfoPlist.strings; sourceTree = "<group>"; };
		1562857914E8D6EC00FC2F4C /* main.m */ = {isa = PBXFileReference; lastKnownFileType = sourcecode.c.objc; path = main.m; sourceTree = "<group>"; };
		1562857B14E8D6EC00FC2F4C /* ChuteStarterProject-Prefix.pch */ = {isa = PBXFileReference; lastKnownFileType = sourcecode.c.h; path = "ChuteStarterProject-Prefix.pch"; sourceTree = "<group>"; };
		1562857C14E8D6EC00FC2F4C /* AppDelegate.h */ = {isa = PBXFileReference; lastKnownFileType = sourcecode.c.h; path = AppDelegate.h; sourceTree = "<group>"; };
		1562857D14E8D6EC00FC2F4C /* AppDelegate.m */ = {isa = PBXFileReference; lastKnownFileType = sourcecode.c.objc; path = AppDelegate.m; sourceTree = "<group>"; };
		1562857F14E8D6EC00FC2F4C /* ViewController.h */ = {isa = PBXFileReference; lastKnownFileType = sourcecode.c.h; path = ViewController.h; sourceTree = "<group>"; };
		1562858014E8D6EC00FC2F4C /* ViewController.m */ = {isa = PBXFileReference; lastKnownFileType = sourcecode.c.objc; path = ViewController.m; sourceTree = "<group>"; };
		1562858314E8D6EC00FC2F4C /* en */ = {isa = PBXFileReference; lastKnownFileType = file.xib; name = en; path = en.lproj/ViewController.xib; sourceTree = "<group>"; };
		1562865E14E8D79600FC2F4C /* AssetsLibrary.framework */ = {isa = PBXFileReference; lastKnownFileType = wrapper.framework; name = AssetsLibrary.framework; path = System/Library/Frameworks/AssetsLibrary.framework; sourceTree = SDKROOT; };
		1562865F14E8D79600FC2F4C /* CFNetwork.framework */ = {isa = PBXFileReference; lastKnownFileType = wrapper.framework; name = CFNetwork.framework; path = System/Library/Frameworks/CFNetwork.framework; sourceTree = SDKROOT; };
		1562866014E8D79600FC2F4C /* EventKit.framework */ = {isa = PBXFileReference; lastKnownFileType = wrapper.framework; name = EventKit.framework; path = System/Library/Frameworks/EventKit.framework; sourceTree = SDKROOT; };
		1562866114E8D79600FC2F4C /* libz.dylib */ = {isa = PBXFileReference; lastKnownFileType = "compiled.mach-o.dylib"; name = libz.dylib; path = usr/lib/libz.dylib; sourceTree = SDKROOT; };
		1562866214E8D79600FC2F4C /* MessageUI.framework */ = {isa = PBXFileReference; lastKnownFileType = wrapper.framework; name = MessageUI.framework; path = System/Library/Frameworks/MessageUI.framework; sourceTree = SDKROOT; };
		1562866314E8D79600FC2F4C /* MobileCoreServices.framework */ = {isa = PBXFileReference; lastKnownFileType = wrapper.framework; name = MobileCoreServices.framework; path = System/Library/Frameworks/MobileCoreServices.framework; sourceTree = SDKROOT; };
		1562866414E8D79600FC2F4C /* Security.framework */ = {isa = PBXFileReference; lastKnownFileType = wrapper.framework; name = Security.framework; path = System/Library/Frameworks/Security.framework; sourceTree = SDKROOT; };
		1562866514E8D79600FC2F4C /* SystemConfiguration.framework */ = {isa = PBXFileReference; lastKnownFileType = wrapper.framework; name = SystemConfiguration.framework; path = System/Library/Frameworks/SystemConfiguration.framework; sourceTree = SDKROOT; };
/* End PBXFileReference section */

/* Begin PBXFrameworksBuildPhase section */
		1562856614E8D6EC00FC2F4C /* Frameworks */ = {
			isa = PBXFrameworksBuildPhase;
			buildActionMask = 2147483647;
			files = (
				1562866614E8D79600FC2F4C /* AssetsLibrary.framework in Frameworks */,
				1562866714E8D79600FC2F4C /* CFNetwork.framework in Frameworks */,
				1562866814E8D79600FC2F4C /* EventKit.framework in Frameworks */,
				1562866914E8D79600FC2F4C /* libz.dylib in Frameworks */,
				1562866A14E8D79600FC2F4C /* MessageUI.framework in Frameworks */,
				1562866B14E8D79600FC2F4C /* MobileCoreServices.framework in Frameworks */,
				1562866C14E8D79600FC2F4C /* Security.framework in Frameworks */,
				1562866D14E8D79600FC2F4C /* SystemConfiguration.framework in Frameworks */,
				1562856E14E8D6EC00FC2F4C /* UIKit.framework in Frameworks */,
				1562857014E8D6EC00FC2F4C /* Foundation.framework in Frameworks */,
				1562857214E8D6EC00FC2F4C /* CoreGraphics.framework in Frameworks */,
			);
			runOnlyForDeploymentPostprocessing = 0;
		};
/* End PBXFrameworksBuildPhase section */

/* Begin PBXGroup section */
		15152860150EA05F00218507 /* PhotoPickerPlus */ = {
			isa = PBXGroup;
			children = (
				15152861150EA05F00218507 /* PhotoPickerPlus.h */,
				15152862150EA05F00218507 /* PhotoPickerPlus.m */,
				15152864150EA05F00218507 /* assets */,
			);
			name = PhotoPickerPlus;
			path = ../../PhotoPickerPlus/PhotoPickerPlus;
			sourceTree = "<group>";
		};
		15152864150EA05F00218507 /* assets */ = {
			isa = PBXGroup;
			children = (
				15152866150EA05F00218507 /* facebook.png */,
				15152867150EA05F00218507 /* flickr.png */,
				15152868150EA05F00218507 /* instagram.png */,
				15152869150EA05F00218507 /* picasa.png */,
				1515286A150EA05F00218507 /* selectionIndicator.png */,
				1515286B150EA05F00218507 /* selectionIndicator@2x.png */,
			);
			path = assets;
			sourceTree = "<group>";
		};
		153B815515C210A3007C0C88 /* Chute SDK */ = {
			isa = PBXGroup;
			children = (
				153B815615C210A3007C0C88 /* Categories */,
				153B815915C210A3007C0C88 /* Classes */,
				153B818015C210A3007C0C88 /* GCConstants.h */,
				153B818115C210A3007C0C88 /* Include */,
				153B818315C210A3007C0C88 /* Resources */,
				153B818715C210A3007C0C88 /* Vendor */,
			);
			name = "Chute SDK";
			path = "../../PhotoPickerPlus/Chute SDK";
			sourceTree = "<group>";
		};
		153B815615C210A3007C0C88 /* Categories */ = {
			isa = PBXGroup;
			children = (
				153B815715C210A3007C0C88 /* GC_UIImage+Extras.h */,
				153B815815C210A3007C0C88 /* GC_UIImage+Extras.m */,
			);
			path = Categories;
			sourceTree = "<group>";
		};
		153B815915C210A3007C0C88 /* Classes */ = {
			isa = PBXGroup;
			children = (
				153B815A15C210A3007C0C88 /* Core */,
				153B816815C210A3007C0C88 /* Model */,
				153B817715C210A3007C0C88 /* UI */,
			);
			path = Classes;
			sourceTree = "<group>";
		};
		153B815A15C210A3007C0C88 /* Core */ = {
			isa = PBXGroup;
			children = (
				153B815B15C210A3007C0C88 /* GCAssetUploader.h */,
				153B815C15C210A3007C0C88 /* GCAssetUploader.m */,
				153B815D15C210A3007C0C88 /* GCError.h */,
				153B815E15C210A3007C0C88 /* GCError.m */,
				153B815F15C210A3007C0C88 /* GCMacros.h */,
				153B816015C210A3007C0C88 /* GCRequest.h */,
				153B816115C210A3007C0C88 /* GCRequest.m */,
				153B816215C210A3007C0C88 /* GCResource.h */,
				153B816315C210A3007C0C88 /* GCResource.m */,
				153B816415C210A3007C0C88 /* GCResponse.h */,
				153B816515C210A3007C0C88 /* GCResponse.m */,
				153B816615C210A3007C0C88 /* GCUploader.h */,
				153B816715C210A3007C0C88 /* GCUploader.m */,
			);
			path = Core;
			sourceTree = "<group>";
		};
		153B816815C210A3007C0C88 /* Model */ = {
			isa = PBXGroup;
			children = (
				153B816915C210A3007C0C88 /* GCAccount.h */,
				153B816A15C210A3007C0C88 /* GCAccount.m */,
				153B816B15C210A3007C0C88 /* GCAsset.h */,
				153B816C15C210A3007C0C88 /* GCAsset.m */,
				153B816D15C210A3007C0C88 /* GCChute.h */,
				153B816E15C210A3007C0C88 /* GCChute.m */,
				153B816F15C210A3007C0C88 /* GCComment.h */,
				153B817015C210A3007C0C88 /* GCComment.m */,
				153B817115C210A3007C0C88 /* GCInvite.h */,
				153B817215C210A3007C0C88 /* GCInvite.m */,
				153B817315C210A3007C0C88 /* GCParcel.h */,
				153B817415C210A3007C0C88 /* GCParcel.m */,
				153B817515C210A3007C0C88 /* GCUser.h */,
				153B817615C210A3007C0C88 /* GCUser.m */,
			);
			path = Model;
			sourceTree = "<group>";
		};
		153B817715C210A3007C0C88 /* UI */ = {
			isa = PBXGroup;
			children = (
				153B817815C210A3007C0C88 /* GCDateFilteredUploadPicker.h */,
				153B817915C210A3007C0C88 /* GCDateFilteredUploadPicker.m */,
				153B817A15C210A3007C0C88 /* GCEventEmailComponent.h */,
				153B817B15C210A3007C0C88 /* GCEventEmailComponent.m */,
				153B817C15C210A3007C0C88 /* GCLoginViewController.h */,
				153B817D15C210A3007C0C88 /* GCLoginViewController.m */,
				153B817E15C210A3007C0C88 /* GCUIBaseViewController.h */,
				153B817F15C210A3007C0C88 /* GCUIBaseViewController.m */,
			);
			path = UI;
			sourceTree = "<group>";
		};
		153B818115C210A3007C0C88 /* Include */ = {
			isa = PBXGroup;
			children = (
				153B818215C210A3007C0C88 /* GetChute.h */,
			);
			path = Include;
			sourceTree = "<group>";
		};
		153B818315C210A3007C0C88 /* Resources */ = {
			isa = PBXGroup;
			children = (
				153B818415C210A3007C0C88 /* XIB */,
			);
			path = Resources;
			sourceTree = "<group>";
		};
		153B818415C210A3007C0C88 /* XIB */ = {
			isa = PBXGroup;
			children = (
				153B818515C210A3007C0C88 /* GCDateFilteredUploadPicker.xib */,
				153B818615C210A3007C0C88 /* GCLoginViewController.xib */,
			);
			path = XIB;
			sourceTree = "<group>";
		};
		153B818715C210A3007C0C88 /* Vendor */ = {
			isa = PBXGroup;
			children = (
				153B818815C210A3007C0C88 /* ASIHttpRequest */,
				153B81A015C210A3007C0C88 /* Extras */,
				153B81A715C210A3007C0C88 /* Keychain */,
				153B81AA15C210A3007C0C88 /* KVOBlockBinding */,
				153B81AD15C210A3007C0C88 /* MBProgressHUD */,
				153B81B015C210A3007C0C88 /* rs-SDWebImage-23ae1cb */,
				153B81C515C210A3007C0C88 /* SBJson */,
			);
			path = Vendor;
			sourceTree = "<group>";
		};
		153B818815C210A3007C0C88 /* ASIHttpRequest */ = {
			isa = PBXGroup;
			children = (
				153B818915C210A3007C0C88 /* ASIAuthenticationDialog.h */,
				153B818A15C210A3007C0C88 /* ASIAuthenticationDialog.m */,
				153B818B15C210A3007C0C88 /* ASICacheDelegate.h */,
				153B818C15C210A3007C0C88 /* ASIDataCompressor.h */,
				153B818D15C210A3007C0C88 /* ASIDataCompressor.m */,
				153B818E15C210A3007C0C88 /* ASIDataDecompressor.h */,
				153B818F15C210A3007C0C88 /* ASIDataDecompressor.m */,
				153B819015C210A3007C0C88 /* ASIDownloadCache.h */,
				153B819115C210A3007C0C88 /* ASIDownloadCache.m */,
				153B819215C210A3007C0C88 /* ASIFormDataRequest.h */,
				153B819315C210A3007C0C88 /* ASIFormDataRequest.m */,
				153B819415C210A3007C0C88 /* ASIHTTPRequest.h */,
				153B819515C210A3007C0C88 /* ASIHTTPRequest.m */,
				153B819615C210A3007C0C88 /* ASIHTTPRequestConfig.h */,
				153B819715C210A3007C0C88 /* ASIHTTPRequestDelegate.h */,
				153B819815C210A3007C0C88 /* ASIInputStream.h */,
				153B819915C210A3007C0C88 /* ASIInputStream.m */,
				153B819A15C210A3007C0C88 /* ASINetworkQueue.h */,
				153B819B15C210A3007C0C88 /* ASINetworkQueue.m */,
				153B819C15C210A3007C0C88 /* ASIProgressDelegate.h */,
				153B819D15C210A3007C0C88 /* Reachability */,
			);
			path = ASIHttpRequest;
			sourceTree = "<group>";
		};
		153B819D15C210A3007C0C88 /* Reachability */ = {
			isa = PBXGroup;
			children = (
				153B819E15C210A3007C0C88 /* Reachability.h */,
				153B819F15C210A3007C0C88 /* Reachability.m */,
			);
			path = Reachability;
			sourceTree = "<group>";
		};
		153B81A015C210A3007C0C88 /* Extras */ = {
			isa = PBXGroup;
			children = (
				153B81A115C210A3007C0C88 /* NSData+Base64.h */,
				153B81A215C210A3007C0C88 /* NSData+Base64.m */,
				153B81A315C210A3007C0C88 /* NSDictionary+QueryString.h */,
				153B81A415C210A3007C0C88 /* NSDictionary+QueryString.m */,
				153B81A515C210A3007C0C88 /* NSString+QueryString.h */,
				153B81A615C210A3007C0C88 /* NSString+QueryString.m */,
			);
			path = Extras;
			sourceTree = "<group>";
		};
		153B81A715C210A3007C0C88 /* Keychain */ = {
			isa = PBXGroup;
			children = (
				153B81A815C210A3007C0C88 /* KeychainItemWrapper.h */,
				153B81A915C210A3007C0C88 /* KeychainItemWrapper.m */,
			);
			path = Keychain;
			sourceTree = "<group>";
		};
		153B81AA15C210A3007C0C88 /* KVOBlockBinding */ = {
			isa = PBXGroup;
			children = (
				153B81AB15C210A3007C0C88 /* NSObject+KVOBlockBinding.h */,
				153B81AC15C210A3007C0C88 /* NSObject+KVOBlockBinding.m */,
			);
			path = KVOBlockBinding;
			sourceTree = "<group>";
		};
		153B81AD15C210A3007C0C88 /* MBProgressHUD */ = {
			isa = PBXGroup;
			children = (
				153B81AE15C210A3007C0C88 /* MBProgressHUD.h */,
				153B81AF15C210A3007C0C88 /* MBProgressHUD.m */,
			);
			path = MBProgressHUD;
			sourceTree = "<group>";
		};
		153B81B015C210A3007C0C88 /* rs-SDWebImage-23ae1cb */ = {
			isa = PBXGroup;
			children = (
				153B81B115C210A3007C0C88 /* LICENSE */,
				153B81B215C210A3007C0C88 /* README.md */,
				153B81B315C210A3007C0C88 /* SDImageCache.h */,
				153B81B415C210A3007C0C88 /* SDImageCache.m */,
				153B81B515C210A3007C0C88 /* SDImageCacheDelegate.h */,
				153B81B615C210A3007C0C88 /* SDWebImageCompat.h */,
				153B81B715C210A3007C0C88 /* SDWebImageDecoder.h */,
				153B81B815C210A3007C0C88 /* SDWebImageDecoder.m */,
				153B81B915C210A3007C0C88 /* SDWebImageDownloader.h */,
				153B81BA15C210A3007C0C88 /* SDWebImageDownloader.m */,
				153B81BB15C210A3007C0C88 /* SDWebImageDownloaderDelegate.h */,
				153B81BC15C210A3007C0C88 /* SDWebImageManager.h */,
				153B81BD15C210A3007C0C88 /* SDWebImageManager.m */,
				153B81BE15C210A3007C0C88 /* SDWebImageManagerDelegate.h */,
				153B81BF15C210A3007C0C88 /* SDWebImagePrefetcher.h */,
				153B81C015C210A3007C0C88 /* SDWebImagePrefetcher.m */,
				153B81C115C210A3007C0C88 /* UIButton+WebCache.h */,
				153B81C215C210A3007C0C88 /* UIButton+WebCache.m */,
				153B81C315C210A3007C0C88 /* UIImageView+WebCache.h */,
				153B81C415C210A3007C0C88 /* UIImageView+WebCache.m */,
			);
			path = "rs-SDWebImage-23ae1cb";
			sourceTree = "<group>";
		};
		153B81C515C210A3007C0C88 /* SBJson */ = {
			isa = PBXGroup;
			children = (
				153B81C615C210A3007C0C88 /* GCJson.h */,
				153B81C715C210A3007C0C88 /* GCJsonParser.h */,
				153B81C815C210A3007C0C88 /* GCJsonParser.m */,
				153B81C915C210A3007C0C88 /* GCJsonStreamParser.h */,
				153B81CA15C210A3007C0C88 /* GCJsonStreamParser.m */,
				153B81CB15C210A3007C0C88 /* GCJsonStreamParserAccumulator.h */,
				153B81CC15C210A3007C0C88 /* GCJsonStreamParserAccumulator.m */,
				153B81CD15C210A3007C0C88 /* GCJsonStreamParserAdapter.h */,
				153B81CE15C210A3007C0C88 /* GCJsonStreamParserAdapter.m */,
				153B81CF15C210A3007C0C88 /* GCJsonStreamParserState.h */,
				153B81D015C210A3007C0C88 /* GCJsonStreamParserState.m */,
				153B81D115C210A3007C0C88 /* GCJsonStreamWriter.h */,
				153B81D215C210A3007C0C88 /* GCJsonStreamWriter.m */,
				153B81D315C210A3007C0C88 /* GCJsonStreamWriterAccumulator.h */,
				153B81D415C210A3007C0C88 /* GCJsonStreamWriterAccumulator.m */,
				153B81D515C210A3007C0C88 /* GCJsonStreamWriterState.h */,
				153B81D615C210A3007C0C88 /* GCJsonStreamWriterState.m */,
				153B81D715C210A3007C0C88 /* GCJsonTokeniser.h */,
				153B81D815C210A3007C0C88 /* GCJsonTokeniser.m */,
				153B81D915C210A3007C0C88 /* GCJsonUTF8Stream.h */,
				153B81DA15C210A3007C0C88 /* GCJsonUTF8Stream.m */,
				153B81DB15C210A3007C0C88 /* GCJsonWriter.h */,
				153B81DC15C210A3007C0C88 /* GCJsonWriter.m */,
				153B81DD15C210A3007C0C88 /* NSObject+GCJson.h */,
				153B81DE15C210A3007C0C88 /* NSObject+GCJson.m */,
			);
			path = SBJson;
			sourceTree = "<group>";
		};
		1562855E14E8D6EB00FC2F4C = {
			isa = PBXGroup;
			children = (
				153B815515C210A3007C0C88 /* Chute SDK */,
				15152860150EA05F00218507 /* PhotoPickerPlus */,
				1562857314E8D6EC00FC2F4C /* ChuteStarterProject */,
				1562856C14E8D6EC00FC2F4C /* Frameworks */,
				1562856A14E8D6EC00FC2F4C /* Products */,
			);
			sourceTree = "<group>";
		};
		1562856A14E8D6EC00FC2F4C /* Products */ = {
			isa = PBXGroup;
			children = (
				1562856914E8D6EC00FC2F4C /* ChuteStarterProject.app */,
			);
			name = Products;
			sourceTree = "<group>";
		};
		1562856C14E8D6EC00FC2F4C /* Frameworks */ = {
			isa = PBXGroup;
			children = (
				1562865E14E8D79600FC2F4C /* AssetsLibrary.framework */,
				1562865F14E8D79600FC2F4C /* CFNetwork.framework */,
				1562866014E8D79600FC2F4C /* EventKit.framework */,
				1562866114E8D79600FC2F4C /* libz.dylib */,
				1562866214E8D79600FC2F4C /* MessageUI.framework */,
				1562866314E8D79600FC2F4C /* MobileCoreServices.framework */,
				1562866414E8D79600FC2F4C /* Security.framework */,
				1562866514E8D79600FC2F4C /* SystemConfiguration.framework */,
				1562856D14E8D6EC00FC2F4C /* UIKit.framework */,
				1562856F14E8D6EC00FC2F4C /* Foundation.framework */,
				1562857114E8D6EC00FC2F4C /* CoreGraphics.framework */,
			);
			name = Frameworks;
			sourceTree = "<group>";
		};
		1562857314E8D6EC00FC2F4C /* ChuteStarterProject */ = {
			isa = PBXGroup;
			children = (
				1562857C14E8D6EC00FC2F4C /* AppDelegate.h */,
				1562857D14E8D6EC00FC2F4C /* AppDelegate.m */,
				1562857F14E8D6EC00FC2F4C /* ViewController.h */,
				1562858014E8D6EC00FC2F4C /* ViewController.m */,
				1562858214E8D6EC00FC2F4C /* ViewController.xib */,
				1562857414E8D6EC00FC2F4C /* Supporting Files */,
			);
			path = ChuteStarterProject;
			sourceTree = "<group>";
		};
		1562857414E8D6EC00FC2F4C /* Supporting Files */ = {
			isa = PBXGroup;
			children = (
				1562857514E8D6EC00FC2F4C /* ChuteStarterProject-Info.plist */,
				1562857614E8D6EC00FC2F4C /* InfoPlist.strings */,
				1562857914E8D6EC00FC2F4C /* main.m */,
				1562857B14E8D6EC00FC2F4C /* ChuteStarterProject-Prefix.pch */,
			);
			name = "Supporting Files";
			sourceTree = "<group>";
		};
/* End PBXGroup section */

/* Begin PBXNativeTarget section */
		1562856814E8D6EC00FC2F4C /* ChuteStarterProject */ = {
			isa = PBXNativeTarget;
			buildConfigurationList = 1562858714E8D6EC00FC2F4C /* Build configuration list for PBXNativeTarget "ChuteStarterProject" */;
			buildPhases = (
				1562856514E8D6EC00FC2F4C /* Sources */,
				1562856614E8D6EC00FC2F4C /* Frameworks */,
				1562856714E8D6EC00FC2F4C /* Resources */,
			);
			buildRules = (
			);
			dependencies = (
			);
			name = ChuteStarterProject;
			productName = ChuteStarterProject;
			productReference = 1562856914E8D6EC00FC2F4C /* ChuteStarterProject.app */;
			productType = "com.apple.product-type.application";
		};
/* End PBXNativeTarget section */

/* Begin PBXProject section */
		1562856014E8D6EB00FC2F4C /* Project object */ = {
			isa = PBXProject;
			attributes = {
				LastUpgradeCheck = 0430;
			};
			buildConfigurationList = 1562856314E8D6EB00FC2F4C /* Build configuration list for PBXProject "ChuteStarterProject" */;
			compatibilityVersion = "Xcode 3.2";
			developmentRegion = English;
			hasScannedForEncodings = 0;
			knownRegions = (
				en,
			);
			mainGroup = 1562855E14E8D6EB00FC2F4C;
			productRefGroup = 1562856A14E8D6EC00FC2F4C /* Products */;
			projectDirPath = "";
			projectRoot = "";
			targets = (
				1562856814E8D6EC00FC2F4C /* ChuteStarterProject */,
			);
		};
/* End PBXProject section */

/* Begin PBXResourcesBuildPhase section */
		1562856714E8D6EC00FC2F4C /* Resources */ = {
			isa = PBXResourcesBuildPhase;
			buildActionMask = 2147483647;
			files = (
				1562857814E8D6EC00FC2F4C /* InfoPlist.strings in Resources */,
				1562858414E8D6EC00FC2F4C /* ViewController.xib in Resources */,
				151528A7150EA05F00218507 /* facebook.png in Resources */,
				151528A8150EA05F00218507 /* flickr.png in Resources */,
				151528A9150EA05F00218507 /* instagram.png in Resources */,
				151528AA150EA05F00218507 /* picasa.png in Resources */,
				151528AB150EA05F00218507 /* selectionIndicator.png in Resources */,
				151528AC150EA05F00218507 /* selectionIndicator@2x.png in Resources */,
				153B81F115C210A3007C0C88 /* GCDateFilteredUploadPicker.xib in Resources */,
				153B81F215C210A3007C0C88 /* GCLoginViewController.xib in Resources */,
				153B820215C210A3007C0C88 /* LICENSE in Resources */,
				153B820315C210A3007C0C88 /* README.md in Resources */,
			);
			runOnlyForDeploymentPostprocessing = 0;
		};
/* End PBXResourcesBuildPhase section */

/* Begin PBXSourcesBuildPhase section */
		1562856514E8D6EC00FC2F4C /* Sources */ = {
			isa = PBXSourcesBuildPhase;
			buildActionMask = 2147483647;
			files = (
				1562857A14E8D6EC00FC2F4C /* main.m in Sources */,
				1562857E14E8D6EC00FC2F4C /* AppDelegate.m in Sources */,
				1562858114E8D6EC00FC2F4C /* ViewController.m in Sources */,
				151528A4150EA05F00218507 /* PhotoPickerPlus.m in Sources */,
				153B81DF15C210A3007C0C88 /* GC_UIImage+Extras.m in Sources */,
				153B81E015C210A3007C0C88 /* GCAssetUploader.m in Sources */,
				153B81E115C210A3007C0C88 /* GCError.m in Sources */,
				153B81E215C210A3007C0C88 /* GCRequest.m in Sources */,
				153B81E315C210A3007C0C88 /* GCResource.m in Sources */,
				153B81E415C210A3007C0C88 /* GCResponse.m in Sources */,
				153B81E515C210A3007C0C88 /* GCUploader.m in Sources */,
				153B81E615C210A3007C0C88 /* GCAccount.m in Sources */,
				153B81E715C210A3007C0C88 /* GCAsset.m in Sources */,
				153B81E815C210A3007C0C88 /* GCChute.m in Sources */,
				153B81E915C210A3007C0C88 /* GCComment.m in Sources */,
				153B81EA15C210A3007C0C88 /* GCInvite.m in Sources */,
				153B81EB15C210A3007C0C88 /* GCParcel.m in Sources */,
				153B81EC15C210A3007C0C88 /* GCUser.m in Sources */,
				153B81ED15C210A3007C0C88 /* GCDateFilteredUploadPicker.m in Sources */,
				153B81EE15C210A3007C0C88 /* GCEventEmailComponent.m in Sources */,
				153B81EF15C210A3007C0C88 /* GCLoginViewController.m in Sources */,
				153B81F015C210A3007C0C88 /* GCUIBaseViewController.m in Sources */,
				153B81F315C210A3007C0C88 /* ASIAuthenticationDialog.m in Sources */,
				153B81F415C210A3007C0C88 /* ASIDataCompressor.m in Sources */,
				153B81F515C210A3007C0C88 /* ASIDataDecompressor.m in Sources */,
				153B81F615C210A3007C0C88 /* ASIDownloadCache.m in Sources */,
				153B81F715C210A3007C0C88 /* ASIFormDataRequest.m in Sources */,
				153B81F815C210A3007C0C88 /* ASIHTTPRequest.m in Sources */,
				153B81F915C210A3007C0C88 /* ASIInputStream.m in Sources */,
				153B81FA15C210A3007C0C88 /* ASINetworkQueue.m in Sources */,
				153B81FB15C210A3007C0C88 /* Reachability.m in Sources */,
				153B81FC15C210A3007C0C88 /* NSData+Base64.m in Sources */,
				153B81FD15C210A3007C0C88 /* NSDictionary+QueryString.m in Sources */,
				153B81FE15C210A3007C0C88 /* NSString+QueryString.m in Sources */,
				153B81FF15C210A3007C0C88 /* KeychainItemWrapper.m in Sources */,
				153B820015C210A3007C0C88 /* NSObject+KVOBlockBinding.m in Sources */,
				153B820115C210A3007C0C88 /* MBProgressHUD.m in Sources */,
				153B820415C210A3007C0C88 /* SDImageCache.m in Sources */,
				153B820515C210A3007C0C88 /* SDWebImageDecoder.m in Sources */,
				153B820615C210A3007C0C88 /* SDWebImageDownloader.m in Sources */,
				153B820715C210A3007C0C88 /* SDWebImageManager.m in Sources */,
				153B820815C210A3007C0C88 /* SDWebImagePrefetcher.m in Sources */,
				153B820915C210A3007C0C88 /* UIButton+WebCache.m in Sources */,
				153B820A15C210A3007C0C88 /* UIImageView+WebCache.m in Sources */,
				153B820B15C210A3007C0C88 /* GCJsonParser.m in Sources */,
				153B820C15C210A3007C0C88 /* GCJsonStreamParser.m in Sources */,
				153B820D15C210A3007C0C88 /* GCJsonStreamParserAccumulator.m in Sources */,
				153B820E15C210A3007C0C88 /* GCJsonStreamParserAdapter.m in Sources */,
				153B820F15C210A3007C0C88 /* GCJsonStreamParserState.m in Sources */,
				153B821015C210A3007C0C88 /* GCJsonStreamWriter.m in Sources */,
				153B821115C210A3007C0C88 /* GCJsonStreamWriterAccumulator.m in Sources */,
				153B821215C210A3007C0C88 /* GCJsonStreamWriterState.m in Sources */,
				153B821315C210A3007C0C88 /* GCJsonTokeniser.m in Sources */,
				153B821415C210A3007C0C88 /* GCJsonUTF8Stream.m in Sources */,
				153B821515C210A3007C0C88 /* GCJsonWriter.m in Sources */,
				153B821615C210A3007C0C88 /* NSObject+GCJson.m in Sources */,
			);
			runOnlyForDeploymentPostprocessing = 0;
		};
/* End PBXSourcesBuildPhase section */

/* Begin PBXVariantGroup section */
		1562857614E8D6EC00FC2F4C /* InfoPlist.strings */ = {
			isa = PBXVariantGroup;
			children = (
				1562857714E8D6EC00FC2F4C /* en */,
			);
			name = InfoPlist.strings;
			sourceTree = "<group>";
		};
		1562858214E8D6EC00FC2F4C /* ViewController.xib */ = {
			isa = PBXVariantGroup;
			children = (
				1562858314E8D6EC00FC2F4C /* en */,
			);
			name = ViewController.xib;
			sourceTree = "<group>";
		};
/* End PBXVariantGroup section */

/* Begin XCBuildConfiguration section */
		1562858514E8D6EC00FC2F4C /* Debug */ = {
			isa = XCBuildConfiguration;
			buildSettings = {
				ALWAYS_SEARCH_USER_PATHS = NO;
				ARCHS = "$(ARCHS_STANDARD_32_BIT)";
				"CODE_SIGN_IDENTITY[sdk=iphoneos*]" = "iPhone Developer";
				COPY_PHASE_STRIP = NO;
				GCC_C_LANGUAGE_STANDARD = gnu99;
				GCC_DYNAMIC_NO_PIC = NO;
				GCC_OPTIMIZATION_LEVEL = 0;
				GCC_PREPROCESSOR_DEFINITIONS = (
					"DEBUG=1",
					"$(inherited)",
				);
				GCC_SYMBOLS_PRIVATE_EXTERN = NO;
				GCC_VERSION = com.apple.compilers.llvm.clang.1_0;
				GCC_WARN_ABOUT_MISSING_PROTOTYPES = YES;
				GCC_WARN_ABOUT_RETURN_TYPE = YES;
				GCC_WARN_UNUSED_VARIABLE = YES;
				IPHONEOS_DEPLOYMENT_TARGET = 5.1;
				SDKROOT = iphoneos;
			};
			name = Debug;
		};
		1562858614E8D6EC00FC2F4C /* Release */ = {
			isa = XCBuildConfiguration;
			buildSettings = {
				ALWAYS_SEARCH_USER_PATHS = NO;
				ARCHS = "$(ARCHS_STANDARD_32_BIT)";
				"CODE_SIGN_IDENTITY[sdk=iphoneos*]" = "iPhone Developer";
				COPY_PHASE_STRIP = YES;
				GCC_C_LANGUAGE_STANDARD = gnu99;
				GCC_VERSION = com.apple.compilers.llvm.clang.1_0;
				GCC_WARN_ABOUT_MISSING_PROTOTYPES = YES;
				GCC_WARN_ABOUT_RETURN_TYPE = YES;
				GCC_WARN_UNUSED_VARIABLE = YES;
				IPHONEOS_DEPLOYMENT_TARGET = 5.1;
				OTHER_CFLAGS = "-DNS_BLOCK_ASSERTIONS=1";
				SDKROOT = iphoneos;
				VALIDATE_PRODUCT = YES;
			};
			name = Release;
		};
		1562858814E8D6EC00FC2F4C /* Debug */ = {
			isa = XCBuildConfiguration;
			buildSettings = {
				GCC_PRECOMPILE_PREFIX_HEADER = YES;
				GCC_PREFIX_HEADER = "ChuteStarterProject/ChuteStarterProject-Prefix.pch";
				INFOPLIST_FILE = "ChuteStarterProject/ChuteStarterProject-Info.plist";
				PRODUCT_NAME = "$(TARGET_NAME)";
				WRAPPER_EXTENSION = app;
			};
			name = Debug;
		};
		1562858914E8D6EC00FC2F4C /* Release */ = {
			isa = XCBuildConfiguration;
			buildSettings = {
				GCC_PRECOMPILE_PREFIX_HEADER = YES;
				GCC_PREFIX_HEADER = "ChuteStarterProject/ChuteStarterProject-Prefix.pch";
				INFOPLIST_FILE = "ChuteStarterProject/ChuteStarterProject-Info.plist";
				PRODUCT_NAME = "$(TARGET_NAME)";
				WRAPPER_EXTENSION = app;
			};
			name = Release;
		};
/* End XCBuildConfiguration section */

/* Begin XCConfigurationList section */
		1562856314E8D6EB00FC2F4C /* Build configuration list for PBXProject "ChuteStarterProject" */ = {
			isa = XCConfigurationList;
			buildConfigurations = (
				1562858514E8D6EC00FC2F4C /* Debug */,
				1562858614E8D6EC00FC2F4C /* Release */,
			);
			defaultConfigurationIsVisible = 0;
			defaultConfigurationName = Release;
		};
		1562858714E8D6EC00FC2F4C /* Build configuration list for PBXNativeTarget "ChuteStarterProject" */ = {
			isa = XCConfigurationList;
			buildConfigurations = (
				1562858814E8D6EC00FC2F4C /* Debug */,
				1562858914E8D6EC00FC2F4C /* Release */,
			);
			defaultConfigurationIsVisible = 0;
			defaultConfigurationName = Release;
		};
/* End XCConfigurationList section */
	};
	rootObject = 1562856014E8D6EB00FC2F4C /* Project object */;
}
