// !$*UTF8*$!
{
	archiveVersion = 1;
	classes = {
	};
	objectVersion = 46;
	objects = {

/* Begin PBXBuildFile section */
		151528A4150EA05F00218507 /* PhotoPickerPlus.m in Sources */ = {isa = PBXBuildFile; fileRef = 15152862150EA05F00218507 /* PhotoPickerPlus.m */; };
		151528A7150EA05F00218507 /* facebook.png in Resources */ = {isa = PBXBuildFile; fileRef = 15152866150EA05F00218507 /* facebook.png */; };
		151528A8150EA05F00218507 /* flickr.png in Resources */ = {isa = PBXBuildFile; fileRef = 15152867150EA05F00218507 /* flickr.png */; };
		151528A9150EA05F00218507 /* instagram.png in Resources */ = {isa = PBXBuildFile; fileRef = 15152868150EA05F00218507 /* instagram.png */; };
		151528AA150EA05F00218507 /* picasa.png in Resources */ = {isa = PBXBuildFile; fileRef = 15152869150EA05F00218507 /* picasa.png */; };
		151528AB150EA05F00218507 /* selectionIndicator.png in Resources */ = {isa = PBXBuildFile; fileRef = 1515286A150EA05F00218507 /* selectionIndicator.png */; };
		151528AC150EA05F00218507 /* selectionIndicator@2x.png in Resources */ = {isa = PBXBuildFile; fileRef = 1515286B150EA05F00218507 /* selectionIndicator@2x.png */; };
		1562856E14E8D6EC00FC2F4C /* UIKit.framework in Frameworks */ = {isa = PBXBuildFile; fileRef = 1562856D14E8D6EC00FC2F4C /* UIKit.framework */; };
		1562857014E8D6EC00FC2F4C /* Foundation.framework in Frameworks */ = {isa = PBXBuildFile; fileRef = 1562856F14E8D6EC00FC2F4C /* Foundation.framework */; };
		1562857214E8D6EC00FC2F4C /* CoreGraphics.framework in Frameworks */ = {isa = PBXBuildFile; fileRef = 1562857114E8D6EC00FC2F4C /* CoreGraphics.framework */; };
		1562857814E8D6EC00FC2F4C /* InfoPlist.strings in Resources */ = {isa = PBXBuildFile; fileRef = 1562857614E8D6EC00FC2F4C /* InfoPlist.strings */; };
		1562857A14E8D6EC00FC2F4C /* main.m in Sources */ = {isa = PBXBuildFile; fileRef = 1562857914E8D6EC00FC2F4C /* main.m */; };
		1562857E14E8D6EC00FC2F4C /* AppDelegate.m in Sources */ = {isa = PBXBuildFile; fileRef = 1562857D14E8D6EC00FC2F4C /* AppDelegate.m */; };
		1562858114E8D6EC00FC2F4C /* ViewController.m in Sources */ = {isa = PBXBuildFile; fileRef = 1562858014E8D6EC00FC2F4C /* ViewController.m */; };
		1562858414E8D6EC00FC2F4C /* ViewController.xib in Resources */ = {isa = PBXBuildFile; fileRef = 1562858214E8D6EC00FC2F4C /* ViewController.xib */; };
		1562866614E8D79600FC2F4C /* AssetsLibrary.framework in Frameworks */ = {isa = PBXBuildFile; fileRef = 1562865E14E8D79600FC2F4C /* AssetsLibrary.framework */; };
		1562866714E8D79600FC2F4C /* CFNetwork.framework in Frameworks */ = {isa = PBXBuildFile; fileRef = 1562865F14E8D79600FC2F4C /* CFNetwork.framework */; };
		1562866814E8D79600FC2F4C /* EventKit.framework in Frameworks */ = {isa = PBXBuildFile; fileRef = 1562866014E8D79600FC2F4C /* EventKit.framework */; };
		1562866914E8D79600FC2F4C /* libz.dylib in Frameworks */ = {isa = PBXBuildFile; fileRef = 1562866114E8D79600FC2F4C /* libz.dylib */; };
		1562866A14E8D79600FC2F4C /* MessageUI.framework in Frameworks */ = {isa = PBXBuildFile; fileRef = 1562866214E8D79600FC2F4C /* MessageUI.framework */; };
		1562866B14E8D79600FC2F4C /* MobileCoreServices.framework in Frameworks */ = {isa = PBXBuildFile; fileRef = 1562866314E8D79600FC2F4C /* MobileCoreServices.framework */; };
		1562866C14E8D79600FC2F4C /* Security.framework in Frameworks */ = {isa = PBXBuildFile; fileRef = 1562866414E8D79600FC2F4C /* Security.framework */; };
		1562866D14E8D79600FC2F4C /* SystemConfiguration.framework in Frameworks */ = {isa = PBXBuildFile; fileRef = 1562866514E8D79600FC2F4C /* SystemConfiguration.framework */; };
		D8AB26B517386B0B00436272 /* GC_UIImage+Extras.m in Sources */ = {isa = PBXBuildFile; fileRef = D8AB262B17386B0B00436272 /* GC_UIImage+Extras.m */; };
		D8AB26B617386B0B00436272 /* NSString+URLEncode.m in Sources */ = {isa = PBXBuildFile; fileRef = D8AB262D17386B0B00436272 /* NSString+URLEncode.m */; };
		D8AB26B717386B0B00436272 /* GCAssetUploader.m in Sources */ = {isa = PBXBuildFile; fileRef = D8AB263217386B0B00436272 /* GCAssetUploader.m */; };
		D8AB26B817386B0B00436272 /* GCError.m in Sources */ = {isa = PBXBuildFile; fileRef = D8AB263417386B0B00436272 /* GCError.m */; };
		D8AB26B917386B0B00436272 /* GCRequest.m in Sources */ = {isa = PBXBuildFile; fileRef = D8AB263717386B0B00436272 /* GCRequest.m */; };
		D8AB26BA17386B0B00436272 /* GCResource.m in Sources */ = {isa = PBXBuildFile; fileRef = D8AB263917386B0B00436272 /* GCResource.m */; };
		D8AB26BB17386B0B00436272 /* GCResponse.m in Sources */ = {isa = PBXBuildFile; fileRef = D8AB263B17386B0B00436272 /* GCResponse.m */; };
		D8AB26BC17386B0B00436272 /* GCUploader.m in Sources */ = {isa = PBXBuildFile; fileRef = D8AB263D17386B0B00436272 /* GCUploader.m */; };
		D8AB26BD17386B0B00436272 /* GCAccount.m in Sources */ = {isa = PBXBuildFile; fileRef = D8AB264017386B0B00436272 /* GCAccount.m */; };
		D8AB26BE17386B0B00436272 /* GCAsset.m in Sources */ = {isa = PBXBuildFile; fileRef = D8AB264217386B0B00436272 /* GCAsset.m */; };
		D8AB26BF17386B0B00436272 /* GCChute.m in Sources */ = {isa = PBXBuildFile; fileRef = D8AB264417386B0B00436272 /* GCChute.m */; };
		D8AB26C017386B0B00436272 /* GCComment.m in Sources */ = {isa = PBXBuildFile; fileRef = D8AB264617386B0B00436272 /* GCComment.m */; };
		D8AB26C117386B0B00436272 /* GCInvite.m in Sources */ = {isa = PBXBuildFile; fileRef = D8AB264817386B0B00436272 /* GCInvite.m */; };
		D8AB26C217386B0B00436272 /* GCParcel.m in Sources */ = {isa = PBXBuildFile; fileRef = D8AB264A17386B0B00436272 /* GCParcel.m */; };
		D8AB26C317386B0B00436272 /* GCUser.m in Sources */ = {isa = PBXBuildFile; fileRef = D8AB264C17386B0B00436272 /* GCUser.m */; };
		D8AB26C417386B0B00436272 /* GCDateFilteredUploadPicker.m in Sources */ = {isa = PBXBuildFile; fileRef = D8AB264F17386B0B00436272 /* GCDateFilteredUploadPicker.m */; };
		D8AB26C517386B0B00436272 /* GCEventEmailComponent.m in Sources */ = {isa = PBXBuildFile; fileRef = D8AB265117386B0B00436272 /* GCEventEmailComponent.m */; };
		D8AB26C617386B0B00436272 /* GCLoginViewController.m in Sources */ = {isa = PBXBuildFile; fileRef = D8AB265317386B0B00436272 /* GCLoginViewController.m */; };
		D8AB26C717386B0B00436272 /* GCUIBaseViewController.m in Sources */ = {isa = PBXBuildFile; fileRef = D8AB265517386B0B00436272 /* GCUIBaseViewController.m */; };
		D8AB26C817386B0B00436272 /* GCDateFilteredUploadPicker.xib in Resources */ = {isa = PBXBuildFile; fileRef = D8AB265B17386B0B00436272 /* GCDateFilteredUploadPicker.xib */; };
		D8AB26C917386B0B00436272 /* GCLoginViewController.xib in Resources */ = {isa = PBXBuildFile; fileRef = D8AB265C17386B0B00436272 /* GCLoginViewController.xib */; };
		D8AB26CA17386B0B00436272 /* GC_ASIAuthenticationDialog.m in Sources */ = {isa = PBXBuildFile; fileRef = D8AB266017386B0B00436272 /* GC_ASIAuthenticationDialog.m */; };
		D8AB26CB17386B0B00436272 /* GC_ASIDataCompressor.m in Sources */ = {isa = PBXBuildFile; fileRef = D8AB266317386B0B00436272 /* GC_ASIDataCompressor.m */; };
		D8AB26CC17386B0B00436272 /* GC_ASIDataDecompressor.m in Sources */ = {isa = PBXBuildFile; fileRef = D8AB266517386B0B00436272 /* GC_ASIDataDecompressor.m */; };
		D8AB26CD17386B0B00436272 /* GC_ASIDownloadCache.m in Sources */ = {isa = PBXBuildFile; fileRef = D8AB266717386B0B00436272 /* GC_ASIDownloadCache.m */; };
		D8AB26CE17386B0B00436272 /* GC_ASIFormDataRequest.m in Sources */ = {isa = PBXBuildFile; fileRef = D8AB266917386B0B00436272 /* GC_ASIFormDataRequest.m */; };
		D8AB26CF17386B0B00436272 /* GC_ASIHTTPRequest.m in Sources */ = {isa = PBXBuildFile; fileRef = D8AB266B17386B0B00436272 /* GC_ASIHTTPRequest.m */; };
		D8AB26D017386B0B00436272 /* GC_ASIInputStream.m in Sources */ = {isa = PBXBuildFile; fileRef = D8AB266F17386B0B00436272 /* GC_ASIInputStream.m */; };
		D8AB26D117386B0B00436272 /* GC_ASINetworkQueue.m in Sources */ = {isa = PBXBuildFile; fileRef = D8AB267117386B0B00436272 /* GC_ASINetworkQueue.m */; };
		D8AB26D217386B0B00436272 /* GC_Reachability.m in Sources */ = {isa = PBXBuildFile; fileRef = D8AB267517386B0B00436272 /* GC_Reachability.m */; };
		D8AB26D317386B0B00436272 /* NSData+Base64.m in Sources */ = {isa = PBXBuildFile; fileRef = D8AB267817386B0B00436272 /* NSData+Base64.m */; };
		D8AB26D417386B0B00436272 /* NSDictionary+QueryString.m in Sources */ = {isa = PBXBuildFile; fileRef = D8AB267A17386B0B00436272 /* NSDictionary+QueryString.m */; };
		D8AB26D517386B0B00436272 /* NSString+QueryString.m in Sources */ = {isa = PBXBuildFile; fileRef = D8AB267C17386B0B00436272 /* NSString+QueryString.m */; };
		D8AB26D617386B0B00436272 /* GC_KeychainItemWrapper.m in Sources */ = {isa = PBXBuildFile; fileRef = D8AB267F17386B0B00436272 /* GC_KeychainItemWrapper.m */; };
		D8AB26D717386B0B00436272 /* NSObject+KVOBlockBinding.m in Sources */ = {isa = PBXBuildFile; fileRef = D8AB268217386B0B00436272 /* NSObject+KVOBlockBinding.m */; };
		D8AB26D817386B0B00436272 /* GC_MBProgressHUD.m in Sources */ = {isa = PBXBuildFile; fileRef = D8AB268517386B0B00436272 /* GC_MBProgressHUD.m */; };
		D8AB26D917386B0B00436272 /* LICENSE in Resources */ = {isa = PBXBuildFile; fileRef = D8AB268717386B0B00436272 /* LICENSE */; };
		D8AB26DA17386B0B00436272 /* README.md in Resources */ = {isa = PBXBuildFile; fileRef = D8AB268817386B0B00436272 /* README.md */; };
		D8AB26DB17386B0B00436272 /* SDImageCache.m in Sources */ = {isa = PBXBuildFile; fileRef = D8AB268A17386B0B00436272 /* SDImageCache.m */; };
		D8AB26DC17386B0B00436272 /* SDWebImageDecoder.m in Sources */ = {isa = PBXBuildFile; fileRef = D8AB268E17386B0B00436272 /* SDWebImageDecoder.m */; };
		D8AB26DD17386B0B00436272 /* SDWebImageDownloader.m in Sources */ = {isa = PBXBuildFile; fileRef = D8AB269017386B0B00436272 /* SDWebImageDownloader.m */; };
		D8AB26DE17386B0B00436272 /* SDWebImageManager.m in Sources */ = {isa = PBXBuildFile; fileRef = D8AB269317386B0B00436272 /* SDWebImageManager.m */; };
		D8AB26DF17386B0B00436272 /* SDWebImagePrefetcher.m in Sources */ = {isa = PBXBuildFile; fileRef = D8AB269617386B0B00436272 /* SDWebImagePrefetcher.m */; };
		D8AB26E017386B0B00436272 /* UIButton+WebCache.m in Sources */ = {isa = PBXBuildFile; fileRef = D8AB269817386B0B00436272 /* UIButton+WebCache.m */; };
		D8AB26E117386B0B00436272 /* UIImageView+WebCache.m in Sources */ = {isa = PBXBuildFile; fileRef = D8AB269A17386B0B00436272 /* UIImageView+WebCache.m */; };
		D8AB26E217386B0B00436272 /* GCJsonParser.m in Sources */ = {isa = PBXBuildFile; fileRef = D8AB269E17386B0B00436272 /* GCJsonParser.m */; };
		D8AB26E317386B0B00436272 /* GCJsonStreamParser.m in Sources */ = {isa = PBXBuildFile; fileRef = D8AB26A017386B0B00436272 /* GCJsonStreamParser.m */; };
		D8AB26E417386B0B00436272 /* GCJsonStreamParserAccumulator.m in Sources */ = {isa = PBXBuildFile; fileRef = D8AB26A217386B0B00436272 /* GCJsonStreamParserAccumulator.m */; };
		D8AB26E517386B0B00436272 /* GCJsonStreamParserAdapter.m in Sources */ = {isa = PBXBuildFile; fileRef = D8AB26A417386B0B00436272 /* GCJsonStreamParserAdapter.m */; };
		D8AB26E617386B0B00436272 /* GCJsonStreamParserState.m in Sources */ = {isa = PBXBuildFile; fileRef = D8AB26A617386B0B00436272 /* GCJsonStreamParserState.m */; };
		D8AB26E717386B0B00436272 /* GCJsonStreamWriter.m in Sources */ = {isa = PBXBuildFile; fileRef = D8AB26A817386B0B00436272 /* GCJsonStreamWriter.m */; };
		D8AB26E817386B0B00436272 /* GCJsonStreamWriterAccumulator.m in Sources */ = {isa = PBXBuildFile; fileRef = D8AB26AA17386B0B00436272 /* GCJsonStreamWriterAccumulator.m */; };
		D8AB26E917386B0B00436272 /* GCJsonStreamWriterState.m in Sources */ = {isa = PBXBuildFile; fileRef = D8AB26AC17386B0B00436272 /* GCJsonStreamWriterState.m */; };
		D8AB26EA17386B0B00436272 /* GCJsonTokeniser.m in Sources */ = {isa = PBXBuildFile; fileRef = D8AB26AE17386B0B00436272 /* GCJsonTokeniser.m */; };
		D8AB26EB17386B0B00436272 /* GCJsonUTF8Stream.m in Sources */ = {isa = PBXBuildFile; fileRef = D8AB26B017386B0B00436272 /* GCJsonUTF8Stream.m */; };
		D8AB26EC17386B0B00436272 /* GCJsonWriter.m in Sources */ = {isa = PBXBuildFile; fileRef = D8AB26B217386B0B00436272 /* GCJsonWriter.m */; };
		D8AB26ED17386B0B00436272 /* NSObject+GCJson.m in Sources */ = {isa = PBXBuildFile; fileRef = D8AB26B417386B0B00436272 /* NSObject+GCJson.m */; };
/* End PBXBuildFile section */

/* Begin PBXFileReference section */
		15152861150EA05F00218507 /* PhotoPickerPlus.h */ = {isa = PBXFileReference; fileEncoding = 4; lastKnownFileType = sourcecode.c.h; path = PhotoPickerPlus.h; sourceTree = "<group>"; };
		15152862150EA05F00218507 /* PhotoPickerPlus.m */ = {isa = PBXFileReference; fileEncoding = 4; lastKnownFileType = sourcecode.c.objc; path = PhotoPickerPlus.m; sourceTree = "<group>"; };
		15152866150EA05F00218507 /* facebook.png */ = {isa = PBXFileReference; lastKnownFileType = image.png; path = facebook.png; sourceTree = "<group>"; };
		15152867150EA05F00218507 /* flickr.png */ = {isa = PBXFileReference; lastKnownFileType = image.png; path = flickr.png; sourceTree = "<group>"; };
		15152868150EA05F00218507 /* instagram.png */ = {isa = PBXFileReference; lastKnownFileType = image.png; path = instagram.png; sourceTree = "<group>"; };
		15152869150EA05F00218507 /* picasa.png */ = {isa = PBXFileReference; lastKnownFileType = image.png; path = picasa.png; sourceTree = "<group>"; };
		1515286A150EA05F00218507 /* selectionIndicator.png */ = {isa = PBXFileReference; lastKnownFileType = image.png; path = selectionIndicator.png; sourceTree = "<group>"; };
		1515286B150EA05F00218507 /* selectionIndicator@2x.png */ = {isa = PBXFileReference; lastKnownFileType = image.png; path = "selectionIndicator@2x.png"; sourceTree = "<group>"; };
		1562856914E8D6EC00FC2F4C /* ChuteStarterProject.app */ = {isa = PBXFileReference; explicitFileType = wrapper.application; includeInIndex = 0; path = ChuteStarterProject.app; sourceTree = BUILT_PRODUCTS_DIR; };
		1562856D14E8D6EC00FC2F4C /* UIKit.framework */ = {isa = PBXFileReference; lastKnownFileType = wrapper.framework; name = UIKit.framework; path = System/Library/Frameworks/UIKit.framework; sourceTree = SDKROOT; };
		1562856F14E8D6EC00FC2F4C /* Foundation.framework */ = {isa = PBXFileReference; lastKnownFileType = wrapper.framework; name = Foundation.framework; path = System/Library/Frameworks/Foundation.framework; sourceTree = SDKROOT; };
		1562857114E8D6EC00FC2F4C /* CoreGraphics.framework */ = {isa = PBXFileReference; lastKnownFileType = wrapper.framework; name = CoreGraphics.framework; path = System/Library/Frameworks/CoreGraphics.framework; sourceTree = SDKROOT; };
		1562857514E8D6EC00FC2F4C /* ChuteStarterProject-Info.plist */ = {isa = PBXFileReference; lastKnownFileType = text.plist.xml; path = "ChuteStarterProject-Info.plist"; sourceTree = "<group>"; };
		1562857714E8D6EC00FC2F4C /* en */ = {isa = PBXFileReference; lastKnownFileType = text.plist.strings; name = en; path = en.lproj/InfoPlist.strings; sourceTree = "<group>"; };
		1562857914E8D6EC00FC2F4C /* main.m */ = {isa = PBXFileReference; lastKnownFileType = sourcecode.c.objc; path = main.m; sourceTree = "<group>"; };
		1562857B14E8D6EC00FC2F4C /* ChuteStarterProject-Prefix.pch */ = {isa = PBXFileReference; lastKnownFileType = sourcecode.c.h; path = "ChuteStarterProject-Prefix.pch"; sourceTree = "<group>"; };
		1562857C14E8D6EC00FC2F4C /* AppDelegate.h */ = {isa = PBXFileReference; lastKnownFileType = sourcecode.c.h; path = AppDelegate.h; sourceTree = "<group>"; };
		1562857D14E8D6EC00FC2F4C /* AppDelegate.m */ = {isa = PBXFileReference; lastKnownFileType = sourcecode.c.objc; path = AppDelegate.m; sourceTree = "<group>"; };
		1562857F14E8D6EC00FC2F4C /* ViewController.h */ = {isa = PBXFileReference; lastKnownFileType = sourcecode.c.h; path = ViewController.h; sourceTree = "<group>"; };
		1562858014E8D6EC00FC2F4C /* ViewController.m */ = {isa = PBXFileReference; lastKnownFileType = sourcecode.c.objc; path = ViewController.m; sourceTree = "<group>"; };
		1562858314E8D6EC00FC2F4C /* en */ = {isa = PBXFileReference; lastKnownFileType = file.xib; name = en; path = en.lproj/ViewController.xib; sourceTree = "<group>"; };
		1562865E14E8D79600FC2F4C /* AssetsLibrary.framework */ = {isa = PBXFileReference; lastKnownFileType = wrapper.framework; name = AssetsLibrary.framework; path = System/Library/Frameworks/AssetsLibrary.framework; sourceTree = SDKROOT; };
		1562865F14E8D79600FC2F4C /* CFNetwork.framework */ = {isa = PBXFileReference; lastKnownFileType = wrapper.framework; name = CFNetwork.framework; path = System/Library/Frameworks/CFNetwork.framework; sourceTree = SDKROOT; };
		1562866014E8D79600FC2F4C /* EventKit.framework */ = {isa = PBXFileReference; lastKnownFileType = wrapper.framework; name = EventKit.framework; path = System/Library/Frameworks/EventKit.framework; sourceTree = SDKROOT; };
		1562866114E8D79600FC2F4C /* libz.dylib */ = {isa = PBXFileReference; lastKnownFileType = "compiled.mach-o.dylib"; name = libz.dylib; path = usr/lib/libz.dylib; sourceTree = SDKROOT; };
		1562866214E8D79600FC2F4C /* MessageUI.framework */ = {isa = PBXFileReference; lastKnownFileType = wrapper.framework; name = MessageUI.framework; path = System/Library/Frameworks/MessageUI.framework; sourceTree = SDKROOT; };
		1562866314E8D79600FC2F4C /* MobileCoreServices.framework */ = {isa = PBXFileReference; lastKnownFileType = wrapper.framework; name = MobileCoreServices.framework; path = System/Library/Frameworks/MobileCoreServices.framework; sourceTree = SDKROOT; };
		1562866414E8D79600FC2F4C /* Security.framework */ = {isa = PBXFileReference; lastKnownFileType = wrapper.framework; name = Security.framework; path = System/Library/Frameworks/Security.framework; sourceTree = SDKROOT; };
		1562866514E8D79600FC2F4C /* SystemConfiguration.framework */ = {isa = PBXFileReference; lastKnownFileType = wrapper.framework; name = SystemConfiguration.framework; path = System/Library/Frameworks/SystemConfiguration.framework; sourceTree = SDKROOT; };
		D8AB262A17386B0B00436272 /* GC_UIImage+Extras.h */ = {isa = PBXFileReference; fileEncoding = 4; lastKnownFileType = sourcecode.c.h; path = "GC_UIImage+Extras.h"; sourceTree = "<group>"; };
		D8AB262B17386B0B00436272 /* GC_UIImage+Extras.m */ = {isa = PBXFileReference; fileEncoding = 4; lastKnownFileType = sourcecode.c.objc; path = "GC_UIImage+Extras.m"; sourceTree = "<group>"; };
		D8AB262C17386B0B00436272 /* NSString+URLEncode.h */ = {isa = PBXFileReference; fileEncoding = 4; lastKnownFileType = sourcecode.c.h; path = "NSString+URLEncode.h"; sourceTree = "<group>"; };
		D8AB262D17386B0B00436272 /* NSString+URLEncode.m */ = {isa = PBXFileReference; fileEncoding = 4; lastKnownFileType = sourcecode.c.objc; path = "NSString+URLEncode.m"; sourceTree = "<group>"; };
		D8AB262E17386B0B00436272 /* Chute-SDK-Prefix.pch */ = {isa = PBXFileReference; fileEncoding = 4; lastKnownFileType = sourcecode.c.h; path = "Chute-SDK-Prefix.pch"; sourceTree = "<group>"; };
		D8AB263117386B0B00436272 /* GCAssetUploader.h */ = {isa = PBXFileReference; fileEncoding = 4; lastKnownFileType = sourcecode.c.h; path = GCAssetUploader.h; sourceTree = "<group>"; };
		D8AB263217386B0B00436272 /* GCAssetUploader.m */ = {isa = PBXFileReference; fileEncoding = 4; lastKnownFileType = sourcecode.c.objc; path = GCAssetUploader.m; sourceTree = "<group>"; };
		D8AB263317386B0B00436272 /* GCError.h */ = {isa = PBXFileReference; fileEncoding = 4; lastKnownFileType = sourcecode.c.h; path = GCError.h; sourceTree = "<group>"; };
		D8AB263417386B0B00436272 /* GCError.m */ = {isa = PBXFileReference; fileEncoding = 4; lastKnownFileType = sourcecode.c.objc; path = GCError.m; sourceTree = "<group>"; };
		D8AB263517386B0B00436272 /* GCMacros.h */ = {isa = PBXFileReference; fileEncoding = 4; lastKnownFileType = sourcecode.c.h; path = GCMacros.h; sourceTree = "<group>"; };
		D8AB263617386B0B00436272 /* GCRequest.h */ = {isa = PBXFileReference; fileEncoding = 4; lastKnownFileType = sourcecode.c.h; path = GCRequest.h; sourceTree = "<group>"; };
		D8AB263717386B0B00436272 /* GCRequest.m */ = {isa = PBXFileReference; fileEncoding = 4; lastKnownFileType = sourcecode.c.objc; path = GCRequest.m; sourceTree = "<group>"; };
		D8AB263817386B0B00436272 /* GCResource.h */ = {isa = PBXFileReference; fileEncoding = 4; lastKnownFileType = sourcecode.c.h; path = GCResource.h; sourceTree = "<group>"; };
		D8AB263917386B0B00436272 /* GCResource.m */ = {isa = PBXFileReference; fileEncoding = 4; lastKnownFileType = sourcecode.c.objc; path = GCResource.m; sourceTree = "<group>"; };
		D8AB263A17386B0B00436272 /* GCResponse.h */ = {isa = PBXFileReference; fileEncoding = 4; lastKnownFileType = sourcecode.c.h; path = GCResponse.h; sourceTree = "<group>"; };
		D8AB263B17386B0B00436272 /* GCResponse.m */ = {isa = PBXFileReference; fileEncoding = 4; lastKnownFileType = sourcecode.c.objc; path = GCResponse.m; sourceTree = "<group>"; };
		D8AB263C17386B0B00436272 /* GCUploader.h */ = {isa = PBXFileReference; fileEncoding = 4; lastKnownFileType = sourcecode.c.h; path = GCUploader.h; sourceTree = "<group>"; };
		D8AB263D17386B0B00436272 /* GCUploader.m */ = {isa = PBXFileReference; fileEncoding = 4; lastKnownFileType = sourcecode.c.objc; path = GCUploader.m; sourceTree = "<group>"; };
		D8AB263F17386B0B00436272 /* GCAccount.h */ = {isa = PBXFileReference; fileEncoding = 4; lastKnownFileType = sourcecode.c.h; path = GCAccount.h; sourceTree = "<group>"; };
		D8AB264017386B0B00436272 /* GCAccount.m */ = {isa = PBXFileReference; fileEncoding = 4; lastKnownFileType = sourcecode.c.objc; path = GCAccount.m; sourceTree = "<group>"; };
		D8AB264117386B0B00436272 /* GCAsset.h */ = {isa = PBXFileReference; fileEncoding = 4; lastKnownFileType = sourcecode.c.h; path = GCAsset.h; sourceTree = "<group>"; };
		D8AB264217386B0B00436272 /* GCAsset.m */ = {isa = PBXFileReference; fileEncoding = 4; lastKnownFileType = sourcecode.c.objc; path = GCAsset.m; sourceTree = "<group>"; };
		D8AB264317386B0B00436272 /* GCChute.h */ = {isa = PBXFileReference; fileEncoding = 4; lastKnownFileType = sourcecode.c.h; path = GCChute.h; sourceTree = "<group>"; };
		D8AB264417386B0B00436272 /* GCChute.m */ = {isa = PBXFileReference; fileEncoding = 4; lastKnownFileType = sourcecode.c.objc; path = GCChute.m; sourceTree = "<group>"; };
		D8AB264517386B0B00436272 /* GCComment.h */ = {isa = PBXFileReference; fileEncoding = 4; lastKnownFileType = sourcecode.c.h; path = GCComment.h; sourceTree = "<group>"; };
		D8AB264617386B0B00436272 /* GCComment.m */ = {isa = PBXFileReference; fileEncoding = 4; lastKnownFileType = sourcecode.c.objc; path = GCComment.m; sourceTree = "<group>"; };
		D8AB264717386B0B00436272 /* GCInvite.h */ = {isa = PBXFileReference; fileEncoding = 4; lastKnownFileType = sourcecode.c.h; path = GCInvite.h; sourceTree = "<group>"; };
		D8AB264817386B0B00436272 /* GCInvite.m */ = {isa = PBXFileReference; fileEncoding = 4; lastKnownFileType = sourcecode.c.objc; path = GCInvite.m; sourceTree = "<group>"; };
		D8AB264917386B0B00436272 /* GCParcel.h */ = {isa = PBXFileReference; fileEncoding = 4; lastKnownFileType = sourcecode.c.h; path = GCParcel.h; sourceTree = "<group>"; };
		D8AB264A17386B0B00436272 /* GCParcel.m */ = {isa = PBXFileReference; fileEncoding = 4; lastKnownFileType = sourcecode.c.objc; path = GCParcel.m; sourceTree = "<group>"; };
		D8AB264B17386B0B00436272 /* GCUser.h */ = {isa = PBXFileReference; fileEncoding = 4; lastKnownFileType = sourcecode.c.h; path = GCUser.h; sourceTree = "<group>"; };
		D8AB264C17386B0B00436272 /* GCUser.m */ = {isa = PBXFileReference; fileEncoding = 4; lastKnownFileType = sourcecode.c.objc; path = GCUser.m; sourceTree = "<group>"; };
		D8AB264E17386B0B00436272 /* GCDateFilteredUploadPicker.h */ = {isa = PBXFileReference; fileEncoding = 4; lastKnownFileType = sourcecode.c.h; path = GCDateFilteredUploadPicker.h; sourceTree = "<group>"; };
		D8AB264F17386B0B00436272 /* GCDateFilteredUploadPicker.m */ = {isa = PBXFileReference; fileEncoding = 4; lastKnownFileType = sourcecode.c.objc; path = GCDateFilteredUploadPicker.m; sourceTree = "<group>"; };
		D8AB265017386B0B00436272 /* GCEventEmailComponent.h */ = {isa = PBXFileReference; fileEncoding = 4; lastKnownFileType = sourcecode.c.h; path = GCEventEmailComponent.h; sourceTree = "<group>"; };
		D8AB265117386B0B00436272 /* GCEventEmailComponent.m */ = {isa = PBXFileReference; fileEncoding = 4; lastKnownFileType = sourcecode.c.objc; path = GCEventEmailComponent.m; sourceTree = "<group>"; };
		D8AB265217386B0B00436272 /* GCLoginViewController.h */ = {isa = PBXFileReference; fileEncoding = 4; lastKnownFileType = sourcecode.c.h; path = GCLoginViewController.h; sourceTree = "<group>"; };
		D8AB265317386B0B00436272 /* GCLoginViewController.m */ = {isa = PBXFileReference; fileEncoding = 4; lastKnownFileType = sourcecode.c.objc; path = GCLoginViewController.m; sourceTree = "<group>"; };
		D8AB265417386B0B00436272 /* GCUIBaseViewController.h */ = {isa = PBXFileReference; fileEncoding = 4; lastKnownFileType = sourcecode.c.h; path = GCUIBaseViewController.h; sourceTree = "<group>"; };
		D8AB265517386B0B00436272 /* GCUIBaseViewController.m */ = {isa = PBXFileReference; fileEncoding = 4; lastKnownFileType = sourcecode.c.objc; path = GCUIBaseViewController.m; sourceTree = "<group>"; };
		D8AB265617386B0B00436272 /* GCConstants.h */ = {isa = PBXFileReference; fileEncoding = 4; lastKnownFileType = sourcecode.c.h; path = GCConstants.h; sourceTree = "<group>"; };
		D8AB265817386B0B00436272 /* GetChute.h */ = {isa = PBXFileReference; fileEncoding = 4; lastKnownFileType = sourcecode.c.h; path = GetChute.h; sourceTree = "<group>"; };
		D8AB265B17386B0B00436272 /* GCDateFilteredUploadPicker.xib */ = {isa = PBXFileReference; fileEncoding = 4; lastKnownFileType = file.xib; path = GCDateFilteredUploadPicker.xib; sourceTree = "<group>"; };
		D8AB265C17386B0B00436272 /* GCLoginViewController.xib */ = {isa = PBXFileReference; fileEncoding = 4; lastKnownFileType = file.xib; path = GCLoginViewController.xib; sourceTree = "<group>"; };
		D8AB265F17386B0B00436272 /* GC_ASIAuthenticationDialog.h */ = {isa = PBXFileReference; fileEncoding = 4; lastKnownFileType = sourcecode.c.h; path = GC_ASIAuthenticationDialog.h; sourceTree = "<group>"; };
		D8AB266017386B0B00436272 /* GC_ASIAuthenticationDialog.m */ = {isa = PBXFileReference; fileEncoding = 4; lastKnownFileType = sourcecode.c.objc; path = GC_ASIAuthenticationDialog.m; sourceTree = "<group>"; };
		D8AB266117386B0B00436272 /* GC_ASICacheDelegate.h */ = {isa = PBXFileReference; fileEncoding = 4; lastKnownFileType = sourcecode.c.h; path = GC_ASICacheDelegate.h; sourceTree = "<group>"; };
		D8AB266217386B0B00436272 /* GC_ASIDataCompressor.h */ = {isa = PBXFileReference; fileEncoding = 4; lastKnownFileType = sourcecode.c.h; path = GC_ASIDataCompressor.h; sourceTree = "<group>"; };
		D8AB266317386B0B00436272 /* GC_ASIDataCompressor.m */ = {isa = PBXFileReference; fileEncoding = 4; lastKnownFileType = sourcecode.c.objc; path = GC_ASIDataCompressor.m; sourceTree = "<group>"; };
		D8AB266417386B0B00436272 /* GC_ASIDataDecompressor.h */ = {isa = PBXFileReference; fileEncoding = 4; lastKnownFileType = sourcecode.c.h; path = GC_ASIDataDecompressor.h; sourceTree = "<group>"; };
		D8AB266517386B0B00436272 /* GC_ASIDataDecompressor.m */ = {isa = PBXFileReference; fileEncoding = 4; lastKnownFileType = sourcecode.c.objc; path = GC_ASIDataDecompressor.m; sourceTree = "<group>"; };
		D8AB266617386B0B00436272 /* GC_ASIDownloadCache.h */ = {isa = PBXFileReference; fileEncoding = 4; lastKnownFileType = sourcecode.c.h; path = GC_ASIDownloadCache.h; sourceTree = "<group>"; };
		D8AB266717386B0B00436272 /* GC_ASIDownloadCache.m */ = {isa = PBXFileReference; fileEncoding = 4; lastKnownFileType = sourcecode.c.objc; path = GC_ASIDownloadCache.m; sourceTree = "<group>"; };
		D8AB266817386B0B00436272 /* GC_ASIFormDataRequest.h */ = {isa = PBXFileReference; fileEncoding = 4; lastKnownFileType = sourcecode.c.h; path = GC_ASIFormDataRequest.h; sourceTree = "<group>"; };
		D8AB266917386B0B00436272 /* GC_ASIFormDataRequest.m */ = {isa = PBXFileReference; fileEncoding = 4; lastKnownFileType = sourcecode.c.objc; path = GC_ASIFormDataRequest.m; sourceTree = "<group>"; };
		D8AB266A17386B0B00436272 /* GC_ASIHTTPRequest.h */ = {isa = PBXFileReference; fileEncoding = 4; lastKnownFileType = sourcecode.c.h; path = GC_ASIHTTPRequest.h; sourceTree = "<group>"; };
		D8AB266B17386B0B00436272 /* GC_ASIHTTPRequest.m */ = {isa = PBXFileReference; fileEncoding = 4; lastKnownFileType = sourcecode.c.objc; path = GC_ASIHTTPRequest.m; sourceTree = "<group>"; };
		D8AB266C17386B0B00436272 /* GC_ASIHTTPRequestConfig.h */ = {isa = PBXFileReference; fileEncoding = 4; lastKnownFileType = sourcecode.c.h; path = GC_ASIHTTPRequestConfig.h; sourceTree = "<group>"; };
		D8AB266D17386B0B00436272 /* GC_ASIHTTPRequestDelegate.h */ = {isa = PBXFileReference; fileEncoding = 4; lastKnownFileType = sourcecode.c.h; path = GC_ASIHTTPRequestDelegate.h; sourceTree = "<group>"; };
		D8AB266E17386B0B00436272 /* GC_ASIInputStream.h */ = {isa = PBXFileReference; fileEncoding = 4; lastKnownFileType = sourcecode.c.h; path = GC_ASIInputStream.h; sourceTree = "<group>"; };
		D8AB266F17386B0B00436272 /* GC_ASIInputStream.m */ = {isa = PBXFileReference; fileEncoding = 4; lastKnownFileType = sourcecode.c.objc; path = GC_ASIInputStream.m; sourceTree = "<group>"; };
		D8AB267017386B0B00436272 /* GC_ASINetworkQueue.h */ = {isa = PBXFileReference; fileEncoding = 4; lastKnownFileType = sourcecode.c.h; path = GC_ASINetworkQueue.h; sourceTree = "<group>"; };
		D8AB267117386B0B00436272 /* GC_ASINetworkQueue.m */ = {isa = PBXFileReference; fileEncoding = 4; lastKnownFileType = sourcecode.c.objc; path = GC_ASINetworkQueue.m; sourceTree = "<group>"; };
		D8AB267217386B0B00436272 /* GC_ASIProgressDelegate.h */ = {isa = PBXFileReference; fileEncoding = 4; lastKnownFileType = sourcecode.c.h; path = GC_ASIProgressDelegate.h; sourceTree = "<group>"; };
		D8AB267417386B0B00436272 /* GC_Reachability.h */ = {isa = PBXFileReference; fileEncoding = 4; lastKnownFileType = sourcecode.c.h; path = GC_Reachability.h; sourceTree = "<group>"; };
		D8AB267517386B0B00436272 /* GC_Reachability.m */ = {isa = PBXFileReference; fileEncoding = 4; lastKnownFileType = sourcecode.c.objc; path = GC_Reachability.m; sourceTree = "<group>"; };
		D8AB267717386B0B00436272 /* NSData+Base64.h */ = {isa = PBXFileReference; fileEncoding = 4; lastKnownFileType = sourcecode.c.h; path = "NSData+Base64.h"; sourceTree = "<group>"; };
		D8AB267817386B0B00436272 /* NSData+Base64.m */ = {isa = PBXFileReference; fileEncoding = 4; lastKnownFileType = sourcecode.c.objc; path = "NSData+Base64.m"; sourceTree = "<group>"; };
		D8AB267917386B0B00436272 /* NSDictionary+QueryString.h */ = {isa = PBXFileReference; fileEncoding = 4; lastKnownFileType = sourcecode.c.h; path = "NSDictionary+QueryString.h"; sourceTree = "<group>"; };
		D8AB267A17386B0B00436272 /* NSDictionary+QueryString.m */ = {isa = PBXFileReference; fileEncoding = 4; lastKnownFileType = sourcecode.c.objc; path = "NSDictionary+QueryString.m"; sourceTree = "<group>"; };
		D8AB267B17386B0B00436272 /* NSString+QueryString.h */ = {isa = PBXFileReference; fileEncoding = 4; lastKnownFileType = sourcecode.c.h; path = "NSString+QueryString.h"; sourceTree = "<group>"; };
		D8AB267C17386B0B00436272 /* NSString+QueryString.m */ = {isa = PBXFileReference; fileEncoding = 4; lastKnownFileType = sourcecode.c.objc; path = "NSString+QueryString.m"; sourceTree = "<group>"; };
		D8AB267E17386B0B00436272 /* GC_KeychainItemWrapper.h */ = {isa = PBXFileReference; fileEncoding = 4; lastKnownFileType = sourcecode.c.h; path = GC_KeychainItemWrapper.h; sourceTree = "<group>"; };
		D8AB267F17386B0B00436272 /* GC_KeychainItemWrapper.m */ = {isa = PBXFileReference; fileEncoding = 4; lastKnownFileType = sourcecode.c.objc; path = GC_KeychainItemWrapper.m; sourceTree = "<group>"; };
		D8AB268117386B0B00436272 /* NSObject+KVOBlockBinding.h */ = {isa = PBXFileReference; fileEncoding = 4; lastKnownFileType = sourcecode.c.h; path = "NSObject+KVOBlockBinding.h"; sourceTree = "<group>"; };
		D8AB268217386B0B00436272 /* NSObject+KVOBlockBinding.m */ = {isa = PBXFileReference; fileEncoding = 4; lastKnownFileType = sourcecode.c.objc; path = "NSObject+KVOBlockBinding.m"; sourceTree = "<group>"; };
		D8AB268417386B0B00436272 /* GC_MBProgressHUD.h */ = {isa = PBXFileReference; fileEncoding = 4; lastKnownFileType = sourcecode.c.h; path = GC_MBProgressHUD.h; sourceTree = "<group>"; };
		D8AB268517386B0B00436272 /* GC_MBProgressHUD.m */ = {isa = PBXFileReference; fileEncoding = 4; lastKnownFileType = sourcecode.c.objc; path = GC_MBProgressHUD.m; sourceTree = "<group>"; };
		D8AB268717386B0B00436272 /* LICENSE */ = {isa = PBXFileReference; fileEncoding = 4; lastKnownFileType = text; path = LICENSE; sourceTree = "<group>"; };
		D8AB268817386B0B00436272 /* README.md */ = {isa = PBXFileReference; fileEncoding = 4; lastKnownFileType = text; path = README.md; sourceTree = "<group>"; };
		D8AB268917386B0B00436272 /* SDImageCache.h */ = {isa = PBXFileReference; fileEncoding = 4; lastKnownFileType = sourcecode.c.h; path = SDImageCache.h; sourceTree = "<group>"; };
		D8AB268A17386B0B00436272 /* SDImageCache.m */ = {isa = PBXFileReference; fileEncoding = 4; lastKnownFileType = sourcecode.c.objc; path = SDImageCache.m; sourceTree = "<group>"; };
		D8AB268B17386B0B00436272 /* SDImageCacheDelegate.h */ = {isa = PBXFileReference; fileEncoding = 4; lastKnownFileType = sourcecode.c.h; path = SDImageCacheDelegate.h; sourceTree = "<group>"; };
		D8AB268C17386B0B00436272 /* SDWebImageCompat.h */ = {isa = PBXFileReference; fileEncoding = 4; lastKnownFileType = sourcecode.c.h; path = SDWebImageCompat.h; sourceTree = "<group>"; };
		D8AB268D17386B0B00436272 /* SDWebImageDecoder.h */ = {isa = PBXFileReference; fileEncoding = 4; lastKnownFileType = sourcecode.c.h; path = SDWebImageDecoder.h; sourceTree = "<group>"; };
		D8AB268E17386B0B00436272 /* SDWebImageDecoder.m */ = {isa = PBXFileReference; fileEncoding = 4; lastKnownFileType = sourcecode.c.objc; path = SDWebImageDecoder.m; sourceTree = "<group>"; };
		D8AB268F17386B0B00436272 /* SDWebImageDownloader.h */ = {isa = PBXFileReference; fileEncoding = 4; lastKnownFileType = sourcecode.c.h; path = SDWebImageDownloader.h; sourceTree = "<group>"; };
		D8AB269017386B0B00436272 /* SDWebImageDownloader.m */ = {isa = PBXFileReference; fileEncoding = 4; lastKnownFileType = sourcecode.c.objc; path = SDWebImageDownloader.m; sourceTree = "<group>"; };
		D8AB269117386B0B00436272 /* SDWebImageDownloaderDelegate.h */ = {isa = PBXFileReference; fileEncoding = 4; lastKnownFileType = sourcecode.c.h; path = SDWebImageDownloaderDelegate.h; sourceTree = "<group>"; };
		D8AB269217386B0B00436272 /* SDWebImageManager.h */ = {isa = PBXFileReference; fileEncoding = 4; lastKnownFileType = sourcecode.c.h; path = SDWebImageManager.h; sourceTree = "<group>"; };
		D8AB269317386B0B00436272 /* SDWebImageManager.m */ = {isa = PBXFileReference; fileEncoding = 4; lastKnownFileType = sourcecode.c.objc; path = SDWebImageManager.m; sourceTree = "<group>"; };
		D8AB269417386B0B00436272 /* SDWebImageManagerDelegate.h */ = {isa = PBXFileReference; fileEncoding = 4; lastKnownFileType = sourcecode.c.h; path = SDWebImageManagerDelegate.h; sourceTree = "<group>"; };
		D8AB269517386B0B00436272 /* SDWebImagePrefetcher.h */ = {isa = PBXFileReference; fileEncoding = 4; lastKnownFileType = sourcecode.c.h; path = SDWebImagePrefetcher.h; sourceTree = "<group>"; };
		D8AB269617386B0B00436272 /* SDWebImagePrefetcher.m */ = {isa = PBXFileReference; fileEncoding = 4; lastKnownFileType = sourcecode.c.objc; path = SDWebImagePrefetcher.m; sourceTree = "<group>"; };
		D8AB269717386B0B00436272 /* UIButton+WebCache.h */ = {isa = PBXFileReference; fileEncoding = 4; lastKnownFileType = sourcecode.c.h; path = "UIButton+WebCache.h"; sourceTree = "<group>"; };
		D8AB269817386B0B00436272 /* UIButton+WebCache.m */ = {isa = PBXFileReference; fileEncoding = 4; lastKnownFileType = sourcecode.c.objc; path = "UIButton+WebCache.m"; sourceTree = "<group>"; };
		D8AB269917386B0B00436272 /* UIImageView+WebCache.h */ = {isa = PBXFileReference; fileEncoding = 4; lastKnownFileType = sourcecode.c.h; path = "UIImageView+WebCache.h"; sourceTree = "<group>"; };
		D8AB269A17386B0B00436272 /* UIImageView+WebCache.m */ = {isa = PBXFileReference; fileEncoding = 4; lastKnownFileType = sourcecode.c.objc; path = "UIImageView+WebCache.m"; sourceTree = "<group>"; };
		D8AB269C17386B0B00436272 /* GCJson.h */ = {isa = PBXFileReference; fileEncoding = 4; lastKnownFileType = sourcecode.c.h; path = GCJson.h; sourceTree = "<group>"; };
		D8AB269D17386B0B00436272 /* GCJsonParser.h */ = {isa = PBXFileReference; fileEncoding = 4; lastKnownFileType = sourcecode.c.h; path = GCJsonParser.h; sourceTree = "<group>"; };
		D8AB269E17386B0B00436272 /* GCJsonParser.m */ = {isa = PBXFileReference; fileEncoding = 4; lastKnownFileType = sourcecode.c.objc; path = GCJsonParser.m; sourceTree = "<group>"; };
		D8AB269F17386B0B00436272 /* GCJsonStreamParser.h */ = {isa = PBXFileReference; fileEncoding = 4; lastKnownFileType = sourcecode.c.h; path = GCJsonStreamParser.h; sourceTree = "<group>"; };
		D8AB26A017386B0B00436272 /* GCJsonStreamParser.m */ = {isa = PBXFileReference; fileEncoding = 4; lastKnownFileType = sourcecode.c.objc; path = GCJsonStreamParser.m; sourceTree = "<group>"; };
		D8AB26A117386B0B00436272 /* GCJsonStreamParserAccumulator.h */ = {isa = PBXFileReference; fileEncoding = 4; lastKnownFileType = sourcecode.c.h; path = GCJsonStreamParserAccumulator.h; sourceTree = "<group>"; };
		D8AB26A217386B0B00436272 /* GCJsonStreamParserAccumulator.m */ = {isa = PBXFileReference; fileEncoding = 4; lastKnownFileType = sourcecode.c.objc; path = GCJsonStreamParserAccumulator.m; sourceTree = "<group>"; };
		D8AB26A317386B0B00436272 /* GCJsonStreamParserAdapter.h */ = {isa = PBXFileReference; fileEncoding = 4; lastKnownFileType = sourcecode.c.h; path = GCJsonStreamParserAdapter.h; sourceTree = "<group>"; };
		D8AB26A417386B0B00436272 /* GCJsonStreamParserAdapter.m */ = {isa = PBXFileReference; fileEncoding = 4; lastKnownFileType = sourcecode.c.objc; path = GCJsonStreamParserAdapter.m; sourceTree = "<group>"; };
		D8AB26A517386B0B00436272 /* GCJsonStreamParserState.h */ = {isa = PBXFileReference; fileEncoding = 4; lastKnownFileType = sourcecode.c.h; path = GCJsonStreamParserState.h; sourceTree = "<group>"; };
		D8AB26A617386B0B00436272 /* GCJsonStreamParserState.m */ = {isa = PBXFileReference; fileEncoding = 4; lastKnownFileType = sourcecode.c.objc; path = GCJsonStreamParserState.m; sourceTree = "<group>"; };
		D8AB26A717386B0B00436272 /* GCJsonStreamWriter.h */ = {isa = PBXFileReference; fileEncoding = 4; lastKnownFileType = sourcecode.c.h; path = GCJsonStreamWriter.h; sourceTree = "<group>"; };
		D8AB26A817386B0B00436272 /* GCJsonStreamWriter.m */ = {isa = PBXFileReference; fileEncoding = 4; lastKnownFileType = sourcecode.c.objc; path = GCJsonStreamWriter.m; sourceTree = "<group>"; };
		D8AB26A917386B0B00436272 /* GCJsonStreamWriterAccumulator.h */ = {isa = PBXFileReference; fileEncoding = 4; lastKnownFileType = sourcecode.c.h; path = GCJsonStreamWriterAccumulator.h; sourceTree = "<group>"; };
		D8AB26AA17386B0B00436272 /* GCJsonStreamWriterAccumulator.m */ = {isa = PBXFileReference; fileEncoding = 4; lastKnownFileType = sourcecode.c.objc; path = GCJsonStreamWriterAccumulator.m; sourceTree = "<group>"; };
		D8AB26AB17386B0B00436272 /* GCJsonStreamWriterState.h */ = {isa = PBXFileReference; fileEncoding = 4; lastKnownFileType = sourcecode.c.h; path = GCJsonStreamWriterState.h; sourceTree = "<group>"; };
		D8AB26AC17386B0B00436272 /* GCJsonStreamWriterState.m */ = {isa = PBXFileReference; fileEncoding = 4; lastKnownFileType = sourcecode.c.objc; path = GCJsonStreamWriterState.m; sourceTree = "<group>"; };
		D8AB26AD17386B0B00436272 /* GCJsonTokeniser.h */ = {isa = PBXFileReference; fileEncoding = 4; lastKnownFileType = sourcecode.c.h; path = GCJsonTokeniser.h; sourceTree = "<group>"; };
		D8AB26AE17386B0B00436272 /* GCJsonTokeniser.m */ = {isa = PBXFileReference; fileEncoding = 4; lastKnownFileType = sourcecode.c.objc; path = GCJsonTokeniser.m; sourceTree = "<group>"; };
		D8AB26AF17386B0B00436272 /* GCJsonUTF8Stream.h */ = {isa = PBXFileReference; fileEncoding = 4; lastKnownFileType = sourcecode.c.h; path = GCJsonUTF8Stream.h; sourceTree = "<group>"; };
		D8AB26B017386B0B00436272 /* GCJsonUTF8Stream.m */ = {isa = PBXFileReference; fileEncoding = 4; lastKnownFileType = sourcecode.c.objc; path = GCJsonUTF8Stream.m; sourceTree = "<group>"; };
		D8AB26B117386B0B00436272 /* GCJsonWriter.h */ = {isa = PBXFileReference; fileEncoding = 4; lastKnownFileType = sourcecode.c.h; path = GCJsonWriter.h; sourceTree = "<group>"; };
		D8AB26B217386B0B00436272 /* GCJsonWriter.m */ = {isa = PBXFileReference; fileEncoding = 4; lastKnownFileType = sourcecode.c.objc; path = GCJsonWriter.m; sourceTree = "<group>"; };
		D8AB26B317386B0B00436272 /* NSObject+GCJson.h */ = {isa = PBXFileReference; fileEncoding = 4; lastKnownFileType = sourcecode.c.h; path = "NSObject+GCJson.h"; sourceTree = "<group>"; };
		D8AB26B417386B0B00436272 /* NSObject+GCJson.m */ = {isa = PBXFileReference; fileEncoding = 4; lastKnownFileType = sourcecode.c.objc; path = "NSObject+GCJson.m"; sourceTree = "<group>"; };
/* End PBXFileReference section */

/* Begin PBXFrameworksBuildPhase section */
		1562856614E8D6EC00FC2F4C /* Frameworks */ = {
			isa = PBXFrameworksBuildPhase;
			buildActionMask = 2147483647;
			files = (
				1562866614E8D79600FC2F4C /* AssetsLibrary.framework in Frameworks */,
				1562866714E8D79600FC2F4C /* CFNetwork.framework in Frameworks */,
				1562866814E8D79600FC2F4C /* EventKit.framework in Frameworks */,
				1562866914E8D79600FC2F4C /* libz.dylib in Frameworks */,
				1562866A14E8D79600FC2F4C /* MessageUI.framework in Frameworks */,
				1562866B14E8D79600FC2F4C /* MobileCoreServices.framework in Frameworks */,
				1562866C14E8D79600FC2F4C /* Security.framework in Frameworks */,
				1562866D14E8D79600FC2F4C /* SystemConfiguration.framework in Frameworks */,
				1562856E14E8D6EC00FC2F4C /* UIKit.framework in Frameworks */,
				1562857014E8D6EC00FC2F4C /* Foundation.framework in Frameworks */,
				1562857214E8D6EC00FC2F4C /* CoreGraphics.framework in Frameworks */,
			);
			runOnlyForDeploymentPostprocessing = 0;
		};
/* End PBXFrameworksBuildPhase section */

/* Begin PBXGroup section */
		15152860150EA05F00218507 /* PhotoPickerPlus */ = {
			isa = PBXGroup;
			children = (
				15152861150EA05F00218507 /* PhotoPickerPlus.h */,
				15152862150EA05F00218507 /* PhotoPickerPlus.m */,
				15152864150EA05F00218507 /* assets */,
			);
			name = PhotoPickerPlus;
			path = ../../PhotoPickerPlus/PhotoPickerPlus;
			sourceTree = "<group>";
		};
		15152864150EA05F00218507 /* assets */ = {
			isa = PBXGroup;
			children = (
				15152866150EA05F00218507 /* facebook.png */,
				15152867150EA05F00218507 /* flickr.png */,
				15152868150EA05F00218507 /* instagram.png */,
				15152869150EA05F00218507 /* picasa.png */,
				1515286A150EA05F00218507 /* selectionIndicator.png */,
				1515286B150EA05F00218507 /* selectionIndicator@2x.png */,
			);
			path = assets;
			sourceTree = "<group>";
		};
		1562855E14E8D6EB00FC2F4C = {
			isa = PBXGroup;
			children = (
				D8AB262817386B0B00436272 /* Chute-SDK */,
				15152860150EA05F00218507 /* PhotoPickerPlus */,
				1562857314E8D6EC00FC2F4C /* ChuteStarterProject */,
				1562856C14E8D6EC00FC2F4C /* Frameworks */,
				1562856A14E8D6EC00FC2F4C /* Products */,
			);
			sourceTree = "<group>";
		};
		1562856A14E8D6EC00FC2F4C /* Products */ = {
			isa = PBXGroup;
			children = (
				1562856914E8D6EC00FC2F4C /* ChuteStarterProject.app */,
			);
			name = Products;
			sourceTree = "<group>";
		};
		1562856C14E8D6EC00FC2F4C /* Frameworks */ = {
			isa = PBXGroup;
			children = (
				1562865E14E8D79600FC2F4C /* AssetsLibrary.framework */,
				1562865F14E8D79600FC2F4C /* CFNetwork.framework */,
				1562866014E8D79600FC2F4C /* EventKit.framework */,
				1562866114E8D79600FC2F4C /* libz.dylib */,
				1562866214E8D79600FC2F4C /* MessageUI.framework */,
				1562866314E8D79600FC2F4C /* MobileCoreServices.framework */,
				1562866414E8D79600FC2F4C /* Security.framework */,
				1562866514E8D79600FC2F4C /* SystemConfiguration.framework */,
				1562856D14E8D6EC00FC2F4C /* UIKit.framework */,
				1562856F14E8D6EC00FC2F4C /* Foundation.framework */,
				1562857114E8D6EC00FC2F4C /* CoreGraphics.framework */,
			);
			name = Frameworks;
			sourceTree = "<group>";
		};
		1562857314E8D6EC00FC2F4C /* ChuteStarterProject */ = {
			isa = PBXGroup;
			children = (
				1562857C14E8D6EC00FC2F4C /* AppDelegate.h */,
				1562857D14E8D6EC00FC2F4C /* AppDelegate.m */,
				1562857F14E8D6EC00FC2F4C /* ViewController.h */,
				1562858014E8D6EC00FC2F4C /* ViewController.m */,
				1562858214E8D6EC00FC2F4C /* ViewController.xib */,
				1562857414E8D6EC00FC2F4C /* Supporting Files */,
			);
			path = ChuteStarterProject;
			sourceTree = "<group>";
		};
		1562857414E8D6EC00FC2F4C /* Supporting Files */ = {
			isa = PBXGroup;
			children = (
				1562857514E8D6EC00FC2F4C /* ChuteStarterProject-Info.plist */,
				1562857614E8D6EC00FC2F4C /* InfoPlist.strings */,
				1562857914E8D6EC00FC2F4C /* main.m */,
				1562857B14E8D6EC00FC2F4C /* ChuteStarterProject-Prefix.pch */,
			);
			name = "Supporting Files";
			sourceTree = "<group>";
		};
		D8AB262817386B0B00436272 /* Chute-SDK */ = {
			isa = PBXGroup;
			children = (
				D8AB262917386B0B00436272 /* Categories */,
				D8AB262E17386B0B00436272 /* Chute-SDK-Prefix.pch */,
				D8AB262F17386B0B00436272 /* Classes */,
				D8AB265617386B0B00436272 /* GCConstants.h */,
				D8AB265717386B0B00436272 /* Include */,
				D8AB265917386B0B00436272 /* Resources */,
				D8AB265D17386B0B00436272 /* Vendor */,
			);
			name = "Chute-SDK";
			path = "../../../Chute-SDK/iOS/Chute-SDK";
			sourceTree = "<group>";
		};
		D8AB262917386B0B00436272 /* Categories */ = {
			isa = PBXGroup;
			children = (
				D8AB262A17386B0B00436272 /* GC_UIImage+Extras.h */,
				D8AB262B17386B0B00436272 /* GC_UIImage+Extras.m */,
				D8AB262C17386B0B00436272 /* NSString+URLEncode.h */,
				D8AB262D17386B0B00436272 /* NSString+URLEncode.m */,
			);
			path = Categories;
			sourceTree = "<group>";
		};
		D8AB262F17386B0B00436272 /* Classes */ = {
			isa = PBXGroup;
			children = (
				D8AB263017386B0B00436272 /* Core */,
				D8AB263E17386B0B00436272 /* Model */,
				D8AB264D17386B0B00436272 /* UI */,
			);
			path = Classes;
			sourceTree = "<group>";
		};
		D8AB263017386B0B00436272 /* Core */ = {
			isa = PBXGroup;
			children = (
				D8AB263117386B0B00436272 /* GCAssetUploader.h */,
				D8AB263217386B0B00436272 /* GCAssetUploader.m */,
				D8AB263317386B0B00436272 /* GCError.h */,
				D8AB263417386B0B00436272 /* GCError.m */,
				D8AB263517386B0B00436272 /* GCMacros.h */,
				D8AB263617386B0B00436272 /* GCRequest.h */,
				D8AB263717386B0B00436272 /* GCRequest.m */,
				D8AB263817386B0B00436272 /* GCResource.h */,
				D8AB263917386B0B00436272 /* GCResource.m */,
				D8AB263A17386B0B00436272 /* GCResponse.h */,
				D8AB263B17386B0B00436272 /* GCResponse.m */,
				D8AB263C17386B0B00436272 /* GCUploader.h */,
				D8AB263D17386B0B00436272 /* GCUploader.m */,
			);
			path = Core;
			sourceTree = "<group>";
		};
		D8AB263E17386B0B00436272 /* Model */ = {
			isa = PBXGroup;
			children = (
				D8AB263F17386B0B00436272 /* GCAccount.h */,
				D8AB264017386B0B00436272 /* GCAccount.m */,
				D8AB264117386B0B00436272 /* GCAsset.h */,
				D8AB264217386B0B00436272 /* GCAsset.m */,
				D8AB264317386B0B00436272 /* GCChute.h */,
				D8AB264417386B0B00436272 /* GCChute.m */,
				D8AB264517386B0B00436272 /* GCComment.h */,
				D8AB264617386B0B00436272 /* GCComment.m */,
				D8AB264717386B0B00436272 /* GCInvite.h */,
				D8AB264817386B0B00436272 /* GCInvite.m */,
				D8AB264917386B0B00436272 /* GCParcel.h */,
				D8AB264A17386B0B00436272 /* GCParcel.m */,
				D8AB264B17386B0B00436272 /* GCUser.h */,
				D8AB264C17386B0B00436272 /* GCUser.m */,
			);
			path = Model;
			sourceTree = "<group>";
		};
		D8AB264D17386B0B00436272 /* UI */ = {
			isa = PBXGroup;
			children = (
				D8AB264E17386B0B00436272 /* GCDateFilteredUploadPicker.h */,
				D8AB264F17386B0B00436272 /* GCDateFilteredUploadPicker.m */,
				D8AB265017386B0B00436272 /* GCEventEmailComponent.h */,
				D8AB265117386B0B00436272 /* GCEventEmailComponent.m */,
				D8AB265217386B0B00436272 /* GCLoginViewController.h */,
				D8AB265317386B0B00436272 /* GCLoginViewController.m */,
				D8AB265417386B0B00436272 /* GCUIBaseViewController.h */,
				D8AB265517386B0B00436272 /* GCUIBaseViewController.m */,
			);
			path = UI;
			sourceTree = "<group>";
		};
		D8AB265717386B0B00436272 /* Include */ = {
			isa = PBXGroup;
			children = (
				D8AB265817386B0B00436272 /* GetChute.h */,
			);
			path = Include;
			sourceTree = "<group>";
		};
		D8AB265917386B0B00436272 /* Resources */ = {
			isa = PBXGroup;
			children = (
				D8AB265A17386B0B00436272 /* XIB */,
			);
			path = Resources;
			sourceTree = "<group>";
		};
		D8AB265A17386B0B00436272 /* XIB */ = {
			isa = PBXGroup;
			children = (
				D8AB265B17386B0B00436272 /* GCDateFilteredUploadPicker.xib */,
				D8AB265C17386B0B00436272 /* GCLoginViewController.xib */,
			);
			path = XIB;
			sourceTree = "<group>";
		};
		D8AB265D17386B0B00436272 /* Vendor */ = {
			isa = PBXGroup;
			children = (
				D8AB265E17386B0B00436272 /* ASIHttpRequest */,
				D8AB267617386B0B00436272 /* Extras */,
				D8AB267D17386B0B00436272 /* Keychain */,
				D8AB268017386B0B00436272 /* KVOBlockBinding */,
				D8AB268317386B0B00436272 /* MBProgressHUD */,
				D8AB268617386B0B00436272 /* rs-SDWebImage-23ae1cb */,
				D8AB269B17386B0B00436272 /* SBJson */,
			);
			path = Vendor;
			sourceTree = "<group>";
		};
		D8AB265E17386B0B00436272 /* ASIHttpRequest */ = {
			isa = PBXGroup;
			children = (
				D8AB265F17386B0B00436272 /* GC_ASIAuthenticationDialog.h */,
				D8AB266017386B0B00436272 /* GC_ASIAuthenticationDialog.m */,
				D8AB266117386B0B00436272 /* GC_ASICacheDelegate.h */,
				D8AB266217386B0B00436272 /* GC_ASIDataCompressor.h */,
				D8AB266317386B0B00436272 /* GC_ASIDataCompressor.m */,
				D8AB266417386B0B00436272 /* GC_ASIDataDecompressor.h */,
				D8AB266517386B0B00436272 /* GC_ASIDataDecompressor.m */,
				D8AB266617386B0B00436272 /* GC_ASIDownloadCache.h */,
				D8AB266717386B0B00436272 /* GC_ASIDownloadCache.m */,
				D8AB266817386B0B00436272 /* GC_ASIFormDataRequest.h */,
				D8AB266917386B0B00436272 /* GC_ASIFormDataRequest.m */,
				D8AB266A17386B0B00436272 /* GC_ASIHTTPRequest.h */,
				D8AB266B17386B0B00436272 /* GC_ASIHTTPRequest.m */,
				D8AB266C17386B0B00436272 /* GC_ASIHTTPRequestConfig.h */,
				D8AB266D17386B0B00436272 /* GC_ASIHTTPRequestDelegate.h */,
				D8AB266E17386B0B00436272 /* GC_ASIInputStream.h */,
				D8AB266F17386B0B00436272 /* GC_ASIInputStream.m */,
				D8AB267017386B0B00436272 /* GC_ASINetworkQueue.h */,
				D8AB267117386B0B00436272 /* GC_ASINetworkQueue.m */,
				D8AB267217386B0B00436272 /* GC_ASIProgressDelegate.h */,
				D8AB267317386B0B00436272 /* Reachability */,
			);
			path = ASIHttpRequest;
			sourceTree = "<group>";
		};
		D8AB267317386B0B00436272 /* Reachability */ = {
			isa = PBXGroup;
			children = (
				D8AB267417386B0B00436272 /* GC_Reachability.h */,
				D8AB267517386B0B00436272 /* GC_Reachability.m */,
			);
			path = Reachability;
			sourceTree = "<group>";
		};
		D8AB267617386B0B00436272 /* Extras */ = {
			isa = PBXGroup;
			children = (
				D8AB267717386B0B00436272 /* NSData+Base64.h */,
				D8AB267817386B0B00436272 /* NSData+Base64.m */,
				D8AB267917386B0B00436272 /* NSDictionary+QueryString.h */,
				D8AB267A17386B0B00436272 /* NSDictionary+QueryString.m */,
				D8AB267B17386B0B00436272 /* NSString+QueryString.h */,
				D8AB267C17386B0B00436272 /* NSString+QueryString.m */,
			);
			path = Extras;
			sourceTree = "<group>";
		};
		D8AB267D17386B0B00436272 /* Keychain */ = {
			isa = PBXGroup;
			children = (
				D8AB267E17386B0B00436272 /* GC_KeychainItemWrapper.h */,
				D8AB267F17386B0B00436272 /* GC_KeychainItemWrapper.m */,
			);
			path = Keychain;
			sourceTree = "<group>";
		};
		D8AB268017386B0B00436272 /* KVOBlockBinding */ = {
			isa = PBXGroup;
			children = (
				D8AB268117386B0B00436272 /* NSObject+KVOBlockBinding.h */,
				D8AB268217386B0B00436272 /* NSObject+KVOBlockBinding.m */,
			);
			path = KVOBlockBinding;
			sourceTree = "<group>";
		};
		D8AB268317386B0B00436272 /* MBProgressHUD */ = {
			isa = PBXGroup;
			children = (
				D8AB268417386B0B00436272 /* GC_MBProgressHUD.h */,
				D8AB268517386B0B00436272 /* GC_MBProgressHUD.m */,
			);
			path = MBProgressHUD;
			sourceTree = "<group>";
		};
		D8AB268617386B0B00436272 /* rs-SDWebImage-23ae1cb */ = {
			isa = PBXGroup;
			children = (
				D8AB268717386B0B00436272 /* LICENSE */,
				D8AB268817386B0B00436272 /* README.md */,
				D8AB268917386B0B00436272 /* SDImageCache.h */,
				D8AB268A17386B0B00436272 /* SDImageCache.m */,
				D8AB268B17386B0B00436272 /* SDImageCacheDelegate.h */,
				D8AB268C17386B0B00436272 /* SDWebImageCompat.h */,
				D8AB268D17386B0B00436272 /* SDWebImageDecoder.h */,
				D8AB268E17386B0B00436272 /* SDWebImageDecoder.m */,
				D8AB268F17386B0B00436272 /* SDWebImageDownloader.h */,
				D8AB269017386B0B00436272 /* SDWebImageDownloader.m */,
				D8AB269117386B0B00436272 /* SDWebImageDownloaderDelegate.h */,
				D8AB269217386B0B00436272 /* SDWebImageManager.h */,
				D8AB269317386B0B00436272 /* SDWebImageManager.m */,
				D8AB269417386B0B00436272 /* SDWebImageManagerDelegate.h */,
				D8AB269517386B0B00436272 /* SDWebImagePrefetcher.h */,
				D8AB269617386B0B00436272 /* SDWebImagePrefetcher.m */,
				D8AB269717386B0B00436272 /* UIButton+WebCache.h */,
				D8AB269817386B0B00436272 /* UIButton+WebCache.m */,
				D8AB269917386B0B00436272 /* UIImageView+WebCache.h */,
				D8AB269A17386B0B00436272 /* UIImageView+WebCache.m */,
			);
			path = "rs-SDWebImage-23ae1cb";
			sourceTree = "<group>";
		};
		D8AB269B17386B0B00436272 /* SBJson */ = {
			isa = PBXGroup;
			children = (
				D8AB269C17386B0B00436272 /* GCJson.h */,
				D8AB269D17386B0B00436272 /* GCJsonParser.h */,
				D8AB269E17386B0B00436272 /* GCJsonParser.m */,
				D8AB269F17386B0B00436272 /* GCJsonStreamParser.h */,
				D8AB26A017386B0B00436272 /* GCJsonStreamParser.m */,
				D8AB26A117386B0B00436272 /* GCJsonStreamParserAccumulator.h */,
				D8AB26A217386B0B00436272 /* GCJsonStreamParserAccumulator.m */,
				D8AB26A317386B0B00436272 /* GCJsonStreamParserAdapter.h */,
				D8AB26A417386B0B00436272 /* GCJsonStreamParserAdapter.m */,
				D8AB26A517386B0B00436272 /* GCJsonStreamParserState.h */,
				D8AB26A617386B0B00436272 /* GCJsonStreamParserState.m */,
				D8AB26A717386B0B00436272 /* GCJsonStreamWriter.h */,
				D8AB26A817386B0B00436272 /* GCJsonStreamWriter.m */,
				D8AB26A917386B0B00436272 /* GCJsonStreamWriterAccumulator.h */,
				D8AB26AA17386B0B00436272 /* GCJsonStreamWriterAccumulator.m */,
				D8AB26AB17386B0B00436272 /* GCJsonStreamWriterState.h */,
				D8AB26AC17386B0B00436272 /* GCJsonStreamWriterState.m */,
				D8AB26AD17386B0B00436272 /* GCJsonTokeniser.h */,
				D8AB26AE17386B0B00436272 /* GCJsonTokeniser.m */,
				D8AB26AF17386B0B00436272 /* GCJsonUTF8Stream.h */,
				D8AB26B017386B0B00436272 /* GCJsonUTF8Stream.m */,
				D8AB26B117386B0B00436272 /* GCJsonWriter.h */,
				D8AB26B217386B0B00436272 /* GCJsonWriter.m */,
				D8AB26B317386B0B00436272 /* NSObject+GCJson.h */,
				D8AB26B417386B0B00436272 /* NSObject+GCJson.m */,
			);
			path = SBJson;
			sourceTree = "<group>";
		};
/* End PBXGroup section */

/* Begin PBXNativeTarget section */
		1562856814E8D6EC00FC2F4C /* ChuteStarterProject */ = {
			isa = PBXNativeTarget;
			buildConfigurationList = 1562858714E8D6EC00FC2F4C /* Build configuration list for PBXNativeTarget "ChuteStarterProject" */;
			buildPhases = (
				1562856514E8D6EC00FC2F4C /* Sources */,
				1562856614E8D6EC00FC2F4C /* Frameworks */,
				1562856714E8D6EC00FC2F4C /* Resources */,
			);
			buildRules = (
			);
			dependencies = (
			);
			name = ChuteStarterProject;
			productName = ChuteStarterProject;
			productReference = 1562856914E8D6EC00FC2F4C /* ChuteStarterProject.app */;
			productType = "com.apple.product-type.application";
		};
/* End PBXNativeTarget section */

/* Begin PBXProject section */
		1562856014E8D6EB00FC2F4C /* Project object */ = {
			isa = PBXProject;
			attributes = {
				LastUpgradeCheck = 0430;
			};
			buildConfigurationList = 1562856314E8D6EB00FC2F4C /* Build configuration list for PBXProject "ChuteStarterProject" */;
			compatibilityVersion = "Xcode 3.2";
			developmentRegion = English;
			hasScannedForEncodings = 0;
			knownRegions = (
				en,
			);
			mainGroup = 1562855E14E8D6EB00FC2F4C;
			productRefGroup = 1562856A14E8D6EC00FC2F4C /* Products */;
			projectDirPath = "";
			projectRoot = "";
			targets = (
				1562856814E8D6EC00FC2F4C /* ChuteStarterProject */,
			);
		};
/* End PBXProject section */

/* Begin PBXResourcesBuildPhase section */
		1562856714E8D6EC00FC2F4C /* Resources */ = {
			isa = PBXResourcesBuildPhase;
			buildActionMask = 2147483647;
			files = (
				1562857814E8D6EC00FC2F4C /* InfoPlist.strings in Resources */,
				1562858414E8D6EC00FC2F4C /* ViewController.xib in Resources */,
				151528A7150EA05F00218507 /* facebook.png in Resources */,
				151528A8150EA05F00218507 /* flickr.png in Resources */,
				151528A9150EA05F00218507 /* instagram.png in Resources */,
				151528AA150EA05F00218507 /* picasa.png in Resources */,
				151528AB150EA05F00218507 /* selectionIndicator.png in Resources */,
				151528AC150EA05F00218507 /* selectionIndicator@2x.png in Resources */,
				D8AB26C817386B0B00436272 /* GCDateFilteredUploadPicker.xib in Resources */,
				D8AB26C917386B0B00436272 /* GCLoginViewController.xib in Resources */,
				D8AB26D917386B0B00436272 /* LICENSE in Resources */,
				D8AB26DA17386B0B00436272 /* README.md in Resources */,
			);
			runOnlyForDeploymentPostprocessing = 0;
		};
/* End PBXResourcesBuildPhase section */

/* Begin PBXSourcesBuildPhase section */
		1562856514E8D6EC00FC2F4C /* Sources */ = {
			isa = PBXSourcesBuildPhase;
			buildActionMask = 2147483647;
			files = (
				1562857A14E8D6EC00FC2F4C /* main.m in Sources */,
				1562857E14E8D6EC00FC2F4C /* AppDelegate.m in Sources */,
				1562858114E8D6EC00FC2F4C /* ViewController.m in Sources */,
				151528A4150EA05F00218507 /* PhotoPickerPlus.m in Sources */,
				D8AB26B517386B0B00436272 /* GC_UIImage+Extras.m in Sources */,
				D8AB26B617386B0B00436272 /* NSString+URLEncode.m in Sources */,
				D8AB26B717386B0B00436272 /* GCAssetUploader.m in Sources */,
				D8AB26B817386B0B00436272 /* GCError.m in Sources */,
				D8AB26B917386B0B00436272 /* GCRequest.m in Sources */,
				D8AB26BA17386B0B00436272 /* GCResource.m in Sources */,
				D8AB26BB17386B0B00436272 /* GCResponse.m in Sources */,
				D8AB26BC17386B0B00436272 /* GCUploader.m in Sources */,
				D8AB26BD17386B0B00436272 /* GCAccount.m in Sources */,
				D8AB26BE17386B0B00436272 /* GCAsset.m in Sources */,
				D8AB26BF17386B0B00436272 /* GCChute.m in Sources */,
				D8AB26C017386B0B00436272 /* GCComment.m in Sources */,
				D8AB26C117386B0B00436272 /* GCInvite.m in Sources */,
				D8AB26C217386B0B00436272 /* GCParcel.m in Sources */,
				D8AB26C317386B0B00436272 /* GCUser.m in Sources */,
				D8AB26C417386B0B00436272 /* GCDateFilteredUploadPicker.m in Sources */,
				D8AB26C517386B0B00436272 /* GCEventEmailComponent.m in Sources */,
				D8AB26C617386B0B00436272 /* GCLoginViewController.m in Sources */,
				D8AB26C717386B0B00436272 /* GCUIBaseViewController.m in Sources */,
				D8AB26CA17386B0B00436272 /* GC_ASIAuthenticationDialog.m in Sources */,
				D8AB26CB17386B0B00436272 /* GC_ASIDataCompressor.m in Sources */,
				D8AB26CC17386B0B00436272 /* GC_ASIDataDecompressor.m in Sources */,
				D8AB26CD17386B0B00436272 /* GC_ASIDownloadCache.m in Sources */,
				D8AB26CE17386B0B00436272 /* GC_ASIFormDataRequest.m in Sources */,
				D8AB26CF17386B0B00436272 /* GC_ASIHTTPRequest.m in Sources */,
				D8AB26D017386B0B00436272 /* GC_ASIInputStream.m in Sources */,
				D8AB26D117386B0B00436272 /* GC_ASINetworkQueue.m in Sources */,
				D8AB26D217386B0B00436272 /* GC_Reachability.m in Sources */,
				D8AB26D317386B0B00436272 /* NSData+Base64.m in Sources */,
				D8AB26D417386B0B00436272 /* NSDictionary+QueryString.m in Sources */,
				D8AB26D517386B0B00436272 /* NSString+QueryString.m in Sources */,
				D8AB26D617386B0B00436272 /* GC_KeychainItemWrapper.m in Sources */,
				D8AB26D717386B0B00436272 /* NSObject+KVOBlockBinding.m in Sources */,
				D8AB26D817386B0B00436272 /* GC_MBProgressHUD.m in Sources */,
				D8AB26DB17386B0B00436272 /* SDImageCache.m in Sources */,
				D8AB26DC17386B0B00436272 /* SDWebImageDecoder.m in Sources */,
				D8AB26DD17386B0B00436272 /* SDWebImageDownloader.m in Sources */,
				D8AB26DE17386B0B00436272 /* SDWebImageManager.m in Sources */,
				D8AB26DF17386B0B00436272 /* SDWebImagePrefetcher.m in Sources */,
				D8AB26E017386B0B00436272 /* UIButton+WebCache.m in Sources */,
				D8AB26E117386B0B00436272 /* UIImageView+WebCache.m in Sources */,
				D8AB26E217386B0B00436272 /* GCJsonParser.m in Sources */,
				D8AB26E317386B0B00436272 /* GCJsonStreamParser.m in Sources */,
				D8AB26E417386B0B00436272 /* GCJsonStreamParserAccumulator.m in Sources */,
				D8AB26E517386B0B00436272 /* GCJsonStreamParserAdapter.m in Sources */,
				D8AB26E617386B0B00436272 /* GCJsonStreamParserState.m in Sources */,
				D8AB26E717386B0B00436272 /* GCJsonStreamWriter.m in Sources */,
				D8AB26E817386B0B00436272 /* GCJsonStreamWriterAccumulator.m in Sources */,
				D8AB26E917386B0B00436272 /* GCJsonStreamWriterState.m in Sources */,
				D8AB26EA17386B0B00436272 /* GCJsonTokeniser.m in Sources */,
				D8AB26EB17386B0B00436272 /* GCJsonUTF8Stream.m in Sources */,
				D8AB26EC17386B0B00436272 /* GCJsonWriter.m in Sources */,
				D8AB26ED17386B0B00436272 /* NSObject+GCJson.m in Sources */,
			);
			runOnlyForDeploymentPostprocessing = 0;
		};
/* End PBXSourcesBuildPhase section */

/* Begin PBXVariantGroup section */
		1562857614E8D6EC00FC2F4C /* InfoPlist.strings */ = {
			isa = PBXVariantGroup;
			children = (
				1562857714E8D6EC00FC2F4C /* en */,
			);
			name = InfoPlist.strings;
			sourceTree = "<group>";
		};
		1562858214E8D6EC00FC2F4C /* ViewController.xib */ = {
			isa = PBXVariantGroup;
			children = (
				1562858314E8D6EC00FC2F4C /* en */,
			);
			name = ViewController.xib;
			sourceTree = "<group>";
		};
/* End PBXVariantGroup section */

/* Begin XCBuildConfiguration section */
		1562858514E8D6EC00FC2F4C /* Debug */ = {
			isa = XCBuildConfiguration;
			buildSettings = {
				ALWAYS_SEARCH_USER_PATHS = NO;
				ARCHS = "$(ARCHS_STANDARD_32_BIT)";
				"CODE_SIGN_IDENTITY[sdk=iphoneos*]" = "iPhone Developer";
				COPY_PHASE_STRIP = NO;
				GCC_C_LANGUAGE_STANDARD = gnu99;
				GCC_DYNAMIC_NO_PIC = NO;
				GCC_OPTIMIZATION_LEVEL = 0;
				GCC_PREPROCESSOR_DEFINITIONS = (
					"DEBUG=1",
					"$(inherited)",
				);
				GCC_SYMBOLS_PRIVATE_EXTERN = NO;
				GCC_VERSION = com.apple.compilers.llvm.clang.1_0;
				GCC_WARN_ABOUT_MISSING_PROTOTYPES = YES;
				GCC_WARN_ABOUT_RETURN_TYPE = YES;
				GCC_WARN_UNUSED_VARIABLE = YES;
				IPHONEOS_DEPLOYMENT_TARGET = 5.1;
				SDKROOT = iphoneos;
			};
			name = Debug;
		};
		1562858614E8D6EC00FC2F4C /* Release */ = {
			isa = XCBuildConfiguration;
			buildSettings = {
				ALWAYS_SEARCH_USER_PATHS = NO;
				ARCHS = "$(ARCHS_STANDARD_32_BIT)";
				"CODE_SIGN_IDENTITY[sdk=iphoneos*]" = "iPhone Developer";
				COPY_PHASE_STRIP = YES;
				GCC_C_LANGUAGE_STANDARD = gnu99;
				GCC_VERSION = com.apple.compilers.llvm.clang.1_0;
				GCC_WARN_ABOUT_MISSING_PROTOTYPES = YES;
				GCC_WARN_ABOUT_RETURN_TYPE = YES;
				GCC_WARN_UNUSED_VARIABLE = YES;
				IPHONEOS_DEPLOYMENT_TARGET = 5.1;
				OTHER_CFLAGS = "-DNS_BLOCK_ASSERTIONS=1";
				SDKROOT = iphoneos;
				VALIDATE_PRODUCT = YES;
			};
			name = Release;
		};
		1562858814E8D6EC00FC2F4C /* Debug */ = {
			isa = XCBuildConfiguration;
			buildSettings = {
				GCC_PRECOMPILE_PREFIX_HEADER = YES;
				GCC_PREFIX_HEADER = "ChuteStarterProject/ChuteStarterProject-Prefix.pch";
				INFOPLIST_FILE = "ChuteStarterProject/ChuteStarterProject-Info.plist";
				PRODUCT_NAME = "$(TARGET_NAME)";
				WRAPPER_EXTENSION = app;
			};
			name = Debug;
		};
		1562858914E8D6EC00FC2F4C /* Release */ = {
			isa = XCBuildConfiguration;
			buildSettings = {
				GCC_PRECOMPILE_PREFIX_HEADER = YES;
				GCC_PREFIX_HEADER = "ChuteStarterProject/ChuteStarterProject-Prefix.pch";
				INFOPLIST_FILE = "ChuteStarterProject/ChuteStarterProject-Info.plist";
				PRODUCT_NAME = "$(TARGET_NAME)";
				WRAPPER_EXTENSION = app;
			};
			name = Release;
		};
/* End XCBuildConfiguration section */

/* Begin XCConfigurationList section */
		1562856314E8D6EB00FC2F4C /* Build configuration list for PBXProject "ChuteStarterProject" */ = {
			isa = XCConfigurationList;
			buildConfigurations = (
				1562858514E8D6EC00FC2F4C /* Debug */,
				1562858614E8D6EC00FC2F4C /* Release */,
			);
			defaultConfigurationIsVisible = 0;
			defaultConfigurationName = Release;
		};
		1562858714E8D6EC00FC2F4C /* Build configuration list for PBXNativeTarget "ChuteStarterProject" */ = {
			isa = XCConfigurationList;
			buildConfigurations = (
				1562858814E8D6EC00FC2F4C /* Debug */,
				1562858914E8D6EC00FC2F4C /* Release */,
			);
			defaultConfigurationIsVisible = 0;
			defaultConfigurationName = Release;
		};
/* End XCConfigurationList section */
	};
	rootObject = 1562856014E8D6EB00FC2F4C /* Project object */;
}
