PODS:
  - AFNetworking (1.3.4)
  - Chute-SDK (2.0.7):
    - AFNetworking (~> 1.3.2)
    - CocoaLumberjack (~> 1.6.2)
    - DCKeyValueObjectMapping (~> 1.4)
    - Lockbox (~> 1.4.3)
    - MBProgressHUD (~> 0.7)
  - CocoaLumberjack (1.6.5.1):
    - CocoaLumberjack/Core (= 1.6.5.1)
    - CocoaLumberjack/Extensions (= 1.6.5.1)
  - CocoaLumberjack/Core (1.6.5.1)
  - CocoaLumberjack/Extensions (1.6.5.1):
    - CocoaLumberjack/Core
  - DCKeyValueObjectMapping (1.4)
  - Lockbox (1.4.9)
  - MBProgressHUD (0.9.1)

DEPENDENCIES:
  - Chute-SDK (= 2.0.7)

SPEC CHECKSUMS:
  AFNetworking: cf8e418e16f0c9c7e5c3150d019a3c679d015018
  Chute-SDK: 178d79d88bbd7f7e75ffb9c9ba0892bcb92f6b55
  CocoaLumberjack: 5e26ebef5a48962d1713ae6cb01da30384f3f14e
  DCKeyValueObjectMapping: 04cd5a338c03ce1c02488926cab6e1d1f704a093
  Lockbox: 3348ce6edd1a44d00fcdb7f32e133a274d604df8
  MBProgressHUD: c47f2c166c126cf2ce36498d80f33e754d4e93ad

COCOAPODS: 0.37.2
